PODS:
  - Alamofire (1.1.4)
  - Bolts (1.1.3)
  - DateTools (1.5.0)
  - Facebook-iOS-SDK (3.22.0):
    - Bolts (~> 1.0)
  - GPUImage (0.1.6)
  - InflectorKit (0.0.1)
  - MagicalRecord (2.2):
    - MagicalRecord/Core (= 2.2)
  - MagicalRecord/Core (2.2)
  - Meteor (0.1.2):
    - InflectorKit
    - PocketSocket
    - SimpleKeychain
  - NSLogger (1.5.1):
    - NSLogger/Standard (= 1.5.1)
  - NSLogger/Standard (1.5.1)
  - PocketSocket (0.6.4)
  - ReactiveCocoa (2.4.4):
    - ReactiveCocoa/UI (= 2.4.4)
  - ReactiveCocoa/Core (2.4.4):
    - ReactiveCocoa/no-arc
  - ReactiveCocoa/no-arc (2.4.4)
  - ReactiveCocoa/UI (2.4.4):
    - ReactiveCocoa/Core
  - Reveal-iOS-SDK (1.0.7)
  - SDWebImage (3.7.1):
    - SDWebImage/Core (= 3.7.1)
  - SDWebImage/Core (3.7.1)
  - SimpleKeychain (0.3.0)
  - Snap (0.0.4)
  - SwiftyJSON (2.1.3)
  - SwipeView (1.3.2)

DEPENDENCIES:
  - Alamofire (~> 1.1)
  - DateTools (~> 1.5)
  - Facebook-iOS-SDK (~> 3.22)
  - GPUImage (~> 0.1.6)
  - MagicalRecord (~> 2.2)
  - Meteor (~> 0.1)
  - NSLogger (~> 1.5)
  - ReactiveCocoa (~> 2.4)
  - Reveal-iOS-SDK (~> 1.0)
  - SDWebImage (~> 3.7)
  - Snap (~> 0.0.4)
  - SwiftyJSON (~> 2.1)
  - SwipeView (~> 1.3)

SPEC CHECKSUMS:
  Alamofire: 524225da382071ee3e6d0badd0ee4b4dc36740de
  Bolts: 3db0a875235e0c9042b013af13af0f00f79b102c
  DateTools: 7df78f0c4719eb28cfd2d58a90fafd036e73156c
  Facebook-iOS-SDK: 0eda8ff7120aada0a9c5f98552f7625da6c3440a
  GPUImage: cecb0830bb9428f50192042e3c7b53810f51388e
  InflectorKit: bb1f5c9feb01d17450b8bcdeb7ab1ef1832b2247
  MagicalRecord: 2b471584fc9e3137f3d0a56967917baa4979e224
  Meteor: 5f620a6d26b2fb79620aec7d9b06951f63968566
  NSLogger: 7421a0a60df62fb8ff548cd0388c302d3329a322
  PocketSocket: 8c18f973e57fd3042d032626654658df0fa2f126
  ReactiveCocoa: 31119068e3dde866bd257cf74e1f06b4023bf387
  Reveal-iOS-SDK: 7ee5e9b37ef13dcd93ae1736c1b72c7c650da3e3
  SDWebImage: 116e88633b5b416ea0ca4b334a4ac59cf72dd38d
  SimpleKeychain: 4758625a53ca89cfae98b4aca8c550d1193292f8
  Snap: 66767e914c2502fac641439b8a281b92f07a0083
  SwiftyJSON: 48be7490a3989a58a3f511cd54167f0a2b466e76
  SwipeView: 0093c212acf3d715b09334c50d568a4418404150

COCOAPODS: 0.36.0.beta.2
