PODS:
  - Bolts (1.1.3)
  - Cartography (0.3.0)
  - CrashlyticsFramework (2.2.9)
  - DateTools (1.5.0)
  - DTFoundation/Core (1.7.5)
  - DTFoundation/DTASN1 (1.7.5):
    - DTFoundation/Core
  - Facebook-iOS-SDK (3.22.0):
    - Bolts (~> 1.0)
  - InflectorKit (0.0.1)
  - JSQMessagesViewController (6.1.3):
    - JSQSystemSoundPlayer (~> 2.0.1)
  - JSQSystemSoundPlayer (2.0.1)
  - Meteor (0.1.2):
    - InflectorKit
    - PocketSocket
    - SimpleKeychain
  - NSLogger (1.5.1):
    - NSLogger/Standard (= 1.5.1)
  - NSLogger/Standard (1.5.1)
  - PocketSocket (0.6.4)
  - ReactiveCocoa (2.4.4):
    - ReactiveCocoa/UI (= 2.4.4)
  - ReactiveCocoa/Core (2.4.4):
    - ReactiveCocoa/no-arc
  - ReactiveCocoa/no-arc (2.4.4)
  - ReactiveCocoa/UI (2.4.4):
    - ReactiveCocoa/Core
  - Reveal-iOS-SDK (1.5.1)
  - SDWebImage (3.7.1):
    - SDWebImage/Core (= 3.7.1)
  - SDWebImage/Core (3.7.1)
  - SimpleKeychain (0.3.0)
  - SugarRecord/Core (1.0.7)
  - SugarRecord/CoreData (1.0.7):
    - SugarRecord/Core
  - SwiftyUserDefaults (1.0.0)
  - SwipeView (1.3.2)
  - TCMobileProvision (1.0.0):
    - DTFoundation/DTASN1 (~> 1.6)

DEPENDENCIES:
  - Cartography (~> 0.3)
  - CrashlyticsFramework (~> 2.2)
  - DateTools (~> 1.5)
  - Facebook-iOS-SDK (~> 3.22)
  - JSQMessagesViewController (~> 6.1)
  - Meteor (~> 0.1)
  - NSLogger (~> 1.5)
  - ReactiveCocoa (~> 2.4)
  - Reveal-iOS-SDK (~> 1.5)
  - SDWebImage (~> 3.7)
  - SugarRecord/CoreData (from `https://github.com/tonyxiao/SugarRecord`)
  - SwiftyUserDefaults (~> 1.0)
  - SwipeView (~> 1.3)
  - TCMobileProvision (from `https://github.com/tonyxiao/TCMobileProvision.git`)

EXTERNAL SOURCES:
  SugarRecord:
    :git: https://github.com/tonyxiao/SugarRecord
  TCMobileProvision:
    :git: https://github.com/tonyxiao/TCMobileProvision.git

CHECKOUT OPTIONS:
  SugarRecord:
    :commit: ecf73acf39e6d2a595f912470e1a54050e0e3eb4
    :git: https://github.com/tonyxiao/SugarRecord
  TCMobileProvision:
    :commit: e6dd3e98ddbd20fc9a87bc648130d0bcab141915
    :git: https://github.com/tonyxiao/TCMobileProvision.git

SPEC CHECKSUMS:
  Bolts: e431c88fd02115d4a34016c2100bbfa4d2d5b146
  Cartography: cfaaaa04e68ecd5566368f99f01898a8eb0819d5
  CrashlyticsFramework: 5a6a8d7a0731bc75c63c3bd3d704962d5d8717cc
  DateTools: b93a2c2017747329c6077c7d7e8a75106e23d0d7
  DTFoundation: 1d28080c20c3da041706545363f8238ab53a6204
  Facebook-iOS-SDK: 141cba3ba6c484380eb38c573110af9e4fbf8962
  InflectorKit: 64497199e6764f4d8337cab7f700a77b13d76a73
  JSQMessagesViewController: 31b79ac9547e060ba96413eb2e1b2ee5260f5189
  JSQSystemSoundPlayer: c5850e77a4363ffd374cd851154b9af93264ed8d
  Meteor: bf6d174608167b138ee44959309e3a8a7561fd83
  NSLogger: 5ed223a2436df96244e033be750656dacdeec034
  PocketSocket: eee7ef375f55b98e7ca79e097d9c61fd688e9494
  ReactiveCocoa: cbe3b5eae464aa72a348a7323996b171728a9e71
  Reveal-iOS-SDK: c9c55cad2729c85f6ced415f1b21857c9a2d8ef9
  SDWebImage: ed3095af2ff88b436426037444979b917f6c5575
  SimpleKeychain: 8de48eb1de10c6403911a6be52e127e5b5d31404
  SugarRecord: 9d55ce666e8161eacdc95c996173eb53eb6d3683
  SwiftyUserDefaults: 76cb548fdbcb0d28c27bfa01e261fd78df65e38f
  SwipeView: bd67cfaf7760c036438446b3ccb28a3b84fce009
  TCMobileProvision: 2a8962b38821a20fad53b9d7851bbc9ae8c52995

COCOAPODS: 0.36.3
