PODS:
  - Amplitude-iOS (2.3.0)
  - Analytics/Amplitude (1.11.3):
    - Amplitude-iOS (= 2.3.0)
    - Analytics/Core-iOS
    - Analytics/Segmentio
  - Analytics/Core-iOS (1.11.3):
    - TRVSDictionaryWithCaseInsensitivity (= 0.0.2)
  - Analytics/Mixpanel (1.11.3):
    - Analytics/Core-iOS
    - Analytics/Segmentio
    - Mixpanel (= 2.6.0)
  - Analytics/Segmentio (1.11.3):
    - Analytics/Core-iOS
  - Bolts (1.2.0):
    - Bolts/AppLinks (= 1.2.0)
    - Bolts/Tasks (= 1.2.0)
  - Bolts/AppLinks (1.2.0):
    - Bolts/Tasks
  - Bolts/Tasks (1.2.0)
  - Cartography (0.5.0)
  - DateTools (1.5.0)
  - DTFoundation/Core (1.7.5)
  - DTFoundation/DTASN1 (1.7.5):
    - DTFoundation/Core
  - EDColor (1.0.0)
  - FBSDKCoreKit (4.2.0):
    - Bolts (~> 1.1)
    - FBSDKCoreKit/arc (= 4.2.0)
    - FBSDKCoreKit/no-arc (= 4.2.0)
  - FBSDKCoreKit/arc (4.2.0):
    - Bolts (~> 1.1)
  - FBSDKCoreKit/no-arc (4.2.0):
    - Bolts (~> 1.1)
    - FBSDKCoreKit/arc
  - FormatterKit/TimeIntervalFormatter (1.8.0)
  - Heap (2.1.5)
  - InflectorKit (0.0.1)
  - INTULocationManager (3.0.3)
  - Meteor (0.1.2):
    - InflectorKit
    - PocketSocket
    - SimpleKeychain
  - Mixpanel (2.6.0):
    - Mixpanel/MPCategoryHelpers (= 2.6.0)
  - Mixpanel/MPCategoryHelpers (2.6.0)
  - Nimble (0.3.1)
  - NSLogger (1.5.1):
    - NSLogger/Standard (= 1.5.1)
  - NSLogger/Standard (1.5.1)
  - PKHUD (2.0.1)
  - PocketSocket (0.6.4)
  - Quick (0.4.0)
  - RBBAnimation (0.3.0)
  - ReactiveCocoa (2.5):
    - ReactiveCocoa/UI (= 2.5)
  - ReactiveCocoa/Core (2.5):
    - ReactiveCocoa/no-arc
  - ReactiveCocoa/no-arc (2.5)
  - ReactiveCocoa/UI (2.5):
    - ReactiveCocoa/Core
  - Reveal-iOS-SDK (1.5.1)
  - SDWebImage (3.7.2):
    - SDWebImage/Core (= 3.7.2)
  - SDWebImage/Core (3.7.2)
  - SimpleKeychain (0.4.0)
  - SugarRecord/Core (1.0.7)
  - SugarRecord/CoreData (1.0.7):
    - SugarRecord/Core
  - SwiftTryCatch (0.0.1)
  - SwiftyUserDefaults (1.1.0)
  - SwipeView (1.3.2)
  - TCMobileProvision (1.0.0):
    - DTFoundation/DTASN1 (~> 1.6)
  - TRVSDictionaryWithCaseInsensitivity (0.0.2)
  - UICollectionViewLeftAlignedLayout (0.0.3)
  - XLForm (2.2.0)

DEPENDENCIES:
  - Analytics/Amplitude (from `https://github.com/tonyxiao/analytics-ios.git`)
  - Analytics/Mixpanel (from `https://github.com/tonyxiao/analytics-ios.git`)
  - Analytics/Segmentio (from `https://github.com/tonyxiao/analytics-ios.git`)
  - Cartography (~> 0.5)
  - DateTools (~> 1.5)
  - EDColor (~> 1.0)
  - FBSDKCoreKit (~> 4.2)
  - FormatterKit/TimeIntervalFormatter (~> 1.8)
  - Heap (~> 2.1)
  - INTULocationManager (~> 3.0)
  - Meteor (from `https://github.com/tonyxiao/meteor-ios`, branch `dev`)
  - Nimble (~> 0.3.0)
  - NSLogger (~> 1.5)
  - PKHUD (from `https://github.com/tonyxiao/PKHUD`)
  - Quick (~> 0.3)
  - RBBAnimation (~> 0.3.0)
  - ReactiveCocoa (~> 2.4)
  - Reveal-iOS-SDK (~> 1.5)
  - SDWebImage (~> 3.7)
  - SugarRecord/CoreData (from `https://github.com/tonyxiao/SugarRecord`, branch `swift-1.2`)
  - SwiftTryCatch (~> 0.0.1)
  - SwiftyUserDefaults (~> 1.1)
  - SwipeView (~> 1.3)
  - TCMobileProvision (from `https://github.com/tonyxiao/TCMobileProvision.git`)
  - UICollectionViewLeftAlignedLayout (~> 0.0.3)
  - XLForm (~> 2.2)

EXTERNAL SOURCES:
  Analytics:
    :git: https://github.com/tonyxiao/analytics-ios.git
  Meteor:
    :branch: dev
    :git: https://github.com/tonyxiao/meteor-ios
  PKHUD:
    :git: https://github.com/tonyxiao/PKHUD
  SugarRecord:
    :branch: swift-1.2
    :git: https://github.com/tonyxiao/SugarRecord
  TCMobileProvision:
    :git: https://github.com/tonyxiao/TCMobileProvision.git

CHECKOUT OPTIONS:
  Analytics:
    :commit: 612b2a34d4da8601a64944a172628420b6227c06
    :git: https://github.com/tonyxiao/analytics-ios.git
  Meteor:
    :commit: 49234e9616f970c12a152ea9ba80e6965760b9ce
    :git: https://github.com/tonyxiao/meteor-ios
  PKHUD:
    :commit: 84626dc4675ef2ce9f729b0ee10b89c722ad21ee
    :git: https://github.com/tonyxiao/PKHUD
  SugarRecord:
    :commit: cb84c39ff5af72c629d4764fc13716bbcea6bdcf
    :git: https://github.com/tonyxiao/SugarRecord
  TCMobileProvision:
    :commit: e6dd3e98ddbd20fc9a87bc648130d0bcab141915
    :git: https://github.com/tonyxiao/TCMobileProvision.git

SPEC CHECKSUMS:
  Amplitude-iOS: f786c0acfd3e8977412a7abce2c49bab1e715a8f
  Analytics: a9e1f3841613ae0edb341fe2819a224d8889e80c
  Bolts: d176cb1e0012175589e389a9db49b85e27787576
  Cartography: 774e5cc446f5a6bca5d4345c5aa6af9a1fe74dc6
  DateTools: b93a2c2017747329c6077c7d7e8a75106e23d0d7
  DTFoundation: 1d28080c20c3da041706545363f8238ab53a6204
  EDColor: c83f9a61f9f9b3c23d541f1feb561558e29cb088
  FBSDKCoreKit: 84b3616a361801f190e43a9909caead7bb6087c7
  FormatterKit: bddde83e054edf9d9ee14f9de3b3a5103db256f4
  Heap: 9d41b3d07bc86c9127364b638c710d854390a113
  InflectorKit: 64497199e6764f4d8337cab7f700a77b13d76a73
  INTULocationManager: e79327803a163f5fec28eb042bb124ed0c6e4876
  Meteor: 1b061243f87a9021492eddbb5d5503aa78b2ef35
  Mixpanel: 488567f7138408f360377dd46e1d189655f8b435
  Nimble: 1b3c765852d63b9540a91e528e1e4f8afab79b6f
  NSLogger: 5ed223a2436df96244e033be750656dacdeec034
  PKHUD: 27346b72187c3cbff20c174f2b1f88c999a4ef13
  PocketSocket: eee7ef375f55b98e7ca79e097d9c61fd688e9494
  Quick: 2286bfff349102670c6d2dafd0d2cefab42f5f0b
  RBBAnimation: cb6cb419f511434ce932f7d0fabf369612fafb4e
  ReactiveCocoa: e2db045570aa97c695e7aa97c2bcab222ae51f4a
  Reveal-iOS-SDK: c9c55cad2729c85f6ced415f1b21857c9a2d8ef9
  SDWebImage: 71b7cdc1d1721d6a82ed62889030225f2c249e29
  SimpleKeychain: ed7fcbc2a235ad6919a3d2385ed4b44ab866d874
  SugarRecord: 9d55ce666e8161eacdc95c996173eb53eb6d3683
  SwiftTryCatch: fb6d2b34abe48efd69578dac919293a44f95b481
  SwiftyUserDefaults: ae600cd466daa1420a058d09aefbf45ccb6caf1e
  SwipeView: bd67cfaf7760c036438446b3ccb28a3b84fce009
  TCMobileProvision: 2a8962b38821a20fad53b9d7851bbc9ae8c52995
  TRVSDictionaryWithCaseInsensitivity: 51d2ccf52c6d645d27b63467a98fa02c556e01b0
  UICollectionViewLeftAlignedLayout: 46396e7c45573544981b9a04a2e25ecacba18774
  XLForm: 799e61ef230f519914e722bf032b19a597223c19

COCOAPODS: 0.37.2
