<?xml version="1.0" encoding="UTF-8"?>
<!DOCTYPE plist PUBLIC "-//Apple//DTD PLIST 1.0//EN" "http://www.apple.com/DTDs/PropertyList-1.0.dtd">
<plist version="1.0">
<dict>
	<key>archiveVersion</key>
	<string>1</string>
	<key>classes</key>
	<dict/>
	<key>objectVersion</key>
	<string>46</string>
	<key>objects</key>
	<dict>
		<key>0686ABB348D06D87DA844419</key>
		<dict>
			<key>includeInIndex</key>
			<string>1</string>
			<key>isa</key>
			<string>PBXFileReference</string>
			<key>lastKnownFileType</key>
			<string>text.xcconfig</string>
			<key>name</key>
			<string>Pods.release.xcconfig</string>
			<key>path</key>
			<string>Pods/Target Support Files/Pods/Pods.release.xcconfig</string>
			<key>sourceTree</key>
			<string>&lt;group&gt;</string>
		</dict>
		<key>22B85F6A287D7401CC82E5E2</key>
		<dict>
			<key>buildActionMask</key>
			<string>2147483647</string>
			<key>files</key>
			<array/>
			<key>inputPaths</key>
			<array/>
			<key>isa</key>
			<string>PBXShellScriptBuildPhase</string>
			<key>name</key>
			<string>Embed Pods Frameworks</string>
			<key>outputPaths</key>
			<array/>
			<key>runOnlyForDeploymentPostprocessing</key>
			<string>0</string>
			<key>shellPath</key>
			<string>/bin/sh</string>
			<key>shellScript</key>
			<string>"${SRCROOT}/Pods/Target Support Files/Pods/Pods-frameworks.sh"
</string>
			<key>showEnvVarsInLog</key>
			<string>0</string>
		</dict>
		<key>2C9F4D1EF3D7E4C4FBB0AEDB</key>
		<dict>
			<key>children</key>
			<array>
				<string>D38E9CB79C25FDAE97BD9D3D</string>
			</array>
			<key>isa</key>
			<string>PBXGroup</string>
			<key>name</key>
			<string>Frameworks</string>
			<key>sourceTree</key>
			<string>&lt;group&gt;</string>
		</dict>
		<key>2CD850D0B9EC2938BA5CEB59</key>
		<dict>
			<key>includeInIndex</key>
			<string>1</string>
			<key>isa</key>
			<string>PBXFileReference</string>
			<key>lastKnownFileType</key>
			<string>text.xcconfig</string>
			<key>name</key>
			<string>Pods.debug.xcconfig</string>
			<key>path</key>
			<string>Pods/Target Support Files/Pods/Pods.debug.xcconfig</string>
			<key>sourceTree</key>
			<string>&lt;group&gt;</string>
		</dict>
		<key>44E19D671B859E037A1401D8</key>
		<dict>
			<key>fileRef</key>
			<string>D38E9CB79C25FDAE97BD9D3D</string>
			<key>isa</key>
			<string>PBXBuildFile</string>
			<key>settings</key>
			<dict>
				<key>ATTRIBUTES</key>
				<array>
					<string>Weak</string>
				</array>
			</dict>
		</dict>
		<key>75FEE40CAC4CCC98BBE5F3A2</key>
		<dict>
			<key>buildActionMask</key>
			<string>2147483647</string>
			<key>files</key>
			<array/>
			<key>inputPaths</key>
			<array/>
			<key>isa</key>
			<string>PBXShellScriptBuildPhase</string>
			<key>name</key>
			<string>Copy Pods Resources</string>
			<key>outputPaths</key>
			<array/>
			<key>runOnlyForDeploymentPostprocessing</key>
			<string>0</string>
			<key>shellPath</key>
			<string>/bin/sh</string>
			<key>shellScript</key>
			<string>"${SRCROOT}/Pods/Target Support Files/Pods/Pods-resources.sh"
</string>
			<key>showEnvVarsInLog</key>
			<string>0</string>
		</dict>
		<key>8DB42EE7C2D8B4A7B282AD75</key>
		<dict>
			<key>buildActionMask</key>
			<string>2147483647</string>
			<key>files</key>
			<array/>
			<key>inputPaths</key>
			<array/>
			<key>isa</key>
			<string>PBXShellScriptBuildPhase</string>
			<key>name</key>
			<string>Check Pods Manifest.lock</string>
			<key>outputPaths</key>
			<array/>
			<key>runOnlyForDeploymentPostprocessing</key>
			<string>0</string>
			<key>shellPath</key>
			<string>/bin/sh</string>
			<key>shellScript</key>
			<string>diff "${PODS_ROOT}/../Podfile.lock" "${PODS_ROOT}/Manifest.lock" &gt; /dev/null
if [[ $? != 0 ]] ; then
    cat &lt;&lt; EOM
error: The sandbox is not in sync with the Podfile.lock. Run 'pod install' or update your CocoaPods installation.
EOM
    exit 1
fi
</string>
			<key>showEnvVarsInLog</key>
			<string>0</string>
		</dict>
		<key>D38E9CB79C25FDAE97BD9D3D</key>
		<dict>
			<key>explicitFileType</key>
			<string>wrapper.framework</string>
			<key>includeInIndex</key>
			<string>0</string>
			<key>isa</key>
			<string>PBXFileReference</string>
			<key>path</key>
			<string>Pods.framework</string>
			<key>sourceTree</key>
			<string>BUILT_PRODUCTS_DIR</string>
		</dict>
		<key>DDD7116BC0015396F5321D26</key>
		<dict>
			<key>children</key>
			<array>
				<string>2CD850D0B9EC2938BA5CEB59</string>
				<string>0686ABB348D06D87DA844419</string>
			</array>
			<key>isa</key>
			<string>PBXGroup</string>
			<key>name</key>
			<string>Pods</string>
			<key>sourceTree</key>
			<string>&lt;group&gt;</string>
		</dict>
		<key>EA5634DE1A7741FF00F62B52</key>
		<dict>
			<key>children</key>
			<array>
				<string>EA5634E21A77428F00F62B52</string>
				<string>EA5634DF1A7741FF00F62B52</string>
			</array>
			<key>isa</key>
			<string>PBXGroup</string>
			<key>path</key>
			<string>Models</string>
			<key>sourceTree</key>
			<string>&lt;group&gt;</string>
		</dict>
		<key>EA5634DF1A7741FF00F62B52</key>
		<dict>
			<key>children</key>
			<array>
				<string>EA5634E01A7741FF00F62B52</string>
			</array>
			<key>currentVersion</key>
			<string>EA5634E01A7741FF00F62B52</string>
			<key>isa</key>
			<string>XCVersionGroup</string>
			<key>path</key>
			<string>Serendipity.xcdatamodeld</string>
			<key>sourceTree</key>
			<string>&lt;group&gt;</string>
			<key>versionGroupType</key>
			<string>wrapper.xcdatamodel</string>
		</dict>
		<key>EA5634E01A7741FF00F62B52</key>
		<dict>
			<key>isa</key>
			<string>PBXFileReference</string>
			<key>lastKnownFileType</key>
			<string>wrapper.xcdatamodel</string>
			<key>path</key>
			<string>Serendipity.xcdatamodel</string>
			<key>sourceTree</key>
			<string>&lt;group&gt;</string>
		</dict>
		<key>EA5634E11A7741FF00F62B52</key>
		<dict>
			<key>fileRef</key>
			<string>EA5634DF1A7741FF00F62B52</string>
			<key>isa</key>
			<string>PBXBuildFile</string>
		</dict>
		<key>EA5634E21A77428F00F62B52</key>
		<dict>
			<key>children</key>
			<array>
				<string>EA5634E31A77428F00F62B52</string>
				<string>EA5634E71A77428F00F62B52</string>
				<string>EA5634E81A77428F00F62B52</string>
				<string>EA5634E91A77428F00F62B52</string>
			</array>
			<key>isa</key>
			<string>PBXGroup</string>
			<key>path</key>
			<string>CoreData</string>
			<key>sourceTree</key>
			<string>&lt;group&gt;</string>
		</dict>
		<key>EA5634E31A77428F00F62B52</key>
		<dict>
			<key>children</key>
			<array>
				<string>EA5634E41A77428F00F62B52</string>
				<string>EA5634E51A77428F00F62B52</string>
				<string>EA5634E61A77428F00F62B52</string>
			</array>
			<key>isa</key>
			<string>PBXGroup</string>
			<key>path</key>
			<string>_Models</string>
			<key>sourceTree</key>
			<string>&lt;group&gt;</string>
		</dict>
		<key>EA5634E41A77428F00F62B52</key>
		<dict>
			<key>fileEncoding</key>
			<string>4</string>
			<key>isa</key>
			<string>PBXFileReference</string>
			<key>lastKnownFileType</key>
			<string>sourcecode.swift</string>
			<key>path</key>
			<string>_Connection.swift</string>
			<key>sourceTree</key>
			<string>&lt;group&gt;</string>
		</dict>
		<key>EA5634E51A77428F00F62B52</key>
		<dict>
			<key>fileEncoding</key>
			<string>4</string>
			<key>isa</key>
			<string>PBXFileReference</string>
			<key>lastKnownFileType</key>
			<string>sourcecode.swift</string>
			<key>path</key>
			<string>_Message.swift</string>
			<key>sourceTree</key>
			<string>&lt;group&gt;</string>
		</dict>
		<key>EA5634E61A77428F00F62B52</key>
		<dict>
			<key>fileEncoding</key>
			<string>4</string>
			<key>isa</key>
			<string>PBXFileReference</string>
			<key>lastKnownFileType</key>
			<string>sourcecode.swift</string>
			<key>path</key>
			<string>_User.swift</string>
			<key>sourceTree</key>
			<string>&lt;group&gt;</string>
		</dict>
		<key>EA5634E71A77428F00F62B52</key>
		<dict>
			<key>fileEncoding</key>
			<string>4</string>
			<key>isa</key>
			<string>PBXFileReference</string>
			<key>lastKnownFileType</key>
			<string>sourcecode.swift</string>
			<key>path</key>
			<string>Connection.swift</string>
			<key>sourceTree</key>
			<string>&lt;group&gt;</string>
		</dict>
		<key>EA5634E81A77428F00F62B52</key>
		<dict>
			<key>fileEncoding</key>
			<string>4</string>
			<key>isa</key>
			<string>PBXFileReference</string>
			<key>lastKnownFileType</key>
			<string>sourcecode.swift</string>
			<key>path</key>
			<string>Message.swift</string>
			<key>sourceTree</key>
			<string>&lt;group&gt;</string>
		</dict>
		<key>EA5634E91A77428F00F62B52</key>
		<dict>
			<key>fileEncoding</key>
			<string>4</string>
			<key>isa</key>
			<string>PBXFileReference</string>
			<key>lastKnownFileType</key>
			<string>sourcecode.swift</string>
			<key>path</key>
			<string>User.swift</string>
			<key>sourceTree</key>
			<string>&lt;group&gt;</string>
		</dict>
		<key>EA5634EA1A77428F00F62B52</key>
		<dict>
			<key>fileRef</key>
			<string>EA5634E41A77428F00F62B52</string>
			<key>isa</key>
			<string>PBXBuildFile</string>
		</dict>
		<key>EA5634EB1A77428F00F62B52</key>
		<dict>
			<key>fileRef</key>
			<string>EA5634E51A77428F00F62B52</string>
			<key>isa</key>
			<string>PBXBuildFile</string>
		</dict>
		<key>EA5634EC1A77428F00F62B52</key>
		<dict>
			<key>fileRef</key>
			<string>EA5634E61A77428F00F62B52</string>
			<key>isa</key>
			<string>PBXBuildFile</string>
		</dict>
		<key>EA5634ED1A77428F00F62B52</key>
		<dict>
			<key>fileRef</key>
			<string>EA5634E71A77428F00F62B52</string>
			<key>isa</key>
			<string>PBXBuildFile</string>
		</dict>
		<key>EA5634EE1A77428F00F62B52</key>
		<dict>
			<key>fileRef</key>
			<string>EA5634E81A77428F00F62B52</string>
			<key>isa</key>
			<string>PBXBuildFile</string>
		</dict>
		<key>EA5634EF1A77428F00F62B52</key>
		<dict>
			<key>fileRef</key>
			<string>EA5634E91A77428F00F62B52</string>
			<key>isa</key>
			<string>PBXBuildFile</string>
		</dict>
		<key>EA9E17DA1A779409001FEE77</key>
		<dict>
			<key>fileEncoding</key>
			<string>4</string>
			<key>isa</key>
			<string>PBXFileReference</string>
			<key>lastKnownFileType</key>
			<string>sourcecode.c.objc</string>
			<key>path</key>
			<string>TestFile.m</string>
			<key>sourceTree</key>
			<string>&lt;group&gt;</string>
		</dict>
		<key>EA9E17DB1A779409001FEE77</key>
		<dict>
			<key>fileRef</key>
			<string>EA9E17DA1A779409001FEE77</string>
			<key>isa</key>
			<string>PBXBuildFile</string>
		</dict>
		<key>EA9E17DC1A779412001FEE77</key>
		<dict>
			<key>isa</key>
			<string>PBXFileReference</string>
			<key>lastKnownFileType</key>
			<string>sourcecode.c.h</string>
			<key>path</key>
			<string>TestFile.h</string>
			<key>sourceTree</key>
			<string>&lt;group&gt;</string>
		</dict>
		<key>EA9F35311A74CC6900E0C65D</key>
		<dict>
			<key>children</key>
			<array>
				<string>EA9F353C1A74CC6900E0C65D</string>
				<string>EA9F35551A74CC6900E0C65D</string>
				<string>EA9F353B1A74CC6900E0C65D</string>
				<string>DDD7116BC0015396F5321D26</string>
				<string>2C9F4D1EF3D7E4C4FBB0AEDB</string>
			</array>
			<key>isa</key>
			<string>PBXGroup</string>
			<key>sourceTree</key>
			<string>&lt;group&gt;</string>
		</dict>
		<key>EA9F35321A74CC6900E0C65D</key>
		<dict>
			<key>attributes</key>
			<dict>
				<key>LastUpgradeCheck</key>
				<string>0610</string>
				<key>ORGANIZATIONNAME</key>
				<string>Serendipity</string>
				<key>TargetAttributes</key>
				<dict>
					<key>EA9F35391A74CC6900E0C65D</key>
					<dict>
						<key>CreatedOnToolsVersion</key>
						<string>6.1.1</string>
					</dict>
					<key>EA9F35511A74CC6900E0C65D</key>
					<dict>
						<key>CreatedOnToolsVersion</key>
						<string>6.1.1</string>
						<key>TestTargetID</key>
						<string>EA9F35391A74CC6900E0C65D</string>
					</dict>
					<key>EAFD13C41A7744F700754556</key>
					<dict>
						<key>CreatedOnToolsVersion</key>
						<string>6.1.1</string>
					</dict>
				</dict>
			</dict>
			<key>buildConfigurationList</key>
			<string>EA9F35351A74CC6900E0C65D</string>
			<key>compatibilityVersion</key>
			<string>Xcode 3.2</string>
			<key>developmentRegion</key>
			<string>English</string>
			<key>hasScannedForEncodings</key>
			<string>0</string>
			<key>isa</key>
			<string>PBXProject</string>
			<key>knownRegions</key>
			<array>
				<string>en</string>
				<string>Base</string>
			</array>
			<key>mainGroup</key>
			<string>EA9F35311A74CC6900E0C65D</string>
			<key>productRefGroup</key>
			<string>EA9F353B1A74CC6900E0C65D</string>
			<key>projectDirPath</key>
			<string></string>
			<key>projectReferences</key>
			<array/>
			<key>projectRoot</key>
			<string></string>
			<key>targets</key>
			<array>
				<string>EA9F35391A74CC6900E0C65D</string>
				<string>EA9F35511A74CC6900E0C65D</string>
				<string>EAFD13C41A7744F700754556</string>
			</array>
		</dict>
		<key>EA9F35351A74CC6900E0C65D</key>
		<dict>
			<key>buildConfigurations</key>
			<array>
				<string>EA9F355A1A74CC6900E0C65D</string>
				<string>EA9F355B1A74CC6900E0C65D</string>
			</array>
			<key>defaultConfigurationIsVisible</key>
			<string>0</string>
			<key>defaultConfigurationName</key>
			<string>Release</string>
			<key>isa</key>
			<string>XCConfigurationList</string>
		</dict>
		<key>EA9F35361A74CC6900E0C65D</key>
		<dict>
			<key>buildActionMask</key>
			<string>2147483647</string>
			<key>files</key>
			<array>
				<string>EA5634EC1A77428F00F62B52</string>
				<string>EAFD13CE1A778BAE00754556</string>
				<string>EAD60A4D1A79BA950051D0B7</string>
				<string>EAF4D7681A79AA5E00D35330</string>
				<string>EAF4D7661A79AA5E00D35330</string>
				<string>EAF4D76A1A79AA5E00D35330</string>
				<string>EAF4D7591A79AA5E00D35330</string>
				<string>EA5634EB1A77428F00F62B52</string>
				<string>EA5634E11A7741FF00F62B52</string>
				<string>EAF4D75D1A79AA5E00D35330</string>
				<string>EAF4D7621A79AA5E00D35330</string>
				<string>EAF4D75F1A79AA5E00D35330</string>
				<string>EA9F35401A74CC6900E0C65D</string>
				<string>EA5634EF1A77428F00F62B52</string>
				<string>EA5634EE1A77428F00F62B52</string>
				<string>EAF4D7641A79AA5E00D35330</string>
				<string>EAF4D75B1A79AA5E00D35330</string>
				<string>EA9E17DB1A779409001FEE77</string>
				<string>EAF4D7611A79AA5E00D35330</string>
				<string>EA5634EA1A77428F00F62B52</string>
				<string>EA5634ED1A77428F00F62B52</string>
			</array>
			<key>isa</key>
			<string>PBXSourcesBuildPhase</string>
			<key>runOnlyForDeploymentPostprocessing</key>
			<string>0</string>
		</dict>
		<key>EA9F35371A74CC6900E0C65D</key>
		<dict>
			<key>buildActionMask</key>
			<string>2147483647</string>
			<key>files</key>
			<array>
				<string>44E19D671B859E037A1401D8</string>
			</array>
			<key>isa</key>
			<string>PBXFrameworksBuildPhase</string>
			<key>runOnlyForDeploymentPostprocessing</key>
			<string>0</string>
		</dict>
		<key>EA9F35381A74CC6900E0C65D</key>
		<dict>
			<key>buildActionMask</key>
			<string>2147483647</string>
			<key>files</key>
			<array>
				<string>EAF4D75A1A79AA5E00D35330</string>
				<string>EAF4D75C1A79AA5E00D35330</string>
				<string>EAF4D7691A79AA5E00D35330</string>
				<string>EAF4D75E1A79AA5E00D35330</string>
				<string>EAD60A4C1A79BA950051D0B7</string>
				<string>EAF4D7581A79AA5E00D35330</string>
				<string>EAF4D7651A79AA5E00D35330</string>
				<string>EAF4D7601A79AA5E00D35330</string>
				<string>EAF4D7631A79AA5E00D35330</string>
				<string>EA9F35481A74CC6900E0C65D</string>
				<string>EAF4D7671A79AA5E00D35330</string>
				<string>EA9F354D1A74CC6900E0C65D</string>
				<string>EA9F354A1A74CC6900E0C65D</string>
			</array>
			<key>isa</key>
			<string>PBXResourcesBuildPhase</string>
			<key>runOnlyForDeploymentPostprocessing</key>
			<string>0</string>
		</dict>
		<key>EA9F35391A74CC6900E0C65D</key>
		<dict>
			<key>buildConfigurationList</key>
			<string>EA9F355C1A74CC6900E0C65D</string>
			<key>buildPhases</key>
			<array>
				<string>8DB42EE7C2D8B4A7B282AD75</string>
				<string>EA9F35361A74CC6900E0C65D</string>
				<string>EA9F35371A74CC6900E0C65D</string>
				<string>EA9F35381A74CC6900E0C65D</string>
				<string>75FEE40CAC4CCC98BBE5F3A2</string>
				<string>22B85F6A287D7401CC82E5E2</string>
			</array>
			<key>buildRules</key>
			<array/>
			<key>dependencies</key>
			<array/>
			<key>isa</key>
			<string>PBXNativeTarget</string>
			<key>name</key>
			<string>Serendipity</string>
			<key>productName</key>
			<string>Serendipity</string>
			<key>productReference</key>
			<string>EA9F353A1A74CC6900E0C65D</string>
			<key>productType</key>
			<string>com.apple.product-type.application</string>
		</dict>
		<key>EA9F353A1A74CC6900E0C65D</key>
		<dict>
			<key>explicitFileType</key>
			<string>wrapper.application</string>
			<key>includeInIndex</key>
			<string>0</string>
			<key>isa</key>
			<string>PBXFileReference</string>
			<key>path</key>
			<string>Serendipity.app</string>
			<key>sourceTree</key>
			<string>BUILT_PRODUCTS_DIR</string>
		</dict>
		<key>EA9F353B1A74CC6900E0C65D</key>
		<dict>
			<key>children</key>
			<array>
				<string>EA9F353A1A74CC6900E0C65D</string>
				<string>EA9F35521A74CC6900E0C65D</string>
			</array>
			<key>isa</key>
			<string>PBXGroup</string>
			<key>name</key>
			<string>Products</string>
			<key>sourceTree</key>
			<string>&lt;group&gt;</string>
		</dict>
		<key>EA9F353C1A74CC6900E0C65D</key>
		<dict>
			<key>children</key>
			<array>
				<string>EAFD13CC1A778BA400754556</string>
				<string>EA5634DE1A7741FF00F62B52</string>
				<string>EAF4D7441A79AA5E00D35330</string>
				<string>EA9F353F1A74CC6900E0C65D</string>
				<string>EA9E17DA1A779409001FEE77</string>
				<string>EA9E17DC1A779412001FEE77</string>
				<string>EA9F35461A74CC6900E0C65D</string>
				<string>EA9F35491A74CC6900E0C65D</string>
				<string>EA9F354B1A74CC6900E0C65D</string>
				<string>EA9F353D1A74CC6900E0C65D</string>
			</array>
			<key>isa</key>
			<string>PBXGroup</string>
			<key>path</key>
			<string>Serendipity</string>
			<key>sourceTree</key>
			<string>&lt;group&gt;</string>
		</dict>
		<key>EA9F353D1A74CC6900E0C65D</key>
		<dict>
			<key>children</key>
			<array>
				<string>EA9F35621A74CD8800E0C65D</string>
				<string>EA9F353E1A74CC6900E0C65D</string>
			</array>
			<key>isa</key>
			<string>PBXGroup</string>
			<key>name</key>
			<string>Supporting Files</string>
			<key>sourceTree</key>
			<string>&lt;group&gt;</string>
		</dict>
		<key>EA9F353E1A74CC6900E0C65D</key>
		<dict>
			<key>isa</key>
			<string>PBXFileReference</string>
			<key>lastKnownFileType</key>
			<string>text.plist.xml</string>
			<key>path</key>
			<string>Info.plist</string>
			<key>sourceTree</key>
			<string>&lt;group&gt;</string>
		</dict>
		<key>EA9F353F1A74CC6900E0C65D</key>
		<dict>
			<key>isa</key>
			<string>PBXFileReference</string>
			<key>lastKnownFileType</key>
			<string>sourcecode.swift</string>
			<key>path</key>
			<string>AppDelegate.swift</string>
			<key>sourceTree</key>
			<string>&lt;group&gt;</string>
		</dict>
		<key>EA9F35401A74CC6900E0C65D</key>
		<dict>
			<key>fileRef</key>
			<string>EA9F353F1A74CC6900E0C65D</string>
			<key>isa</key>
			<string>PBXBuildFile</string>
		</dict>
		<key>EA9F35461A74CC6900E0C65D</key>
		<dict>
			<key>children</key>
			<array>
				<string>EA9F35471A74CC6900E0C65D</string>
			</array>
			<key>isa</key>
			<string>PBXVariantGroup</string>
			<key>name</key>
			<string>Main.storyboard</string>
			<key>sourceTree</key>
			<string>&lt;group&gt;</string>
		</dict>
		<key>EA9F35471A74CC6900E0C65D</key>
		<dict>
			<key>isa</key>
			<string>PBXFileReference</string>
			<key>lastKnownFileType</key>
			<string>file.storyboard</string>
			<key>name</key>
			<string>Base</string>
			<key>path</key>
			<string>Base.lproj/Main.storyboard</string>
			<key>sourceTree</key>
			<string>&lt;group&gt;</string>
		</dict>
		<key>EA9F35481A74CC6900E0C65D</key>
		<dict>
			<key>fileRef</key>
			<string>EA9F35461A74CC6900E0C65D</string>
			<key>isa</key>
			<string>PBXBuildFile</string>
		</dict>
		<key>EA9F35491A74CC6900E0C65D</key>
		<dict>
			<key>isa</key>
			<string>PBXFileReference</string>
			<key>lastKnownFileType</key>
			<string>folder.assetcatalog</string>
			<key>path</key>
			<string>Images.xcassets</string>
			<key>sourceTree</key>
			<string>&lt;group&gt;</string>
		</dict>
		<key>EA9F354A1A74CC6900E0C65D</key>
		<dict>
			<key>fileRef</key>
			<string>EA9F35491A74CC6900E0C65D</string>
			<key>isa</key>
			<string>PBXBuildFile</string>
		</dict>
		<key>EA9F354B1A74CC6900E0C65D</key>
		<dict>
			<key>children</key>
			<array>
				<string>EA9F354C1A74CC6900E0C65D</string>
			</array>
			<key>isa</key>
			<string>PBXVariantGroup</string>
			<key>name</key>
			<string>LaunchScreen.xib</string>
			<key>sourceTree</key>
			<string>&lt;group&gt;</string>
		</dict>
		<key>EA9F354C1A74CC6900E0C65D</key>
		<dict>
			<key>isa</key>
			<string>PBXFileReference</string>
			<key>lastKnownFileType</key>
			<string>file.xib</string>
			<key>name</key>
			<string>Base</string>
			<key>path</key>
			<string>Base.lproj/LaunchScreen.xib</string>
			<key>sourceTree</key>
			<string>&lt;group&gt;</string>
		</dict>
		<key>EA9F354D1A74CC6900E0C65D</key>
		<dict>
			<key>fileRef</key>
			<string>EA9F354B1A74CC6900E0C65D</string>
			<key>isa</key>
			<string>PBXBuildFile</string>
		</dict>
		<key>EA9F354E1A74CC6900E0C65D</key>
		<dict>
			<key>buildActionMask</key>
			<string>2147483647</string>
			<key>files</key>
			<array>
				<string>EA9F35591A74CC6900E0C65D</string>
			</array>
			<key>isa</key>
			<string>PBXSourcesBuildPhase</string>
			<key>runOnlyForDeploymentPostprocessing</key>
			<string>0</string>
		</dict>
		<key>EA9F354F1A74CC6900E0C65D</key>
		<dict>
			<key>buildActionMask</key>
			<string>2147483647</string>
			<key>files</key>
			<array/>
			<key>isa</key>
			<string>PBXFrameworksBuildPhase</string>
			<key>runOnlyForDeploymentPostprocessing</key>
			<string>0</string>
		</dict>
		<key>EA9F35501A74CC6900E0C65D</key>
		<dict>
			<key>buildActionMask</key>
			<string>2147483647</string>
			<key>files</key>
			<array/>
			<key>isa</key>
			<string>PBXResourcesBuildPhase</string>
			<key>runOnlyForDeploymentPostprocessing</key>
			<string>0</string>
		</dict>
		<key>EA9F35511A74CC6900E0C65D</key>
		<dict>
			<key>buildConfigurationList</key>
			<string>EA9F355F1A74CC6900E0C65D</string>
			<key>buildPhases</key>
			<array>
				<string>EA9F354E1A74CC6900E0C65D</string>
				<string>EA9F354F1A74CC6900E0C65D</string>
				<string>EA9F35501A74CC6900E0C65D</string>
			</array>
			<key>buildRules</key>
			<array/>
			<key>dependencies</key>
			<array>
				<string>EA9F35541A74CC6900E0C65D</string>
			</array>
			<key>isa</key>
			<string>PBXNativeTarget</string>
			<key>name</key>
			<string>SerendipityTests</string>
			<key>productName</key>
			<string>SerendipityTests</string>
			<key>productReference</key>
			<string>EA9F35521A74CC6900E0C65D</string>
			<key>productType</key>
			<string>com.apple.product-type.bundle.unit-test</string>
		</dict>
		<key>EA9F35521A74CC6900E0C65D</key>
		<dict>
			<key>explicitFileType</key>
			<string>wrapper.cfbundle</string>
			<key>includeInIndex</key>
			<string>0</string>
			<key>isa</key>
			<string>PBXFileReference</string>
			<key>path</key>
			<string>SerendipityTests.xctest</string>
			<key>sourceTree</key>
			<string>BUILT_PRODUCTS_DIR</string>
		</dict>
		<key>EA9F35531A74CC6900E0C65D</key>
		<dict>
			<key>containerPortal</key>
			<string>EA9F35321A74CC6900E0C65D</string>
			<key>isa</key>
			<string>PBXContainerItemProxy</string>
			<key>proxyType</key>
			<string>1</string>
			<key>remoteGlobalIDString</key>
			<string>EA9F35391A74CC6900E0C65D</string>
			<key>remoteInfo</key>
			<string>Serendipity</string>
		</dict>
		<key>EA9F35541A74CC6900E0C65D</key>
		<dict>
			<key>isa</key>
			<string>PBXTargetDependency</string>
			<key>target</key>
			<string>EA9F35391A74CC6900E0C65D</string>
			<key>targetProxy</key>
			<string>EA9F35531A74CC6900E0C65D</string>
		</dict>
		<key>EA9F35551A74CC6900E0C65D</key>
		<dict>
			<key>children</key>
			<array>
				<string>EA9F35581A74CC6900E0C65D</string>
				<string>EA9F35561A74CC6900E0C65D</string>
			</array>
			<key>isa</key>
			<string>PBXGroup</string>
			<key>path</key>
			<string>SerendipityTests</string>
			<key>sourceTree</key>
			<string>&lt;group&gt;</string>
		</dict>
		<key>EA9F35561A74CC6900E0C65D</key>
		<dict>
			<key>children</key>
			<array>
				<string>EA9F35571A74CC6900E0C65D</string>
			</array>
			<key>isa</key>
			<string>PBXGroup</string>
			<key>name</key>
			<string>Supporting Files</string>
			<key>sourceTree</key>
			<string>&lt;group&gt;</string>
		</dict>
		<key>EA9F35571A74CC6900E0C65D</key>
		<dict>
			<key>isa</key>
			<string>PBXFileReference</string>
			<key>lastKnownFileType</key>
			<string>text.plist.xml</string>
			<key>path</key>
			<string>Info.plist</string>
			<key>sourceTree</key>
			<string>&lt;group&gt;</string>
		</dict>
		<key>EA9F35581A74CC6900E0C65D</key>
		<dict>
			<key>isa</key>
			<string>PBXFileReference</string>
			<key>lastKnownFileType</key>
			<string>sourcecode.swift</string>
			<key>path</key>
			<string>SerendipityTests.swift</string>
			<key>sourceTree</key>
			<string>&lt;group&gt;</string>
		</dict>
		<key>EA9F35591A74CC6900E0C65D</key>
		<dict>
			<key>fileRef</key>
			<string>EA9F35581A74CC6900E0C65D</string>
			<key>isa</key>
			<string>PBXBuildFile</string>
		</dict>
		<key>EA9F355A1A74CC6900E0C65D</key>
		<dict>
			<key>buildSettings</key>
			<dict>
				<key>ALWAYS_SEARCH_USER_PATHS</key>
				<string>NO</string>
				<key>CLANG_CXX_LANGUAGE_STANDARD</key>
				<string>gnu++0x</string>
				<key>CLANG_CXX_LIBRARY</key>
				<string>libc++</string>
				<key>CLANG_ENABLE_MODULES</key>
				<string>YES</string>
				<key>CLANG_ENABLE_OBJC_ARC</key>
				<string>YES</string>
				<key>CLANG_WARN_BOOL_CONVERSION</key>
				<string>YES</string>
				<key>CLANG_WARN_CONSTANT_CONVERSION</key>
				<string>YES</string>
				<key>CLANG_WARN_DIRECT_OBJC_ISA_USAGE</key>
				<string>YES_ERROR</string>
				<key>CLANG_WARN_EMPTY_BODY</key>
				<string>YES</string>
				<key>CLANG_WARN_ENUM_CONVERSION</key>
				<string>YES</string>
				<key>CLANG_WARN_INT_CONVERSION</key>
				<string>YES</string>
				<key>CLANG_WARN_OBJC_ROOT_CLASS</key>
				<string>YES_ERROR</string>
				<key>CLANG_WARN_UNREACHABLE_CODE</key>
				<string>YES</string>
				<key>CLANG_WARN__DUPLICATE_METHOD_MATCH</key>
				<string>YES</string>
				<key>CODE_SIGN_IDENTITY[sdk=iphoneos*]</key>
				<string>iPhone Developer</string>
				<key>COPY_PHASE_STRIP</key>
				<string>NO</string>
				<key>ENABLE_STRICT_OBJC_MSGSEND</key>
				<string>YES</string>
				<key>GCC_C_LANGUAGE_STANDARD</key>
				<string>gnu99</string>
				<key>GCC_DYNAMIC_NO_PIC</key>
				<string>NO</string>
				<key>GCC_OPTIMIZATION_LEVEL</key>
				<string>0</string>
				<key>GCC_PREPROCESSOR_DEFINITIONS</key>
				<array>
					<string>DEBUG=1</string>
					<string>$(inherited)</string>
				</array>
				<key>GCC_SYMBOLS_PRIVATE_EXTERN</key>
				<string>NO</string>
				<key>GCC_WARN_64_TO_32_BIT_CONVERSION</key>
				<string>YES</string>
				<key>GCC_WARN_ABOUT_RETURN_TYPE</key>
				<string>YES_ERROR</string>
				<key>GCC_WARN_UNDECLARED_SELECTOR</key>
				<string>YES</string>
				<key>GCC_WARN_UNINITIALIZED_AUTOS</key>
				<string>YES_AGGRESSIVE</string>
				<key>GCC_WARN_UNUSED_FUNCTION</key>
				<string>YES</string>
				<key>GCC_WARN_UNUSED_VARIABLE</key>
				<string>YES</string>
				<key>IPHONEOS_DEPLOYMENT_TARGET</key>
				<string>8.1</string>
				<key>MTL_ENABLE_DEBUG_INFO</key>
				<string>YES</string>
				<key>ONLY_ACTIVE_ARCH</key>
				<string>YES</string>
				<key>SDKROOT</key>
				<string>iphoneos</string>
				<key>SWIFT_OPTIMIZATION_LEVEL</key>
				<string>-Onone</string>
			</dict>
			<key>isa</key>
			<string>XCBuildConfiguration</string>
			<key>name</key>
			<string>Debug</string>
		</dict>
		<key>EA9F355B1A74CC6900E0C65D</key>
		<dict>
			<key>buildSettings</key>
			<dict>
				<key>ALWAYS_SEARCH_USER_PATHS</key>
				<string>NO</string>
				<key>CLANG_CXX_LANGUAGE_STANDARD</key>
				<string>gnu++0x</string>
				<key>CLANG_CXX_LIBRARY</key>
				<string>libc++</string>
				<key>CLANG_ENABLE_MODULES</key>
				<string>YES</string>
				<key>CLANG_ENABLE_OBJC_ARC</key>
				<string>YES</string>
				<key>CLANG_WARN_BOOL_CONVERSION</key>
				<string>YES</string>
				<key>CLANG_WARN_CONSTANT_CONVERSION</key>
				<string>YES</string>
				<key>CLANG_WARN_DIRECT_OBJC_ISA_USAGE</key>
				<string>YES_ERROR</string>
				<key>CLANG_WARN_EMPTY_BODY</key>
				<string>YES</string>
				<key>CLANG_WARN_ENUM_CONVERSION</key>
				<string>YES</string>
				<key>CLANG_WARN_INT_CONVERSION</key>
				<string>YES</string>
				<key>CLANG_WARN_OBJC_ROOT_CLASS</key>
				<string>YES_ERROR</string>
				<key>CLANG_WARN_UNREACHABLE_CODE</key>
				<string>YES</string>
				<key>CLANG_WARN__DUPLICATE_METHOD_MATCH</key>
				<string>YES</string>
				<key>CODE_SIGN_IDENTITY[sdk=iphoneos*]</key>
				<string>iPhone Developer</string>
				<key>COPY_PHASE_STRIP</key>
				<string>YES</string>
				<key>ENABLE_NS_ASSERTIONS</key>
				<string>NO</string>
				<key>ENABLE_STRICT_OBJC_MSGSEND</key>
				<string>YES</string>
				<key>GCC_C_LANGUAGE_STANDARD</key>
				<string>gnu99</string>
				<key>GCC_WARN_64_TO_32_BIT_CONVERSION</key>
				<string>YES</string>
				<key>GCC_WARN_ABOUT_RETURN_TYPE</key>
				<string>YES_ERROR</string>
				<key>GCC_WARN_UNDECLARED_SELECTOR</key>
				<string>YES</string>
				<key>GCC_WARN_UNINITIALIZED_AUTOS</key>
				<string>YES_AGGRESSIVE</string>
				<key>GCC_WARN_UNUSED_FUNCTION</key>
				<string>YES</string>
				<key>GCC_WARN_UNUSED_VARIABLE</key>
				<string>YES</string>
				<key>IPHONEOS_DEPLOYMENT_TARGET</key>
				<string>8.1</string>
				<key>MTL_ENABLE_DEBUG_INFO</key>
				<string>NO</string>
				<key>SDKROOT</key>
				<string>iphoneos</string>
				<key>VALIDATE_PRODUCT</key>
				<string>YES</string>
			</dict>
			<key>isa</key>
			<string>XCBuildConfiguration</string>
			<key>name</key>
			<string>Release</string>
		</dict>
		<key>EA9F355C1A74CC6900E0C65D</key>
		<dict>
			<key>buildConfigurations</key>
			<array>
				<string>EA9F355D1A74CC6900E0C65D</string>
				<string>EA9F355E1A74CC6900E0C65D</string>
			</array>
			<key>defaultConfigurationIsVisible</key>
			<string>0</string>
			<key>defaultConfigurationName</key>
			<string>Release</string>
			<key>isa</key>
			<string>XCConfigurationList</string>
		</dict>
		<key>EA9F355D1A74CC6900E0C65D</key>
		<dict>
			<key>baseConfigurationReference</key>
			<string>2CD850D0B9EC2938BA5CEB59</string>
			<key>buildSettings</key>
			<dict>
				<key>ASSETCATALOG_COMPILER_APPICON_NAME</key>
				<string>AppIcon</string>
				<key>CLANG_ENABLE_MODULES</key>
				<string>YES</string>
				<key>INFOPLIST_FILE</key>
				<string>Serendipity/Info.plist</string>
				<key>LD_RUNPATH_SEARCH_PATHS</key>
				<string>$(inherited) @executable_path/Frameworks</string>
				<key>PRODUCT_NAME</key>
				<string>$(TARGET_NAME)</string>
				<key>SWIFT_OBJC_BRIDGING_HEADER</key>
				<string>Serendipity-Bridging-Header.h</string>
				<key>SWIFT_OPTIMIZATION_LEVEL</key>
				<string>-Onone</string>
			</dict>
			<key>isa</key>
			<string>XCBuildConfiguration</string>
			<key>name</key>
			<string>Debug</string>
		</dict>
		<key>EA9F355E1A74CC6900E0C65D</key>
		<dict>
			<key>baseConfigurationReference</key>
			<string>0686ABB348D06D87DA844419</string>
			<key>buildSettings</key>
			<dict>
				<key>ASSETCATALOG_COMPILER_APPICON_NAME</key>
				<string>AppIcon</string>
				<key>CLANG_ENABLE_MODULES</key>
				<string>YES</string>
				<key>INFOPLIST_FILE</key>
				<string>Serendipity/Info.plist</string>
				<key>LD_RUNPATH_SEARCH_PATHS</key>
				<string>$(inherited) @executable_path/Frameworks</string>
				<key>PRODUCT_NAME</key>
				<string>$(TARGET_NAME)</string>
				<key>SWIFT_OBJC_BRIDGING_HEADER</key>
				<string>Serendipity-Bridging-Header.h</string>
			</dict>
			<key>isa</key>
			<string>XCBuildConfiguration</string>
			<key>name</key>
			<string>Release</string>
		</dict>
		<key>EA9F355F1A74CC6900E0C65D</key>
		<dict>
			<key>buildConfigurations</key>
			<array>
				<string>EA9F35601A74CC6900E0C65D</string>
				<string>EA9F35611A74CC6900E0C65D</string>
			</array>
			<key>defaultConfigurationIsVisible</key>
			<string>0</string>
			<key>defaultConfigurationName</key>
			<string>Release</string>
			<key>isa</key>
			<string>XCConfigurationList</string>
		</dict>
		<key>EA9F35601A74CC6900E0C65D</key>
		<dict>
			<key>buildSettings</key>
			<dict>
				<key>BUNDLE_LOADER</key>
				<string>$(TEST_HOST)</string>
				<key>FRAMEWORK_SEARCH_PATHS</key>
				<array>
					<string>$(SDKROOT)/Developer/Library/Frameworks</string>
					<string>$(inherited)</string>
				</array>
				<key>GCC_PREPROCESSOR_DEFINITIONS</key>
				<array>
					<string>DEBUG=1</string>
					<string>$(inherited)</string>
				</array>
				<key>INFOPLIST_FILE</key>
				<string>SerendipityTests/Info.plist</string>
				<key>LD_RUNPATH_SEARCH_PATHS</key>
				<string>$(inherited) @executable_path/Frameworks @loader_path/Frameworks</string>
				<key>PRODUCT_NAME</key>
				<string>$(TARGET_NAME)</string>
				<key>TEST_HOST</key>
				<string>$(BUILT_PRODUCTS_DIR)/Serendipity.app/Serendipity</string>
			</dict>
			<key>isa</key>
			<string>XCBuildConfiguration</string>
			<key>name</key>
			<string>Debug</string>
		</dict>
		<key>EA9F35611A74CC6900E0C65D</key>
		<dict>
			<key>buildSettings</key>
			<dict>
				<key>BUNDLE_LOADER</key>
				<string>$(TEST_HOST)</string>
				<key>FRAMEWORK_SEARCH_PATHS</key>
				<array>
					<string>$(SDKROOT)/Developer/Library/Frameworks</string>
					<string>$(inherited)</string>
				</array>
				<key>INFOPLIST_FILE</key>
				<string>SerendipityTests/Info.plist</string>
				<key>LD_RUNPATH_SEARCH_PATHS</key>
				<string>$(inherited) @executable_path/Frameworks @loader_path/Frameworks</string>
				<key>PRODUCT_NAME</key>
				<string>$(TARGET_NAME)</string>
				<key>TEST_HOST</key>
				<string>$(BUILT_PRODUCTS_DIR)/Serendipity.app/Serendipity</string>
			</dict>
			<key>isa</key>
			<string>XCBuildConfiguration</string>
			<key>name</key>
			<string>Release</string>
		</dict>
		<key>EA9F35621A74CD8800E0C65D</key>
		<dict>
			<key>isa</key>
			<string>PBXFileReference</string>
			<key>lastKnownFileType</key>
			<string>sourcecode.c.h</string>
			<key>path</key>
			<string>Serendipity-Bridging-Header.h</string>
			<key>sourceTree</key>
			<string>SOURCE_ROOT</string>
		</dict>
		<key>EAD60A4A1A79BA950051D0B7</key>
		<dict>
			<key>fileEncoding</key>
			<string>4</string>
			<key>isa</key>
			<string>PBXFileReference</string>
			<key>lastKnownFileType</key>
			<string>file.xib</string>
			<key>path</key>
			<string>SettingsView.xib</string>
			<key>sourceTree</key>
			<string>&lt;group&gt;</string>
		</dict>
		<key>EAD60A4B1A79BA950051D0B7</key>
		<dict>
			<key>fileEncoding</key>
			<string>4</string>
			<key>isa</key>
			<string>PBXFileReference</string>
			<key>lastKnownFileType</key>
			<string>sourcecode.swift</string>
			<key>path</key>
			<string>SettingsViewController.swift</string>
			<key>sourceTree</key>
			<string>&lt;group&gt;</string>
		</dict>
		<key>EAD60A4C1A79BA950051D0B7</key>
		<dict>
			<key>fileRef</key>
			<string>EAD60A4A1A79BA950051D0B7</string>
			<key>isa</key>
			<string>PBXBuildFile</string>
		</dict>
		<key>EAD60A4D1A79BA950051D0B7</key>
		<dict>
			<key>fileRef</key>
			<string>EAD60A4B1A79BA950051D0B7</string>
			<key>isa</key>
			<string>PBXBuildFile</string>
		</dict>
		<key>EAF4D7441A79AA5E00D35330</key>
		<dict>
			<key>children</key>
			<array>
				<string>EAF4D74F1A79AA5E00D35330</string>
				<string>EAF4D7451A79AA5E00D35330</string>
				<string>EAF4D7461A79AA5E00D35330</string>
				<string>EAF4D7471A79AA5E00D35330</string>
				<string>EAF4D7481A79AA5E00D35330</string>
				<string>EAF4D7491A79AA5E00D35330</string>
				<string>EAF4D74A1A79AA5E00D35330</string>
				<string>EAF4D74B1A79AA5E00D35330</string>
				<string>EAF4D74C1A79AA5E00D35330</string>
				<string>EAF4D74D1A79AA5E00D35330</string>
				<string>EAF4D74E1A79AA5E00D35330</string>
				<string>EAD60A4A1A79BA950051D0B7</string>
				<string>EAD60A4B1A79BA950051D0B7</string>
				<string>EAF4D7501A79AA5E00D35330</string>
				<string>EAF4D7511A79AA5E00D35330</string>
				<string>EAF4D7521A79AA5E00D35330</string>
				<string>EAF4D7531A79AA5E00D35330</string>
				<string>EAF4D7541A79AA5E00D35330</string>
				<string>EAF4D7551A79AA5E00D35330</string>
				<string>EAF4D7561A79AA5E00D35330</string>
				<string>EAF4D7571A79AA5E00D35330</string>
			</array>
			<key>isa</key>
			<string>PBXGroup</string>
			<key>path</key>
			<string>User Interface</string>
			<key>sourceTree</key>
			<string>&lt;group&gt;</string>
		</dict>
		<key>EAF4D7451A79AA5E00D35330</key>
		<dict>
			<key>fileEncoding</key>
			<string>4</string>
			<key>isa</key>
			<string>PBXFileReference</string>
			<key>lastKnownFileType</key>
			<string>file.xib</string>
			<key>path</key>
			<string>ChatView.xib</string>
			<key>sourceTree</key>
			<string>&lt;group&gt;</string>
		</dict>
		<key>EAF4D7461A79AA5E00D35330</key>
		<dict>
			<key>fileEncoding</key>
			<string>4</string>
			<key>isa</key>
			<string>PBXFileReference</string>
			<key>lastKnownFileType</key>
			<string>sourcecode.swift</string>
			<key>path</key>
			<string>ChatViewController.swift</string>
			<key>sourceTree</key>
			<string>&lt;group&gt;</string>
		</dict>
		<key>EAF4D7471A79AA5E00D35330</key>
		<dict>
			<key>fileEncoding</key>
			<string>4</string>
			<key>isa</key>
			<string>PBXFileReference</string>
			<key>lastKnownFileType</key>
			<string>file.xib</string>
			<key>path</key>
			<string>ConnectionsView.xib</string>
			<key>sourceTree</key>
			<string>&lt;group&gt;</string>
		</dict>
		<key>EAF4D7481A79AA5E00D35330</key>
		<dict>
			<key>fileEncoding</key>
			<string>4</string>
			<key>isa</key>
			<string>PBXFileReference</string>
			<key>lastKnownFileType</key>
			<string>sourcecode.swift</string>
			<key>path</key>
			<string>ConnectionsViewController.swift</string>
			<key>sourceTree</key>
			<string>&lt;group&gt;</string>
		</dict>
		<key>EAF4D7491A79AA5E00D35330</key>
		<dict>
			<key>fileEncoding</key>
			<string>4</string>
			<key>isa</key>
			<string>PBXFileReference</string>
			<key>lastKnownFileType</key>
			<string>file.xib</string>
			<key>path</key>
			<string>DiscoverView.xib</string>
			<key>sourceTree</key>
			<string>&lt;group&gt;</string>
		</dict>
		<key>EAF4D74A1A79AA5E00D35330</key>
		<dict>
			<key>fileEncoding</key>
			<string>4</string>
			<key>isa</key>
			<string>PBXFileReference</string>
			<key>lastKnownFileType</key>
			<string>sourcecode.swift</string>
			<key>path</key>
			<string>DiscoverViewController.swift</string>
			<key>sourceTree</key>
			<string>&lt;group&gt;</string>
		</dict>
		<key>EAF4D74B1A79AA5E00D35330</key>
		<dict>
			<key>fileEncoding</key>
			<string>4</string>
			<key>isa</key>
			<string>PBXFileReference</string>
			<key>lastKnownFileType</key>
			<string>file.xib</string>
			<key>path</key>
			<string>EditProfileView.xib</string>
			<key>sourceTree</key>
			<string>&lt;group&gt;</string>
		</dict>
		<key>EAF4D74C1A79AA5E00D35330</key>
		<dict>
			<key>fileEncoding</key>
			<string>4</string>
			<key>isa</key>
			<string>PBXFileReference</string>
			<key>lastKnownFileType</key>
			<string>sourcecode.swift</string>
			<key>path</key>
			<string>EditProfileViewController.swift</string>
			<key>sourceTree</key>
			<string>&lt;group&gt;</string>
		</dict>
		<key>EAF4D74D1A79AA5E00D35330</key>
		<dict>
			<key>fileEncoding</key>
			<string>4</string>
			<key>isa</key>
			<string>PBXFileReference</string>
			<key>lastKnownFileType</key>
			<string>file.xib</string>
			<key>path</key>
			<string>ProfileView.xib</string>
			<key>sourceTree</key>
			<string>&lt;group&gt;</string>
		</dict>
		<key>EAF4D74E1A79AA5E00D35330</key>
		<dict>
			<key>fileEncoding</key>
			<string>4</string>
			<key>isa</key>
			<string>PBXFileReference</string>
			<key>lastKnownFileType</key>
			<string>sourcecode.swift</string>
			<key>path</key>
			<string>ProfileViewController.swift</string>
			<key>sourceTree</key>
			<string>&lt;group&gt;</string>
		</dict>
		<key>EAF4D74F1A79AA5E00D35330</key>
		<dict>
			<key>fileEncoding</key>
			<string>4</string>
			<key>isa</key>
			<string>PBXFileReference</string>
			<key>lastKnownFileType</key>
			<string>sourcecode.swift</string>
			<key>path</key>
			<string>RootViewController.swift</string>
			<key>sourceTree</key>
			<string>&lt;group&gt;</string>
		</dict>
		<key>EAF4D7501A79AA5E00D35330</key>
		<dict>
			<key>fileEncoding</key>
			<string>4</string>
			<key>isa</key>
			<string>PBXFileReference</string>
			<key>lastKnownFileType</key>
			<string>file.xib</string>
			<key>path</key>
			<string>SignupView.xib</string>
			<key>sourceTree</key>
			<string>&lt;group&gt;</string>
		</dict>
		<key>EAF4D7511A79AA5E00D35330</key>
		<dict>
			<key>fileEncoding</key>
			<string>4</string>
			<key>isa</key>
			<string>PBXFileReference</string>
			<key>lastKnownFileType</key>
			<string>sourcecode.swift</string>
			<key>path</key>
			<string>SignupViewController.swift</string>
			<key>sourceTree</key>
			<string>&lt;group&gt;</string>
		</dict>
		<key>EAF4D7521A79AA5E00D35330</key>
		<dict>
			<key>fileEncoding</key>
			<string>4</string>
			<key>isa</key>
			<string>PBXFileReference</string>
			<key>lastKnownFileType</key>
			<string>file.xib</string>
			<key>path</key>
			<string>StorylineView.xib</string>
			<key>sourceTree</key>
			<string>&lt;group&gt;</string>
		</dict>
		<key>EAF4D7531A79AA5E00D35330</key>
		<dict>
			<key>fileEncoding</key>
			<string>4</string>
			<key>isa</key>
			<string>PBXFileReference</string>
			<key>lastKnownFileType</key>
			<string>sourcecode.swift</string>
			<key>path</key>
			<string>StorylineViewController.swift</string>
			<key>sourceTree</key>
			<string>&lt;group&gt;</string>
		</dict>
		<key>EAF4D7541A79AA5E00D35330</key>
		<dict>
			<key>fileEncoding</key>
			<string>4</string>
			<key>isa</key>
			<string>PBXFileReference</string>
			<key>lastKnownFileType</key>
			<string>file.xib</string>
			<key>path</key>
			<string>VideoPlayerView.xib</string>
			<key>sourceTree</key>
			<string>&lt;group&gt;</string>
		</dict>
		<key>EAF4D7551A79AA5E00D35330</key>
		<dict>
			<key>fileEncoding</key>
			<string>4</string>
			<key>isa</key>
			<string>PBXFileReference</string>
			<key>lastKnownFileType</key>
			<string>sourcecode.swift</string>
			<key>path</key>
			<string>VideoPlayerViewController.swift</string>
			<key>sourceTree</key>
			<string>&lt;group&gt;</string>
		</dict>
		<key>EAF4D7561A79AA5E00D35330</key>
		<dict>
			<key>fileEncoding</key>
			<string>4</string>
			<key>isa</key>
			<string>PBXFileReference</string>
			<key>lastKnownFileType</key>
			<string>file.xib</string>
			<key>path</key>
			<string>VideoRecorderView.xib</string>
			<key>sourceTree</key>
			<string>&lt;group&gt;</string>
		</dict>
		<key>EAF4D7571A79AA5E00D35330</key>
		<dict>
			<key>fileEncoding</key>
			<string>4</string>
			<key>isa</key>
			<string>PBXFileReference</string>
			<key>lastKnownFileType</key>
			<string>sourcecode.swift</string>
			<key>path</key>
			<string>VideoRecorderViewController.swift</string>
			<key>sourceTree</key>
			<string>&lt;group&gt;</string>
		</dict>
		<key>EAF4D7581A79AA5E00D35330</key>
		<dict>
			<key>fileRef</key>
			<string>EAF4D7451A79AA5E00D35330</string>
			<key>isa</key>
			<string>PBXBuildFile</string>
		</dict>
		<key>EAF4D7591A79AA5E00D35330</key>
		<dict>
			<key>fileRef</key>
			<string>EAF4D7461A79AA5E00D35330</string>
			<key>isa</key>
			<string>PBXBuildFile</string>
		</dict>
		<key>EAF4D75A1A79AA5E00D35330</key>
		<dict>
			<key>fileRef</key>
			<string>EAF4D7471A79AA5E00D35330</string>
			<key>isa</key>
			<string>PBXBuildFile</string>
		</dict>
		<key>EAF4D75B1A79AA5E00D35330</key>
		<dict>
			<key>fileRef</key>
			<string>EAF4D7481A79AA5E00D35330</string>
			<key>isa</key>
			<string>PBXBuildFile</string>
		</dict>
		<key>EAF4D75C1A79AA5E00D35330</key>
		<dict>
			<key>fileRef</key>
			<string>EAF4D7491A79AA5E00D35330</string>
			<key>isa</key>
			<string>PBXBuildFile</string>
		</dict>
		<key>EAF4D75D1A79AA5E00D35330</key>
		<dict>
			<key>fileRef</key>
			<string>EAF4D74A1A79AA5E00D35330</string>
			<key>isa</key>
			<string>PBXBuildFile</string>
		</dict>
		<key>EAF4D75E1A79AA5E00D35330</key>
		<dict>
			<key>fileRef</key>
			<string>EAF4D74B1A79AA5E00D35330</string>
			<key>isa</key>
			<string>PBXBuildFile</string>
		</dict>
		<key>EAF4D75F1A79AA5E00D35330</key>
		<dict>
			<key>fileRef</key>
			<string>EAF4D74C1A79AA5E00D35330</string>
			<key>isa</key>
			<string>PBXBuildFile</string>
		</dict>
		<key>EAF4D7601A79AA5E00D35330</key>
		<dict>
			<key>fileRef</key>
			<string>EAF4D74D1A79AA5E00D35330</string>
			<key>isa</key>
			<string>PBXBuildFile</string>
		</dict>
		<key>EAF4D7611A79AA5E00D35330</key>
		<dict>
			<key>fileRef</key>
			<string>EAF4D74E1A79AA5E00D35330</string>
			<key>isa</key>
			<string>PBXBuildFile</string>
		</dict>
		<key>EAF4D7621A79AA5E00D35330</key>
		<dict>
			<key>fileRef</key>
			<string>EAF4D74F1A79AA5E00D35330</string>
			<key>isa</key>
			<string>PBXBuildFile</string>
		</dict>
		<key>EAF4D7631A79AA5E00D35330</key>
		<dict>
			<key>fileRef</key>
			<string>EAF4D7501A79AA5E00D35330</string>
			<key>isa</key>
			<string>PBXBuildFile</string>
		</dict>
		<key>EAF4D7641A79AA5E00D35330</key>
		<dict>
			<key>fileRef</key>
			<string>EAF4D7511A79AA5E00D35330</string>
			<key>isa</key>
			<string>PBXBuildFile</string>
		</dict>
		<key>EAF4D7651A79AA5E00D35330</key>
		<dict>
			<key>fileRef</key>
			<string>EAF4D7521A79AA5E00D35330</string>
			<key>isa</key>
			<string>PBXBuildFile</string>
		</dict>
		<key>EAF4D7661A79AA5E00D35330</key>
		<dict>
			<key>fileRef</key>
			<string>EAF4D7531A79AA5E00D35330</string>
			<key>isa</key>
			<string>PBXBuildFile</string>
		</dict>
		<key>EAF4D7671A79AA5E00D35330</key>
		<dict>
			<key>fileRef</key>
			<string>EAF4D7541A79AA5E00D35330</string>
			<key>isa</key>
			<string>PBXBuildFile</string>
		</dict>
		<key>EAF4D7681A79AA5E00D35330</key>
		<dict>
			<key>fileRef</key>
			<string>EAF4D7551A79AA5E00D35330</string>
			<key>isa</key>
			<string>PBXBuildFile</string>
		</dict>
		<key>EAF4D7691A79AA5E00D35330</key>
		<dict>
			<key>fileRef</key>
			<string>EAF4D7561A79AA5E00D35330</string>
			<key>isa</key>
			<string>PBXBuildFile</string>
		</dict>
		<key>EAF4D76A1A79AA5E00D35330</key>
		<dict>
			<key>fileRef</key>
			<string>EAF4D7571A79AA5E00D35330</string>
			<key>isa</key>
			<string>PBXBuildFile</string>
		</dict>
		<key>EAFD13C41A7744F700754556</key>
		<dict>
			<key>buildConfigurationList</key>
			<string>EAFD13C71A7744F700754556</string>
			<key>buildPhases</key>
			<array>
				<string>EAFD13C81A77450000754556</string>
			</array>
			<key>dependencies</key>
			<array/>
			<key>isa</key>
			<string>PBXAggregateTarget</string>
			<key>name</key>
			<string>Mogenerator</string>
			<key>productName</key>
			<string>Mogenerator</string>
		</dict>
		<key>EAFD13C51A7744F700754556</key>
		<dict>
			<key>buildSettings</key>
			<dict>
				<key>PRODUCT_NAME</key>
				<string>$(TARGET_NAME)</string>
			</dict>
			<key>isa</key>
			<string>XCBuildConfiguration</string>
			<key>name</key>
			<string>Debug</string>
		</dict>
		<key>EAFD13C61A7744F700754556</key>
		<dict>
			<key>buildSettings</key>
			<dict>
				<key>PRODUCT_NAME</key>
				<string>$(TARGET_NAME)</string>
			</dict>
			<key>isa</key>
			<string>XCBuildConfiguration</string>
			<key>name</key>
			<string>Release</string>
		</dict>
		<key>EAFD13C71A7744F700754556</key>
		<dict>
			<key>buildConfigurations</key>
			<array>
				<string>EAFD13C51A7744F700754556</string>
				<string>EAFD13C61A7744F700754556</string>
			</array>
			<key>defaultConfigurationIsVisible</key>
			<string>0</string>
			<key>defaultConfigurationName</key>
			<string>Release</string>
			<key>isa</key>
			<string>XCConfigurationList</string>
		</dict>
		<key>EAFD13C81A77450000754556</key>
		<dict>
			<key>buildActionMask</key>
			<string>2147483647</string>
			<key>files</key>
			<array/>
			<key>inputPaths</key>
			<array/>
			<key>isa</key>
			<string>PBXShellScriptBuildPhase</string>
			<key>outputPaths</key>
			<array/>
			<key>runOnlyForDeploymentPostprocessing</key>
			<string>0</string>
			<key>shellPath</key>
			<string>/bin/sh</string>
			<key>shellScript</key>
			<string>PATH=${PATH}:/usr/local/bin:/opt/local/bin
cd Serendipity
mogenerator -m Models/Serendipity.xcdatamodeld/Serendipity.xcdatamodel/ --human-dir Models/CoreData --machine-dir Models/CoreData/_Models --swift
</string>
		</dict>
		<key>EAFD13CC1A778BA400754556</key>
		<dict>
			<key>children</key>
			<array>
				<string>EAFD13CD1A778BAE00754556</string>
			</array>
			<key>isa</key>
			<string>PBXGroup</string>
			<key>path</key>
			<string>Classes</string>
			<key>sourceTree</key>
			<string>&lt;group&gt;</string>
		</dict>
		<key>EAFD13CD1A778BAE00754556</key>
		<dict>
			<key>fileEncoding</key>
			<string>4</string>
			<key>isa</key>
			<string>PBXFileReference</string>
			<key>lastKnownFileType</key>
			<string>sourcecode.swift</string>
			<key>path</key>
			<string>BaseViewController.swift</string>
			<key>sourceTree</key>
			<string>&lt;group&gt;</string>
		</dict>
		<key>EAFD13CE1A778BAE00754556</key>
		<dict>
			<key>fileRef</key>
			<string>EAFD13CD1A778BAE00754556</string>
			<key>isa</key>
			<string>PBXBuildFile</string>
		</dict>
	</dict>
	<key>rootObject</key>
	<string>EA9F35321A74CC6900E0C65D</string>
</dict>
</plist>
