// !$*UTF8*$!
{
	archiveVersion = 1;
	classes = {
	};
	objectVersion = 46;
	objects = {

/* Begin PBXBuildFile section */
		44E19D671B859E037A1401D8 /* Pods.framework in Frameworks */ = {isa = PBXBuildFile; fileRef = D38E9CB79C25FDAE97BD9D3D /* Pods.framework */; settings = {ATTRIBUTES = (Weak, ); }; };
		73CF93567D616177169FDAB1 /* Pods.framework in Frameworks */ = {isa = PBXBuildFile; fileRef = D38E9CB79C25FDAE97BD9D3D /* Pods.framework */; settings = {ATTRIBUTES = (Weak, ); }; };
		EA02CCF21A96ED03004C3009 /* KetchIcon.otf in Resources */ = {isa = PBXBuildFile; fileRef = EA02CCF11A96ED03004C3009 /* KetchIcon.otf */; };
		EA0FC9341A87DE5800D62625 /* MeteorCDStack.swift in Sources */ = {isa = PBXBuildFile; fileRef = EA0FC91F1A87DE5800D62625 /* MeteorCDStack.swift */; };
		EA0FC9351A87DE5800D62625 /* MeteorExtension.swift in Sources */ = {isa = PBXBuildFile; fileRef = EA0FC9201A87DE5800D62625 /* MeteorExtension.swift */; };
		EA0FC9361A87DE5800D62625 /* SugarRecordExtension.swift in Sources */ = {isa = PBXBuildFile; fileRef = EA0FC9211A87DE5800D62625 /* SugarRecordExtension.swift */; };
		EA0FC9381A87DE5800D62625 /* FoundationExtension.swift in Sources */ = {isa = PBXBuildFile; fileRef = EA0FC9231A87DE5800D62625 /* FoundationExtension.swift */; };
		EA0FC9391A87DE5800D62625 /* Logging.swift in Sources */ = {isa = PBXBuildFile; fileRef = EA0FC9241A87DE5800D62625 /* Logging.swift */; };
		EA0FC93A1A87DE5800D62625 /* ReactiveCocoaExtension.swift in Sources */ = {isa = PBXBuildFile; fileRef = EA0FC9251A87DE5800D62625 /* ReactiveCocoaExtension.swift */; };
		EA0FC93C1A87DE5800D62625 /* UIKitExtension.swift in Sources */ = {isa = PBXBuildFile; fileRef = EA0FC9271A87DE5800D62625 /* UIKitExtension.swift */; };
		EA0FC9411A87DE5800D62625 /* ArrayViewModel.swift in Sources */ = {isa = PBXBuildFile; fileRef = EA0FC92F1A87DE5800D62625 /* ArrayViewModel.swift */; };
		EA0FC9421A87DE5800D62625 /* BaseViewModel.swift in Sources */ = {isa = PBXBuildFile; fileRef = EA0FC9301A87DE5800D62625 /* BaseViewModel.swift */; };
		EA0FC9431A87DE5800D62625 /* FetchViewModel.swift in Sources */ = {isa = PBXBuildFile; fileRef = EA0FC9311A87DE5800D62625 /* FetchViewModel.swift */; };
		EA0FC9441A87DE5800D62625 /* ViewProviders.swift in Sources */ = {isa = PBXBuildFile; fileRef = EA0FC9321A87DE5800D62625 /* ViewProviders.swift */; };
		EA0FED411ADDD0C700FC6FCB /* PanInteractor.swift in Sources */ = {isa = PBXBuildFile; fileRef = EA0FED401ADDD0C700FC6FCB /* PanInteractor.swift */; };
		EA1970151A83549300FEBA7F /* ProfileViewController.swift in Sources */ = {isa = PBXBuildFile; fileRef = EA196FFF1A83549300FEBA7F /* ProfileViewController.swift */; };
		EA24C26D1AD8F52000C40AAD /* Metadata.swift in Sources */ = {isa = PBXBuildFile; fileRef = EA24C26C1AD8F52000C40AAD /* Metadata.swift */; };
		EA24C2731AD8F60900C40AAD /* _Candidate.swift in Sources */ = {isa = PBXBuildFile; fileRef = EA24C26F1AD8F60900C40AAD /* _Candidate.swift */; };
		EA24C2741AD8F60900C40AAD /* _Connection.swift in Sources */ = {isa = PBXBuildFile; fileRef = EA24C2701AD8F60900C40AAD /* _Connection.swift */; };
		EA24C2751AD8F60900C40AAD /* _Message.swift in Sources */ = {isa = PBXBuildFile; fileRef = EA24C2711AD8F60900C40AAD /* _Message.swift */; };
		EA24C2761AD8F60900C40AAD /* _User.swift in Sources */ = {isa = PBXBuildFile; fileRef = EA24C2721AD8F60900C40AAD /* _User.swift */; };
		EA2A38E61AD8A141005708D2 /* MeteorService.swift in Sources */ = {isa = PBXBuildFile; fileRef = EA2A38E51AD8A141005708D2 /* MeteorService.swift */; };
		EA2AB70E1A8A00F200D42C6C /* GameViewController.swift in Sources */ = {isa = PBXBuildFile; fileRef = EA2AB70D1A8A00F200D42C6C /* GameViewController.swift */; };
		EA31049B1A99C3850069D6AD /* KetchIcon.swift in Sources */ = {isa = PBXBuildFile; fileRef = EA31049A1A99C3850069D6AD /* KetchIcon.swift */; };
		EA3777721A966EC10055DE99 /* TransatTextBlack.otf in Resources */ = {isa = PBXBuildFile; fileRef = EA37776D1A966EC10055DE99 /* TransatTextBlack.otf */; };
		EA3777731A966EC10055DE99 /* TransatTextBold.otf in Resources */ = {isa = PBXBuildFile; fileRef = EA37776E1A966EC10055DE99 /* TransatTextBold.otf */; };
		EA3777741A966EC10055DE99 /* TransatTextLight.otf in Resources */ = {isa = PBXBuildFile; fileRef = EA37776F1A966EC10055DE99 /* TransatTextLight.otf */; };
		EA3777751A966EC10055DE99 /* TransatTextMedium.otf in Resources */ = {isa = PBXBuildFile; fileRef = EA3777701A966EC10055DE99 /* TransatTextMedium.otf */; };
		EA3777761A966EC10055DE99 /* TransatTextStandard.otf in Resources */ = {isa = PBXBuildFile; fileRef = EA3777711A966EC10055DE99 /* TransatTextStandard.otf */; };
		EA396FF01AB52BF8009EB60B /* PageViewController.swift in Sources */ = {isa = PBXBuildFile; fileRef = EA396FEF1AB52BF8009EB60B /* PageViewController.swift */; };
		EA409D391A8C681A00988B8B /* FacebookExtension.swift in Sources */ = {isa = PBXBuildFile; fileRef = EA409D381A8C681A00988B8B /* FacebookExtension.swift */; };
		EA409D3F1A8C75F600988B8B /* ConnectionCell.swift in Sources */ = {isa = PBXBuildFile; fileRef = EA409D3B1A8C75F600988B8B /* ConnectionCell.swift */; };
		EA409D421A8C75F600988B8B /* DockViewController.swift in Sources */ = {isa = PBXBuildFile; fileRef = EA409D3E1A8C75F600988B8B /* DockViewController.swift */; };
		EA4A66571AA2D9BB0019D601 /* ChoicePlaceholder.swift in Sources */ = {isa = PBXBuildFile; fileRef = EA4A66561AA2D9BB0019D601 /* ChoicePlaceholder.swift */; };
		EA520B881ADCBFE70047B789 /* HomeViewController.swift in Sources */ = {isa = PBXBuildFile; fileRef = EA520B871ADCBFE70047B789 /* HomeViewController.swift */; };
		EA55F1381AD522C60042CBB2 /* NotificationCenter.swift in Sources */ = {isa = PBXBuildFile; fileRef = EA55F1371AD522C60042CBB2 /* NotificationCenter.swift */; };
		EA5634E11A7741FF00F62B52 /* Ketch.xcdatamodeld in Sources */ = {isa = PBXBuildFile; fileRef = EA5634DF1A7741FF00F62B52 /* Ketch.xcdatamodeld */; };
		EA5FCE461AD6077A000D9B93 /* ProgressIndicator.swift in Sources */ = {isa = PBXBuildFile; fileRef = EA5FCE451AD6077A000D9B93 /* ProgressIndicator.swift */; };
		EA5FCE481AD62C1F000D9B93 /* GameTutorialController.swift in Sources */ = {isa = PBXBuildFile; fileRef = EA5FCE471AD62C1F000D9B93 /* GameTutorialController.swift */; };
		EA62A87E1AD98B3C00B5D3D9 /* Images.xcassets in Resources */ = {isa = PBXBuildFile; fileRef = EA62A87D1AD98B3C00B5D3D9 /* Images.xcassets */; };
		EA6650E11AA00999001BA40C /* BaseViews.swift in Sources */ = {isa = PBXBuildFile; fileRef = EA6650E01AA00999001BA40C /* BaseViews.swift */; };
		EA6650E61AA00A82001BA40C /* WaveView.swift in Sources */ = {isa = PBXBuildFile; fileRef = EA6650E31AA00A82001BA40C /* WaveView.swift */; };
		EA6650E81AA00A82001BA40C /* UserAvatarView.swift in Sources */ = {isa = PBXBuildFile; fileRef = EA6650E51AA00A82001BA40C /* UserAvatarView.swift */; };
		EA6650ED1AA00A9C001BA40C /* AccountService.swift in Sources */ = {isa = PBXBuildFile; fileRef = EA6650EB1AA00A9C001BA40C /* AccountService.swift */; };
		EA6650FB1AA00B95001BA40C /* Candidate.swift in Sources */ = {isa = PBXBuildFile; fileRef = EA6650F31AA00B95001BA40C /* Candidate.swift */; };
		EA6650FC1AA00B95001BA40C /* Connection.swift in Sources */ = {isa = PBXBuildFile; fileRef = EA6650F41AA00B95001BA40C /* Connection.swift */; };
		EA6650FD1AA00B95001BA40C /* Message.swift in Sources */ = {isa = PBXBuildFile; fileRef = EA6650F51AA00B95001BA40C /* Message.swift */; };
		EA6650FE1AA00B95001BA40C /* User.swift in Sources */ = {isa = PBXBuildFile; fileRef = EA6650F61AA00B95001BA40C /* User.swift */; };
		EA6E56521AD1FDCE00B12F2B /* WaveTransition.swift in Sources */ = {isa = PBXBuildFile; fileRef = EA6E56511AD1FDCE00B12F2B /* WaveTransition.swift */; };
		EA6E56541AD2152500B12F2B /* BoatSailedViewController.swift in Sources */ = {isa = PBXBuildFile; fileRef = EA6E56531AD2152500B12F2B /* BoatSailedViewController.swift */; };
		EA7004621ACF912A00D0E467 /* Signup.storyboard in Resources */ = {isa = PBXBuildFile; fileRef = EA7004641ACF912A00D0E467 /* Signup.storyboard */; };
		EA72FB1D1AD1805B009F853F /* LoadingViewController.swift in Sources */ = {isa = PBXBuildFile; fileRef = EA72FB1C1AD1805B009F853F /* LoadingViewController.swift */; };
		EA72FB1F1AD180F1009F853F /* NewGameTransition.swift in Sources */ = {isa = PBXBuildFile; fileRef = EA72FB1E1AD180F1009F853F /* NewGameTransition.swift */; };
		EA72FB291AD1B7D5009F853F /* Segue.swift in Sources */ = {isa = PBXBuildFile; fileRef = EA72FB271AD1B7D5009F853F /* Segue.swift */; };
		EA72FB2A1AD1B7D5009F853F /* Transition.swift in Sources */ = {isa = PBXBuildFile; fileRef = EA72FB281AD1B7D5009F853F /* Transition.swift */; };
		EA72FB2C1AD1B7E1009F853F /* ScrollTransition.swift in Sources */ = {isa = PBXBuildFile; fileRef = EA72FB2B1AD1B7E1009F853F /* ScrollTransition.swift */; };
		EA755A321ADDA4D8004B4A1D /* ChatViewController.swift in Sources */ = {isa = PBXBuildFile; fileRef = EA755A2F1ADDA4D8004B4A1D /* ChatViewController.swift */; };
		EA755A331ADDA4D8004B4A1D /* NewConnectionViewController.swift in Sources */ = {isa = PBXBuildFile; fileRef = EA755A301ADDA4D8004B4A1D /* NewConnectionViewController.swift */; };
		EA755A361ADDA591004B4A1D /* PulsingView.swift in Sources */ = {isa = PBXBuildFile; fileRef = EA755A351ADDA591004B4A1D /* PulsingView.swift */; };
		EA755A3A1ADDA5CB004B4A1D /* SandView.swift in Sources */ = {isa = PBXBuildFile; fileRef = EA755A381ADDA5CB004B4A1D /* SandView.swift */; };
		EA755A3B1ADDA5CB004B4A1D /* SettingsViewController.swift in Sources */ = {isa = PBXBuildFile; fileRef = EA755A391ADDA5CB004B4A1D /* SettingsViewController.swift */; };
		EA755A3D1ADDA7DE004B4A1D /* KetchBoatView.swift in Sources */ = {isa = PBXBuildFile; fileRef = EA755A3C1ADDA7DE004B4A1D /* KetchBoatView.swift */; };
		EA7AA3651AA25D21003383BE /* ResourceExtension.swift in Sources */ = {isa = PBXBuildFile; fileRef = EA7AA3641AA25D21003383BE /* ResourceExtension.swift */; };
		EA7AA36B1AA26597003383BE /* SBConstants.swift in Sources */ = {isa = PBXBuildFile; fileRef = EA7AA3681AA26597003383BE /* SBConstants.swift */; };
		EA7AA36C1AA26597003383BE /* StyleKit.swift in Sources */ = {isa = PBXBuildFile; fileRef = EA7AA3691AA26597003383BE /* StyleKit.swift */; };
		EA8EE6CF1AAA0FD100E646EE /* ConnectionCell.xib in Resources */ = {isa = PBXBuildFile; fileRef = EA8EE6CE1AAA0FD100E646EE /* ConnectionCell.xib */; };
		EA925C741AD99ED8008E9F41 /* R.swift in Sources */ = {isa = PBXBuildFile; fileRef = EA925C731AD99ED8008E9F41 /* R.swift */; };
		EA9A6ACC1AAFDE19009EDD6D /* Localizable.strings in Resources */ = {isa = PBXBuildFile; fileRef = EA9A6ACE1AAFDE19009EDD6D /* Localizable.strings */; };
		EA9F35401A74CC6900E0C65D /* AppDelegate.swift in Sources */ = {isa = PBXBuildFile; fileRef = EA9F353F1A74CC6900E0C65D /* AppDelegate.swift */; };
		EA9F35481A74CC6900E0C65D /* Main.storyboard in Resources */ = {isa = PBXBuildFile; fileRef = EA9F35461A74CC6900E0C65D /* Main.storyboard */; };
		EA9F354A1A74CC6900E0C65D /* Ketch.xcassets in Resources */ = {isa = PBXBuildFile; fileRef = EA9F35491A74CC6900E0C65D /* Ketch.xcassets */; };
		EA9F354D1A74CC6900E0C65D /* LaunchScreen.xib in Resources */ = {isa = PBXBuildFile; fileRef = EA9F354B1A74CC6900E0C65D /* LaunchScreen.xib */; };
		EA9F35591A74CC6900E0C65D /* KetchTests.swift in Sources */ = {isa = PBXBuildFile; fileRef = EA9F35581A74CC6900E0C65D /* KetchTests.swift */; };
		EAA36DE01AD1CD4800B30F24 /* TransitionManager.swift in Sources */ = {isa = PBXBuildFile; fileRef = EAA36DDF1AD1CD4800B30F24 /* TransitionManager.swift */; };
		EAA36DE21AD1CE2800B30F24 /* BaseViewController.swift in Sources */ = {isa = PBXBuildFile; fileRef = EAA36DE11AD1CE2800B30F24 /* BaseViewController.swift */; };
		EAAA42871AB24D5F00056EFF /* CandidateBubble.swift in Sources */ = {isa = PBXBuildFile; fileRef = EAAA42861AB24D5F00056EFF /* CandidateBubble.swift */; };
		EAAD921B1ACDEACD0014BA25 /* NewMatchTransition.swift in Sources */ = {isa = PBXBuildFile; fileRef = EAAD921A1ACDEACD0014BA25 /* NewMatchTransition.swift */; };
		EAAD921D1ACF342C0014BA25 /* Environment.swift in Sources */ = {isa = PBXBuildFile; fileRef = EAAD921C1ACF342C0014BA25 /* Environment.swift */; };
		EAAD921F1ACF4EFA0014BA25 /* ProvisioningProfile.swift in Sources */ = {isa = PBXBuildFile; fileRef = EAAD921E1ACF4EFA0014BA25 /* ProvisioningProfile.swift */; };
		EAB79B701AD912EB00D9875A /* PKHUDExtension.swift in Sources */ = {isa = PBXBuildFile; fileRef = EAB79B6F1AD912EB00D9875A /* PKHUDExtension.swift */; };
		EABF2AB31AD04659005880E7 /* InfoPlist.strings in Resources */ = {isa = PBXBuildFile; fileRef = EABF2AB51AD04659005880E7 /* InfoPlist.strings */; };
		EAC8D3F61AA7269F00BCB7B9 /* FetchViewModel.swift in Sources */ = {isa = PBXBuildFile; fileRef = EA0FC9311A87DE5800D62625 /* FetchViewModel.swift */; };
		EAC8D3F71AA7278900BCB7B9 /* ViewProviders.swift in Sources */ = {isa = PBXBuildFile; fileRef = EA0FC9321A87DE5800D62625 /* ViewProviders.swift */; };
		EAC8D3F81AA7289400BCB7B9 /* ArrayViewModel.swift in Sources */ = {isa = PBXBuildFile; fileRef = EA0FC92F1A87DE5800D62625 /* ArrayViewModel.swift */; };
		EACF21641AD707C800938CD0 /* WelcomeViewController.swift in Sources */ = {isa = PBXBuildFile; fileRef = EACF21631AD707C800938CD0 /* WelcomeViewController.swift */; };
		EACF21661AD70CB300938CD0 /* SwiftExtensions.swift in Sources */ = {isa = PBXBuildFile; fileRef = EACF21651AD70CB300938CD0 /* SwiftExtensions.swift */; };
		EACF21681AD7245C00938CD0 /* CloudsViewController.swift in Sources */ = {isa = PBXBuildFile; fileRef = EACF21671AD7245C00938CD0 /* CloudsViewController.swift */; };
		EACF216A1AD7255100938CD0 /* WaitlistViewController.swift in Sources */ = {isa = PBXBuildFile; fileRef = EACF21691AD7255100938CD0 /* WaitlistViewController.swift */; };
		EACF216C1AD73BBA00938CD0 /* PermissionViewControllers.swift in Sources */ = {isa = PBXBuildFile; fileRef = EACF216B1AD73BBA00938CD0 /* PermissionViewControllers.swift */; };
		EACF216E1AD747A900938CD0 /* SignupViewController.swift in Sources */ = {isa = PBXBuildFile; fileRef = EACF216D1AD747A900938CD0 /* SignupViewController.swift */; };
		EAD007FC1AD37236003A260D /* Geometry.swift in Sources */ = {isa = PBXBuildFile; fileRef = EAD007FB1AD37236003A260D /* Geometry.swift */; };
		EAD7B2AB1A9F0BE700FA6740 /* DesignableViews.swift in Sources */ = {isa = PBXBuildFile; fileRef = EAD7B2AA1A9F0BE700FA6740 /* DesignableViews.swift */; };
		EADDC6B11AD493710023DA0A /* FlowService.swift in Sources */ = {isa = PBXBuildFile; fileRef = EADDC6B01AD493710023DA0A /* FlowService.swift */; };
		EAE915321ACAFC890027C936 /* UserDefaults.swift in Sources */ = {isa = PBXBuildFile; fileRef = EAE915311ACAFC890027C936 /* UserDefaults.swift */; };
		EAEB63DB1AD31A4E0002D55C /* Animation.swift in Sources */ = {isa = PBXBuildFile; fileRef = EAEB63DA1AD31A4E0002D55C /* Animation.swift */; };
		EAF195CF1A827FAD00A2F103 /* Ketch-Bridging.m in Sources */ = {isa = PBXBuildFile; fileRef = EAF195CE1A827FAC00A2F103 /* Ketch-Bridging.m */; };
		EAF3A4BF1ACA2191001C2943 /* ProfileInfoCell.xib in Resources */ = {isa = PBXBuildFile; fileRef = EAF3A4BE1ACA2191001C2943 /* ProfileInfoCell.xib */; };
		EAF3A4C11ACA22C2001C2943 /* ProfileInfoCell.swift in Sources */ = {isa = PBXBuildFile; fileRef = EAF3A4C01ACA22C2001C2943 /* ProfileInfoCell.swift */; };
		EAF4D7621A79AA5E00D35330 /* RootViewController.swift in Sources */ = {isa = PBXBuildFile; fileRef = EAF4D74F1A79AA5E00D35330 /* RootViewController.swift */; };
		F95D95DF1A84A1170068F090 /* MediaPlayer.framework in Frameworks */ = {isa = PBXBuildFile; fileRef = F95D95DE1A84A1170068F090 /* MediaPlayer.framework */; };
		F996C71E1A81F1D100314FF8 /* CoreMedia.framework in Frameworks */ = {isa = PBXBuildFile; fileRef = F996C71D1A81F1D100314FF8 /* CoreMedia.framework */; };
		F996C7201A81F1D800314FF8 /* CoreVideo.framework in Frameworks */ = {isa = PBXBuildFile; fileRef = F996C71F1A81F1D800314FF8 /* CoreVideo.framework */; };
		F996C7221A81F1E000314FF8 /* AVFoundation.framework in Frameworks */ = {isa = PBXBuildFile; fileRef = F996C7211A81F1E000314FF8 /* AVFoundation.framework */; };
		F996C7241A81F1E700314FF8 /* QuartzCore.framework in Frameworks */ = {isa = PBXBuildFile; fileRef = F996C7231A81F1E700314FF8 /* QuartzCore.framework */; };
		F996C7261A81F1F200314FF8 /* OpenGLES.framework in Frameworks */ = {isa = PBXBuildFile; fileRef = F996C7251A81F1F200314FF8 /* OpenGLES.framework */; };
/* End PBXBuildFile section */

/* Begin PBXContainerItemProxy section */
		EA9F35531A74CC6900E0C65D /* PBXContainerItemProxy */ = {
			isa = PBXContainerItemProxy;
			containerPortal = EA9F35321A74CC6900E0C65D /* Project object */;
			proxyType = 1;
			remoteGlobalIDString = EA9F35391A74CC6900E0C65D;
			remoteInfo = Ketch;
		};
/* End PBXContainerItemProxy section */

/* Begin PBXFileReference section */
		0686ABB348D06D87DA844419 /* Pods.release.xcconfig */ = {isa = PBXFileReference; includeInIndex = 1; lastKnownFileType = text.xcconfig; name = Pods.release.xcconfig; path = "Pods/Target Support Files/Pods/Pods.release.xcconfig"; sourceTree = "<group>"; };
		2CD850D0B9EC2938BA5CEB59 /* Pods.debug.xcconfig */ = {isa = PBXFileReference; includeInIndex = 1; lastKnownFileType = text.xcconfig; name = Pods.debug.xcconfig; path = "Pods/Target Support Files/Pods/Pods.debug.xcconfig"; sourceTree = "<group>"; };
		D38E9CB79C25FDAE97BD9D3D /* Pods.framework */ = {isa = PBXFileReference; explicitFileType = wrapper.framework; includeInIndex = 0; path = Pods.framework; sourceTree = BUILT_PRODUCTS_DIR; };
		EA02CCF11A96ED03004C3009 /* KetchIcon.otf */ = {isa = PBXFileReference; lastKnownFileType = file; path = KetchIcon.otf; sourceTree = "<group>"; };
		EA0FC91F1A87DE5800D62625 /* MeteorCDStack.swift */ = {isa = PBXFileReference; fileEncoding = 4; lastKnownFileType = sourcecode.swift; path = MeteorCDStack.swift; sourceTree = "<group>"; };
		EA0FC9201A87DE5800D62625 /* MeteorExtension.swift */ = {isa = PBXFileReference; fileEncoding = 4; lastKnownFileType = sourcecode.swift; path = MeteorExtension.swift; sourceTree = "<group>"; };
		EA0FC9211A87DE5800D62625 /* SugarRecordExtension.swift */ = {isa = PBXFileReference; fileEncoding = 4; lastKnownFileType = sourcecode.swift; path = SugarRecordExtension.swift; sourceTree = "<group>"; };
		EA0FC9231A87DE5800D62625 /* FoundationExtension.swift */ = {isa = PBXFileReference; fileEncoding = 4; lastKnownFileType = sourcecode.swift; path = FoundationExtension.swift; sourceTree = "<group>"; };
		EA0FC9241A87DE5800D62625 /* Logging.swift */ = {isa = PBXFileReference; fileEncoding = 4; lastKnownFileType = sourcecode.swift; path = Logging.swift; sourceTree = "<group>"; };
		EA0FC9251A87DE5800D62625 /* ReactiveCocoaExtension.swift */ = {isa = PBXFileReference; fileEncoding = 4; lastKnownFileType = sourcecode.swift; path = ReactiveCocoaExtension.swift; sourceTree = "<group>"; };
		EA0FC9271A87DE5800D62625 /* UIKitExtension.swift */ = {isa = PBXFileReference; fileEncoding = 4; lastKnownFileType = sourcecode.swift; path = UIKitExtension.swift; sourceTree = "<group>"; };
		EA0FC92F1A87DE5800D62625 /* ArrayViewModel.swift */ = {isa = PBXFileReference; fileEncoding = 4; lastKnownFileType = sourcecode.swift; path = ArrayViewModel.swift; sourceTree = "<group>"; };
		EA0FC9301A87DE5800D62625 /* BaseViewModel.swift */ = {isa = PBXFileReference; fileEncoding = 4; lastKnownFileType = sourcecode.swift; path = BaseViewModel.swift; sourceTree = "<group>"; };
		EA0FC9311A87DE5800D62625 /* FetchViewModel.swift */ = {isa = PBXFileReference; fileEncoding = 4; lastKnownFileType = sourcecode.swift; path = FetchViewModel.swift; sourceTree = "<group>"; };
		EA0FC9321A87DE5800D62625 /* ViewProviders.swift */ = {isa = PBXFileReference; fileEncoding = 4; lastKnownFileType = sourcecode.swift; path = ViewProviders.swift; sourceTree = "<group>"; };
		EA0FED401ADDD0C700FC6FCB /* PanInteractor.swift */ = {isa = PBXFileReference; fileEncoding = 4; lastKnownFileType = sourcecode.swift; path = PanInteractor.swift; sourceTree = "<group>"; };
		EA196FFF1A83549300FEBA7F /* ProfileViewController.swift */ = {isa = PBXFileReference; fileEncoding = 4; lastKnownFileType = sourcecode.swift; path = ProfileViewController.swift; sourceTree = "<group>"; };
		EA24C26C1AD8F52000C40AAD /* Metadata.swift */ = {isa = PBXFileReference; fileEncoding = 4; lastKnownFileType = sourcecode.swift; path = Metadata.swift; sourceTree = "<group>"; };
		EA24C26F1AD8F60900C40AAD /* _Candidate.swift */ = {isa = PBXFileReference; fileEncoding = 4; lastKnownFileType = sourcecode.swift; path = _Candidate.swift; sourceTree = "<group>"; };
		EA24C2701AD8F60900C40AAD /* _Connection.swift */ = {isa = PBXFileReference; fileEncoding = 4; lastKnownFileType = sourcecode.swift; path = _Connection.swift; sourceTree = "<group>"; };
		EA24C2711AD8F60900C40AAD /* _Message.swift */ = {isa = PBXFileReference; fileEncoding = 4; lastKnownFileType = sourcecode.swift; path = _Message.swift; sourceTree = "<group>"; };
		EA24C2721AD8F60900C40AAD /* _User.swift */ = {isa = PBXFileReference; fileEncoding = 4; lastKnownFileType = sourcecode.swift; path = _User.swift; sourceTree = "<group>"; };
		EA2A38E51AD8A141005708D2 /* MeteorService.swift */ = {isa = PBXFileReference; fileEncoding = 4; lastKnownFileType = sourcecode.swift; path = MeteorService.swift; sourceTree = "<group>"; };
		EA2AB70D1A8A00F200D42C6C /* GameViewController.swift */ = {isa = PBXFileReference; fileEncoding = 4; lastKnownFileType = sourcecode.swift; path = GameViewController.swift; sourceTree = "<group>"; };
		EA31049A1A99C3850069D6AD /* KetchIcon.swift */ = {isa = PBXFileReference; fileEncoding = 4; lastKnownFileType = sourcecode.swift; path = KetchIcon.swift; sourceTree = "<group>"; };
		EA37776D1A966EC10055DE99 /* TransatTextBlack.otf */ = {isa = PBXFileReference; lastKnownFileType = file; path = TransatTextBlack.otf; sourceTree = "<group>"; };
		EA37776E1A966EC10055DE99 /* TransatTextBold.otf */ = {isa = PBXFileReference; lastKnownFileType = file; path = TransatTextBold.otf; sourceTree = "<group>"; };
		EA37776F1A966EC10055DE99 /* TransatTextLight.otf */ = {isa = PBXFileReference; lastKnownFileType = file; path = TransatTextLight.otf; sourceTree = "<group>"; };
		EA3777701A966EC10055DE99 /* TransatTextMedium.otf */ = {isa = PBXFileReference; lastKnownFileType = file; path = TransatTextMedium.otf; sourceTree = "<group>"; };
		EA3777711A966EC10055DE99 /* TransatTextStandard.otf */ = {isa = PBXFileReference; lastKnownFileType = file; path = TransatTextStandard.otf; sourceTree = "<group>"; };
		EA396FEF1AB52BF8009EB60B /* PageViewController.swift */ = {isa = PBXFileReference; fileEncoding = 4; lastKnownFileType = sourcecode.swift; path = PageViewController.swift; sourceTree = "<group>"; };
		EA409D381A8C681A00988B8B /* FacebookExtension.swift */ = {isa = PBXFileReference; fileEncoding = 4; lastKnownFileType = sourcecode.swift; path = FacebookExtension.swift; sourceTree = "<group>"; };
		EA409D3B1A8C75F600988B8B /* ConnectionCell.swift */ = {isa = PBXFileReference; fileEncoding = 4; lastKnownFileType = sourcecode.swift; path = ConnectionCell.swift; sourceTree = "<group>"; };
		EA409D3E1A8C75F600988B8B /* DockViewController.swift */ = {isa = PBXFileReference; fileEncoding = 4; lastKnownFileType = sourcecode.swift; path = DockViewController.swift; sourceTree = "<group>"; };
		EA4A66561AA2D9BB0019D601 /* ChoicePlaceholder.swift */ = {isa = PBXFileReference; fileEncoding = 4; lastKnownFileType = sourcecode.swift; path = ChoicePlaceholder.swift; sourceTree = "<group>"; };
		EA520B871ADCBFE70047B789 /* HomeViewController.swift */ = {isa = PBXFileReference; fileEncoding = 4; lastKnownFileType = sourcecode.swift; path = HomeViewController.swift; sourceTree = "<group>"; };
		EA55F1371AD522C60042CBB2 /* NotificationCenter.swift */ = {isa = PBXFileReference; fileEncoding = 4; lastKnownFileType = sourcecode.swift; path = NotificationCenter.swift; sourceTree = "<group>"; };
		EA5634E01A7741FF00F62B52 /* Ketch.xcdatamodel */ = {isa = PBXFileReference; lastKnownFileType = wrapper.xcdatamodel; path = Ketch.xcdatamodel; sourceTree = "<group>"; };
		EA5FCE451AD6077A000D9B93 /* ProgressIndicator.swift */ = {isa = PBXFileReference; fileEncoding = 4; lastKnownFileType = sourcecode.swift; path = ProgressIndicator.swift; sourceTree = "<group>"; };
		EA5FCE471AD62C1F000D9B93 /* GameTutorialController.swift */ = {isa = PBXFileReference; fileEncoding = 4; lastKnownFileType = sourcecode.swift; path = GameTutorialController.swift; sourceTree = "<group>"; };
		EA62A87D1AD98B3C00B5D3D9 /* Images.xcassets */ = {isa = PBXFileReference; lastKnownFileType = folder.assetcatalog; name = Images.xcassets; path = Pods/PKHUD/PKHUD/Images.xcassets; sourceTree = "<group>"; };
		EA6650E01AA00999001BA40C /* BaseViews.swift */ = {isa = PBXFileReference; fileEncoding = 4; lastKnownFileType = sourcecode.swift; path = BaseViews.swift; sourceTree = "<group>"; };
		EA6650E31AA00A82001BA40C /* WaveView.swift */ = {isa = PBXFileReference; fileEncoding = 4; lastKnownFileType = sourcecode.swift; path = WaveView.swift; sourceTree = "<group>"; };
		EA6650E51AA00A82001BA40C /* UserAvatarView.swift */ = {isa = PBXFileReference; fileEncoding = 4; lastKnownFileType = sourcecode.swift; path = UserAvatarView.swift; sourceTree = "<group>"; };
		EA6650EB1AA00A9C001BA40C /* AccountService.swift */ = {isa = PBXFileReference; fileEncoding = 4; lastKnownFileType = sourcecode.swift; path = AccountService.swift; sourceTree = "<group>"; };
		EA6650F31AA00B95001BA40C /* Candidate.swift */ = {isa = PBXFileReference; fileEncoding = 4; lastKnownFileType = sourcecode.swift; path = Candidate.swift; sourceTree = "<group>"; };
		EA6650F41AA00B95001BA40C /* Connection.swift */ = {isa = PBXFileReference; fileEncoding = 4; lastKnownFileType = sourcecode.swift; path = Connection.swift; sourceTree = "<group>"; };
		EA6650F51AA00B95001BA40C /* Message.swift */ = {isa = PBXFileReference; fileEncoding = 4; lastKnownFileType = sourcecode.swift; path = Message.swift; sourceTree = "<group>"; };
		EA6650F61AA00B95001BA40C /* User.swift */ = {isa = PBXFileReference; fileEncoding = 4; lastKnownFileType = sourcecode.swift; path = User.swift; sourceTree = "<group>"; };
		EA6E56511AD1FDCE00B12F2B /* WaveTransition.swift */ = {isa = PBXFileReference; fileEncoding = 4; lastKnownFileType = sourcecode.swift; path = WaveTransition.swift; sourceTree = "<group>"; };
		EA6E56531AD2152500B12F2B /* BoatSailedViewController.swift */ = {isa = PBXFileReference; fileEncoding = 4; lastKnownFileType = sourcecode.swift; path = BoatSailedViewController.swift; sourceTree = "<group>"; };
		EA7004631ACF912A00D0E467 /* Base */ = {isa = PBXFileReference; lastKnownFileType = file.storyboard; name = Base; path = Base.lproj/Signup.storyboard; sourceTree = "<group>"; };
		EA72FB1C1AD1805B009F853F /* LoadingViewController.swift */ = {isa = PBXFileReference; fileEncoding = 4; lastKnownFileType = sourcecode.swift; path = LoadingViewController.swift; sourceTree = "<group>"; };
		EA72FB1E1AD180F1009F853F /* NewGameTransition.swift */ = {isa = PBXFileReference; fileEncoding = 4; lastKnownFileType = sourcecode.swift; path = NewGameTransition.swift; sourceTree = "<group>"; };
		EA72FB271AD1B7D5009F853F /* Segue.swift */ = {isa = PBXFileReference; fileEncoding = 4; lastKnownFileType = sourcecode.swift; path = Segue.swift; sourceTree = "<group>"; };
		EA72FB281AD1B7D5009F853F /* Transition.swift */ = {isa = PBXFileReference; fileEncoding = 4; lastKnownFileType = sourcecode.swift; path = Transition.swift; sourceTree = "<group>"; };
		EA72FB2B1AD1B7E1009F853F /* ScrollTransition.swift */ = {isa = PBXFileReference; fileEncoding = 4; lastKnownFileType = sourcecode.swift; path = ScrollTransition.swift; sourceTree = "<group>"; };
		EA755A2F1ADDA4D8004B4A1D /* ChatViewController.swift */ = {isa = PBXFileReference; fileEncoding = 4; lastKnownFileType = sourcecode.swift; path = ChatViewController.swift; sourceTree = "<group>"; };
		EA755A301ADDA4D8004B4A1D /* NewConnectionViewController.swift */ = {isa = PBXFileReference; fileEncoding = 4; lastKnownFileType = sourcecode.swift; path = NewConnectionViewController.swift; sourceTree = "<group>"; };
		EA755A351ADDA591004B4A1D /* PulsingView.swift */ = {isa = PBXFileReference; fileEncoding = 4; lastKnownFileType = sourcecode.swift; path = PulsingView.swift; sourceTree = "<group>"; };
		EA755A381ADDA5CB004B4A1D /* SandView.swift */ = {isa = PBXFileReference; fileEncoding = 4; lastKnownFileType = sourcecode.swift; path = SandView.swift; sourceTree = "<group>"; };
		EA755A391ADDA5CB004B4A1D /* SettingsViewController.swift */ = {isa = PBXFileReference; fileEncoding = 4; lastKnownFileType = sourcecode.swift; path = SettingsViewController.swift; sourceTree = "<group>"; };
		EA755A3C1ADDA7DE004B4A1D /* KetchBoatView.swift */ = {isa = PBXFileReference; fileEncoding = 4; lastKnownFileType = sourcecode.swift; path = KetchBoatView.swift; sourceTree = "<group>"; };
		EA7AA3641AA25D21003383BE /* ResourceExtension.swift */ = {isa = PBXFileReference; fileEncoding = 4; lastKnownFileType = sourcecode.swift; path = ResourceExtension.swift; sourceTree = "<group>"; };
		EA7AA3681AA26597003383BE /* SBConstants.swift */ = {isa = PBXFileReference; fileEncoding = 4; lastKnownFileType = sourcecode.swift; path = SBConstants.swift; sourceTree = "<group>"; };
		EA7AA3691AA26597003383BE /* StyleKit.swift */ = {isa = PBXFileReference; fileEncoding = 4; lastKnownFileType = sourcecode.swift; path = StyleKit.swift; sourceTree = "<group>"; };
		EA8EE6CE1AAA0FD100E646EE /* ConnectionCell.xib */ = {isa = PBXFileReference; fileEncoding = 4; lastKnownFileType = file.xib; path = ConnectionCell.xib; sourceTree = "<group>"; };
		EA925C731AD99ED8008E9F41 /* R.swift */ = {isa = PBXFileReference; fileEncoding = 4; lastKnownFileType = sourcecode.swift; path = R.swift; sourceTree = "<group>"; };
		EA9A6ACF1AAFDFA2009EDD6D /* en */ = {isa = PBXFileReference; lastKnownFileType = text.plist.strings; name = en; path = en.lproj/Localizable.strings; sourceTree = "<group>"; };
		EA9F353A1A74CC6900E0C65D /* Ketch.app */ = {isa = PBXFileReference; explicitFileType = wrapper.application; includeInIndex = 0; path = Ketch.app; sourceTree = BUILT_PRODUCTS_DIR; };
		EA9F353E1A74CC6900E0C65D /* Ketch-Info.plist */ = {isa = PBXFileReference; lastKnownFileType = text.plist.xml; path = "Ketch-Info.plist"; sourceTree = "<group>"; };
		EA9F353F1A74CC6900E0C65D /* AppDelegate.swift */ = {isa = PBXFileReference; lastKnownFileType = sourcecode.swift; path = AppDelegate.swift; sourceTree = "<group>"; };
		EA9F35471A74CC6900E0C65D /* Base */ = {isa = PBXFileReference; lastKnownFileType = file.storyboard; name = Base; path = Base.lproj/Main.storyboard; sourceTree = "<group>"; };
		EA9F35491A74CC6900E0C65D /* Ketch.xcassets */ = {isa = PBXFileReference; lastKnownFileType = folder.assetcatalog; path = Ketch.xcassets; sourceTree = "<group>"; };
		EA9F354C1A74CC6900E0C65D /* Base */ = {isa = PBXFileReference; lastKnownFileType = file.xib; name = Base; path = Base.lproj/LaunchScreen.xib; sourceTree = "<group>"; };
		EA9F35521A74CC6900E0C65D /* KetchTests.xctest */ = {isa = PBXFileReference; explicitFileType = wrapper.cfbundle; includeInIndex = 0; path = KetchTests.xctest; sourceTree = BUILT_PRODUCTS_DIR; };
		EA9F35571A74CC6900E0C65D /* Info.plist */ = {isa = PBXFileReference; lastKnownFileType = text.plist.xml; path = Info.plist; sourceTree = "<group>"; };
		EA9F35581A74CC6900E0C65D /* KetchTests.swift */ = {isa = PBXFileReference; lastKnownFileType = sourcecode.swift; path = KetchTests.swift; sourceTree = "<group>"; };
		EA9F35621A74CD8800E0C65D /* Ketch-Bridging.h */ = {isa = PBXFileReference; lastKnownFileType = sourcecode.c.h; name = "Ketch-Bridging.h"; path = "Ketch/Ketch-Bridging.h"; sourceTree = SOURCE_ROOT; };
		EAA36DDF1AD1CD4800B30F24 /* TransitionManager.swift */ = {isa = PBXFileReference; fileEncoding = 4; lastKnownFileType = sourcecode.swift; path = TransitionManager.swift; sourceTree = "<group>"; };
		EAA36DE11AD1CE2800B30F24 /* BaseViewController.swift */ = {isa = PBXFileReference; fileEncoding = 4; lastKnownFileType = sourcecode.swift; path = BaseViewController.swift; sourceTree = "<group>"; };
		EAAA42861AB24D5F00056EFF /* CandidateBubble.swift */ = {isa = PBXFileReference; fileEncoding = 4; lastKnownFileType = sourcecode.swift; path = CandidateBubble.swift; sourceTree = "<group>"; };
		EAAD921A1ACDEACD0014BA25 /* NewMatchTransition.swift */ = {isa = PBXFileReference; fileEncoding = 4; lastKnownFileType = sourcecode.swift; path = NewMatchTransition.swift; sourceTree = "<group>"; };
		EAAD921C1ACF342C0014BA25 /* Environment.swift */ = {isa = PBXFileReference; fileEncoding = 4; lastKnownFileType = sourcecode.swift; path = Environment.swift; sourceTree = "<group>"; };
		EAAD921E1ACF4EFA0014BA25 /* ProvisioningProfile.swift */ = {isa = PBXFileReference; fileEncoding = 4; lastKnownFileType = sourcecode.swift; path = ProvisioningProfile.swift; sourceTree = "<group>"; };
		EAB79B6F1AD912EB00D9875A /* PKHUDExtension.swift */ = {isa = PBXFileReference; fileEncoding = 4; lastKnownFileType = sourcecode.swift; path = PKHUDExtension.swift; sourceTree = "<group>"; };
		EABD43D81AA1D28700B07813 /* Dev.xcconfig */ = {isa = PBXFileReference; lastKnownFileType = text.xcconfig; path = Dev.xcconfig; sourceTree = "<group>"; };
		EABD43D91AA1D29C00B07813 /* Beta.xcconfig */ = {isa = PBXFileReference; fileEncoding = 4; lastKnownFileType = text.xcconfig; path = Beta.xcconfig; sourceTree = "<group>"; };
		EABD43DA1AA1D29C00B07813 /* Prod.xcconfig */ = {isa = PBXFileReference; fileEncoding = 4; lastKnownFileType = text.xcconfig; path = Prod.xcconfig; sourceTree = "<group>"; };
		EABF2AB41AD04659005880E7 /* en */ = {isa = PBXFileReference; lastKnownFileType = text.plist.strings; name = en; path = en.lproj/InfoPlist.strings; sourceTree = "<group>"; };
		EACF21631AD707C800938CD0 /* WelcomeViewController.swift */ = {isa = PBXFileReference; fileEncoding = 4; lastKnownFileType = sourcecode.swift; path = WelcomeViewController.swift; sourceTree = "<group>"; };
		EACF21651AD70CB300938CD0 /* SwiftExtensions.swift */ = {isa = PBXFileReference; fileEncoding = 4; lastKnownFileType = sourcecode.swift; path = SwiftExtensions.swift; sourceTree = "<group>"; };
		EACF21671AD7245C00938CD0 /* CloudsViewController.swift */ = {isa = PBXFileReference; fileEncoding = 4; lastKnownFileType = sourcecode.swift; path = CloudsViewController.swift; sourceTree = "<group>"; };
		EACF21691AD7255100938CD0 /* WaitlistViewController.swift */ = {isa = PBXFileReference; fileEncoding = 4; lastKnownFileType = sourcecode.swift; path = WaitlistViewController.swift; sourceTree = "<group>"; };
		EACF216B1AD73BBA00938CD0 /* PermissionViewControllers.swift */ = {isa = PBXFileReference; fileEncoding = 4; lastKnownFileType = sourcecode.swift; path = PermissionViewControllers.swift; sourceTree = "<group>"; };
		EACF216D1AD747A900938CD0 /* SignupViewController.swift */ = {isa = PBXFileReference; fileEncoding = 4; lastKnownFileType = sourcecode.swift; path = SignupViewController.swift; sourceTree = "<group>"; };
		EAD007FB1AD37236003A260D /* Geometry.swift */ = {isa = PBXFileReference; fileEncoding = 4; lastKnownFileType = sourcecode.swift; path = Geometry.swift; sourceTree = "<group>"; };
		EAD7B2AA1A9F0BE700FA6740 /* DesignableViews.swift */ = {isa = PBXFileReference; fileEncoding = 4; lastKnownFileType = sourcecode.swift; path = DesignableViews.swift; sourceTree = "<group>"; };
		EADDC6B01AD493710023DA0A /* FlowService.swift */ = {isa = PBXFileReference; fileEncoding = 4; lastKnownFileType = sourcecode.swift; path = FlowService.swift; sourceTree = "<group>"; };
		EAE915311ACAFC890027C936 /* UserDefaults.swift */ = {isa = PBXFileReference; fileEncoding = 4; lastKnownFileType = sourcecode.swift; path = UserDefaults.swift; sourceTree = "<group>"; };
		EAEB63DA1AD31A4E0002D55C /* Animation.swift */ = {isa = PBXFileReference; fileEncoding = 4; lastKnownFileType = sourcecode.swift; path = Animation.swift; sourceTree = "<group>"; };
		EAF195CE1A827FAC00A2F103 /* Ketch-Bridging.m */ = {isa = PBXFileReference; fileEncoding = 4; lastKnownFileType = sourcecode.c.objc; path = "Ketch-Bridging.m"; sourceTree = "<group>"; };
		EAF3A4BE1ACA2191001C2943 /* ProfileInfoCell.xib */ = {isa = PBXFileReference; fileEncoding = 4; lastKnownFileType = file.xib; path = ProfileInfoCell.xib; sourceTree = "<group>"; };
		EAF3A4C01ACA22C2001C2943 /* ProfileInfoCell.swift */ = {isa = PBXFileReference; fileEncoding = 4; lastKnownFileType = sourcecode.swift; path = ProfileInfoCell.swift; sourceTree = "<group>"; };
		EAF4D74F1A79AA5E00D35330 /* RootViewController.swift */ = {isa = PBXFileReference; fileEncoding = 4; lastKnownFileType = sourcecode.swift; path = RootViewController.swift; sourceTree = "<group>"; };
		F95D95DE1A84A1170068F090 /* MediaPlayer.framework */ = {isa = PBXFileReference; lastKnownFileType = wrapper.framework; name = MediaPlayer.framework; path = System/Library/Frameworks/MediaPlayer.framework; sourceTree = SDKROOT; };
		F996C71D1A81F1D100314FF8 /* CoreMedia.framework */ = {isa = PBXFileReference; lastKnownFileType = wrapper.framework; name = CoreMedia.framework; path = System/Library/Frameworks/CoreMedia.framework; sourceTree = SDKROOT; };
		F996C71F1A81F1D800314FF8 /* CoreVideo.framework */ = {isa = PBXFileReference; lastKnownFileType = wrapper.framework; name = CoreVideo.framework; path = System/Library/Frameworks/CoreVideo.framework; sourceTree = SDKROOT; };
		F996C7211A81F1E000314FF8 /* AVFoundation.framework */ = {isa = PBXFileReference; lastKnownFileType = wrapper.framework; name = AVFoundation.framework; path = System/Library/Frameworks/AVFoundation.framework; sourceTree = SDKROOT; };
		F996C7231A81F1E700314FF8 /* QuartzCore.framework */ = {isa = PBXFileReference; lastKnownFileType = wrapper.framework; name = QuartzCore.framework; path = System/Library/Frameworks/QuartzCore.framework; sourceTree = SDKROOT; };
		F996C7251A81F1F200314FF8 /* OpenGLES.framework */ = {isa = PBXFileReference; lastKnownFileType = wrapper.framework; name = OpenGLES.framework; path = System/Library/Frameworks/OpenGLES.framework; sourceTree = SDKROOT; };
/* End PBXFileReference section */

/* Begin PBXFrameworksBuildPhase section */
		EA9F35371A74CC6900E0C65D /* Frameworks */ = {
			isa = PBXFrameworksBuildPhase;
			buildActionMask = 2147483647;
			files = (
				F95D95DF1A84A1170068F090 /* MediaPlayer.framework in Frameworks */,
				F996C7261A81F1F200314FF8 /* OpenGLES.framework in Frameworks */,
				F996C7241A81F1E700314FF8 /* QuartzCore.framework in Frameworks */,
				F996C7221A81F1E000314FF8 /* AVFoundation.framework in Frameworks */,
				F996C7201A81F1D800314FF8 /* CoreVideo.framework in Frameworks */,
				F996C71E1A81F1D100314FF8 /* CoreMedia.framework in Frameworks */,
				44E19D671B859E037A1401D8 /* Pods.framework in Frameworks */,
			);
			runOnlyForDeploymentPostprocessing = 0;
		};
		EA9F354F1A74CC6900E0C65D /* Frameworks */ = {
			isa = PBXFrameworksBuildPhase;
			buildActionMask = 2147483647;
			files = (
				73CF93567D616177169FDAB1 /* Pods.framework in Frameworks */,
			);
			runOnlyForDeploymentPostprocessing = 0;
		};
/* End PBXFrameworksBuildPhase section */

/* Begin PBXGroup section */
		2C9F4D1EF3D7E4C4FBB0AEDB /* Frameworks */ = {
			isa = PBXGroup;
			children = (
				F95D95DE1A84A1170068F090 /* MediaPlayer.framework */,
				F996C7251A81F1F200314FF8 /* OpenGLES.framework */,
				F996C7231A81F1E700314FF8 /* QuartzCore.framework */,
				F996C7211A81F1E000314FF8 /* AVFoundation.framework */,
				F996C71F1A81F1D800314FF8 /* CoreVideo.framework */,
				F996C71D1A81F1D100314FF8 /* CoreMedia.framework */,
				D38E9CB79C25FDAE97BD9D3D /* Pods.framework */,
			);
			name = Frameworks;
			sourceTree = "<group>";
		};
		49A80BC478B1E012CE6D7406 /* Generated */ = {
			isa = PBXGroup;
			children = (
				EA24C26E1AD8F60900C40AAD /* _Models */,
				EA7AA3681AA26597003383BE /* SBConstants.swift */,
				EA7AA3691AA26597003383BE /* StyleKit.swift */,
				EA925C731AD99ED8008E9F41 /* R.swift */,
			);
			path = Generated;
			sourceTree = "<group>";
		};
		DDD7116BC0015396F5321D26 /* Pods */ = {
			isa = PBXGroup;
			children = (
				EA62A87C1AD98B3600B5D3D9 /* PKHUD */,
				2CD850D0B9EC2938BA5CEB59 /* Pods.debug.xcconfig */,
				0686ABB348D06D87DA844419 /* Pods.release.xcconfig */,
			);
			name = Pods;
			sourceTree = "<group>";
		};
		EA0FC91C1A87DE5800D62625 /* Common */ = {
			isa = PBXGroup;
			children = (
				EA0FC91E1A87DE5800D62625 /* Backend */,
				EA0FC92E1A87DE5800D62625 /* ViewModels */,
				EAD7B2A91A9F0BC100FA6740 /* Views */,
				EA72FB261AD1B7BF009F853F /* Transitions */,
				EA396FEF1AB52BF8009EB60B /* PageViewController.swift */,
				EA0FC9231A87DE5800D62625 /* FoundationExtension.swift */,
				EA0FC9271A87DE5800D62625 /* UIKitExtension.swift */,
				EA0FC9251A87DE5800D62625 /* ReactiveCocoaExtension.swift */,
				EA0FC9241A87DE5800D62625 /* Logging.swift */,
				EA409D381A8C681A00988B8B /* FacebookExtension.swift */,
				EA7AA3641AA25D21003383BE /* ResourceExtension.swift */,
				EAAD921E1ACF4EFA0014BA25 /* ProvisioningProfile.swift */,
				EAEB63DA1AD31A4E0002D55C /* Animation.swift */,
				EAD007FB1AD37236003A260D /* Geometry.swift */,
				EA55F1371AD522C60042CBB2 /* NotificationCenter.swift */,
				EACF21651AD70CB300938CD0 /* SwiftExtensions.swift */,
				EAB79B6F1AD912EB00D9875A /* PKHUDExtension.swift */,
			);
			path = Common;
			sourceTree = "<group>";
		};
		EA0FC91E1A87DE5800D62625 /* Backend */ = {
			isa = PBXGroup;
			children = (
				EA0FC91F1A87DE5800D62625 /* MeteorCDStack.swift */,
				EA0FC9201A87DE5800D62625 /* MeteorExtension.swift */,
				EA0FC9211A87DE5800D62625 /* SugarRecordExtension.swift */,
			);
			path = Backend;
			sourceTree = "<group>";
		};
		EA0FC92E1A87DE5800D62625 /* ViewModels */ = {
			isa = PBXGroup;
			children = (
				EA0FC92F1A87DE5800D62625 /* ArrayViewModel.swift */,
				EA0FC9301A87DE5800D62625 /* BaseViewModel.swift */,
				EA0FC9311A87DE5800D62625 /* FetchViewModel.swift */,
				EA0FC9321A87DE5800D62625 /* ViewProviders.swift */,
			);
			path = ViewModels;
			sourceTree = "<group>";
		};
		EA196FFB1A83549300FEBA7F /* Profile */ = {
			isa = PBXGroup;
			children = (
				EA196FFF1A83549300FEBA7F /* ProfileViewController.swift */,
				EAF3A4BE1ACA2191001C2943 /* ProfileInfoCell.xib */,
				EAF3A4C01ACA22C2001C2943 /* ProfileInfoCell.swift */,
				EA5FCE451AD6077A000D9B93 /* ProgressIndicator.swift */,
			);
			path = Profile;
			sourceTree = "<group>";
		};
		EA24C26E1AD8F60900C40AAD /* _Models */ = {
			isa = PBXGroup;
			children = (
				EA24C26F1AD8F60900C40AAD /* _Candidate.swift */,
				EA24C2701AD8F60900C40AAD /* _Connection.swift */,
				EA24C2711AD8F60900C40AAD /* _Message.swift */,
				EA24C2721AD8F60900C40AAD /* _User.swift */,
			);
			path = _Models;
			sourceTree = "<group>";
		};
		EA2AB70C1A8A00E300D42C6C /* Game */ = {
			isa = PBXGroup;
			children = (
				EA2AB70D1A8A00F200D42C6C /* GameViewController.swift */,
				EA5FCE471AD62C1F000D9B93 /* GameTutorialController.swift */,
				EA4A66561AA2D9BB0019D601 /* ChoicePlaceholder.swift */,
				EAAA42861AB24D5F00056EFF /* CandidateBubble.swift */,
				EA755A351ADDA591004B4A1D /* PulsingView.swift */,
			);
			path = Game;
			sourceTree = "<group>";
		};
		EA37776C1A966E380055DE99 /* Fonts */ = {
			isa = PBXGroup;
			children = (
				EA31049A1A99C3850069D6AD /* KetchIcon.swift */,
				EA02CCF11A96ED03004C3009 /* KetchIcon.otf */,
				EA37776D1A966EC10055DE99 /* TransatTextBlack.otf */,
				EA37776E1A966EC10055DE99 /* TransatTextBold.otf */,
				EA37776F1A966EC10055DE99 /* TransatTextLight.otf */,
				EA3777701A966EC10055DE99 /* TransatTextMedium.otf */,
				EA3777711A966EC10055DE99 /* TransatTextStandard.otf */,
			);
			path = Fonts;
			sourceTree = "<group>";
		};
		EA409D3A1A8C75F600988B8B /* Dock */ = {
			isa = PBXGroup;
			children = (
				EA409D3B1A8C75F600988B8B /* ConnectionCell.swift */,
				EA8EE6CE1AAA0FD100E646EE /* ConnectionCell.xib */,
				EA409D3E1A8C75F600988B8B /* DockViewController.swift */,
			);
			path = Dock;
			sourceTree = "<group>";
		};
		EA5634DE1A7741FF00F62B52 /* Models */ = {
			isa = PBXGroup;
			children = (
				EA5634DF1A7741FF00F62B52 /* Ketch.xcdatamodeld */,
				EA6650F61AA00B95001BA40C /* User.swift */,
				EA6650F31AA00B95001BA40C /* Candidate.swift */,
				EA6650F41AA00B95001BA40C /* Connection.swift */,
				EA6650F51AA00B95001BA40C /* Message.swift */,
				EA24C26C1AD8F52000C40AAD /* Metadata.swift */,
				EAE915311ACAFC890027C936 /* UserDefaults.swift */,
				EAAD921C1ACF342C0014BA25 /* Environment.swift */,
			);
			path = Models;
			sourceTree = "<group>";
		};
		EA62A87C1AD98B3600B5D3D9 /* PKHUD */ = {
			isa = PBXGroup;
			children = (
				EA62A87D1AD98B3C00B5D3D9 /* Images.xcassets */,
			);
			name = PKHUD;
			sourceTree = "<group>";
		};
		EA6650E21AA00A82001BA40C /* Shared */ = {
			isa = PBXGroup;
			children = (
				EAA36DE11AD1CE2800B30F24 /* BaseViewController.swift */,
				EACF21671AD7245C00938CD0 /* CloudsViewController.swift */,
				EA520B871ADCBFE70047B789 /* HomeViewController.swift */,
				EA6E56511AD1FDCE00B12F2B /* WaveTransition.swift */,
				EA6650E31AA00A82001BA40C /* WaveView.swift */,
				EA755A3C1ADDA7DE004B4A1D /* KetchBoatView.swift */,
				EA6650E51AA00A82001BA40C /* UserAvatarView.swift */,
			);
			path = Shared;
			sourceTree = "<group>";
		};
		EA6650E91AA00A9C001BA40C /* Services */ = {
			isa = PBXGroup;
			children = (
				EA2A38E51AD8A141005708D2 /* MeteorService.swift */,
				EA6650EB1AA00A9C001BA40C /* AccountService.swift */,
				EADDC6B01AD493710023DA0A /* FlowService.swift */,
			);
			path = Services;
			sourceTree = "<group>";
		};
		EA72FB261AD1B7BF009F853F /* Transitions */ = {
			isa = PBXGroup;
			children = (
				EA72FB271AD1B7D5009F853F /* Segue.swift */,
				EA72FB281AD1B7D5009F853F /* Transition.swift */,
				EA72FB2B1AD1B7E1009F853F /* ScrollTransition.swift */,
				EA0FED401ADDD0C700FC6FCB /* PanInteractor.swift */,
			);
			path = Transitions;
			sourceTree = "<group>";
		};
		EA755A371ADDA5CB004B4A1D /* Settings */ = {
			isa = PBXGroup;
			children = (
				EA755A381ADDA5CB004B4A1D /* SandView.swift */,
				EA755A391ADDA5CB004B4A1D /* SettingsViewController.swift */,
			);
			path = Settings;
			sourceTree = "<group>";
		};
		EA9F35311A74CC6900E0C65D = {
			isa = PBXGroup;
			children = (
				EA9F353C1A74CC6900E0C65D /* Ketch */,
				EA0FC91C1A87DE5800D62625 /* Common */,
				EA9F35551A74CC6900E0C65D /* KetchTests */,
				EA9F353B1A74CC6900E0C65D /* Products */,
				DDD7116BC0015396F5321D26 /* Pods */,
				2C9F4D1EF3D7E4C4FBB0AEDB /* Frameworks */,
			);
			sourceTree = "<group>";
		};
		EA9F353B1A74CC6900E0C65D /* Products */ = {
			isa = PBXGroup;
			children = (
				EA9F353A1A74CC6900E0C65D /* Ketch.app */,
				EA9F35521A74CC6900E0C65D /* KetchTests.xctest */,
			);
			name = Products;
			sourceTree = "<group>";
		};
		EA9F353C1A74CC6900E0C65D /* Ketch */ = {
			isa = PBXGroup;
			children = (
				EA5634DE1A7741FF00F62B52 /* Models */,
				EA6650E91AA00A9C001BA40C /* Services */,
				EAF4D7441A79AA5E00D35330 /* UserInterface */,
				EA9F353F1A74CC6900E0C65D /* AppDelegate.swift */,
				EA9F35461A74CC6900E0C65D /* Main.storyboard */,
				EA7004641ACF912A00D0E467 /* Signup.storyboard */,
				EA9F35491A74CC6900E0C65D /* Ketch.xcassets */,
				EA9F353D1A74CC6900E0C65D /* Supporting Files */,
			);
			path = Ketch;
			sourceTree = "<group>";
		};
		EA9F353D1A74CC6900E0C65D /* Supporting Files */ = {
			isa = PBXGroup;
			children = (
				EABD43D71AA1D27400B07813 /* Configs */,
				EA37776C1A966E380055DE99 /* Fonts */,
				EA9F354B1A74CC6900E0C65D /* LaunchScreen.xib */,
				EA9A6ACE1AAFDE19009EDD6D /* Localizable.strings */,
				EABF2AB51AD04659005880E7 /* InfoPlist.strings */,
				EA9F35621A74CD8800E0C65D /* Ketch-Bridging.h */,
				EAF195CE1A827FAC00A2F103 /* Ketch-Bridging.m */,
				EA9F353E1A74CC6900E0C65D /* Ketch-Info.plist */,
				49A80BC478B1E012CE6D7406 /* Generated */,
			);
			name = "Supporting Files";
			sourceTree = "<group>";
		};
		EA9F35551A74CC6900E0C65D /* KetchTests */ = {
			isa = PBXGroup;
			children = (
				EA9F35581A74CC6900E0C65D /* KetchTests.swift */,
				EA9F35561A74CC6900E0C65D /* Supporting Files */,
			);
			path = KetchTests;
			sourceTree = "<group>";
		};
		EA9F35561A74CC6900E0C65D /* Supporting Files */ = {
			isa = PBXGroup;
			children = (
				EA9F35571A74CC6900E0C65D /* Info.plist */,
			);
			name = "Supporting Files";
			sourceTree = "<group>";
		};
		EAAD92191ACDEAB70014BA25 /* Transitions */ = {
			isa = PBXGroup;
			children = (
				EAAD921A1ACDEACD0014BA25 /* NewMatchTransition.swift */,
				EA72FB1E1AD180F1009F853F /* NewGameTransition.swift */,
				EAA36DDF1AD1CD4800B30F24 /* TransitionManager.swift */,
			);
			path = Transitions;
			sourceTree = "<group>";
		};
		EABD43D71AA1D27400B07813 /* Configs */ = {
			isa = PBXGroup;
			children = (
				EABD43D81AA1D28700B07813 /* Dev.xcconfig */,
				EABD43D91AA1D29C00B07813 /* Beta.xcconfig */,
				EABD43DA1AA1D29C00B07813 /* Prod.xcconfig */,
			);
			name = Configs;
			path = ../Configs;
			sourceTree = "<group>";
		};
		EAD7B2A91A9F0BC100FA6740 /* Views */ = {
			isa = PBXGroup;
			children = (
				EA6650E01AA00999001BA40C /* BaseViews.swift */,
				EAD7B2AA1A9F0BE700FA6740 /* DesignableViews.swift */,
			);
			path = Views;
			sourceTree = "<group>";
		};
		EAF4D7441A79AA5E00D35330 /* UserInterface */ = {
			isa = PBXGroup;
			children = (
				EA6650E21AA00A82001BA40C /* Shared */,
				EAAD92191ACDEAB70014BA25 /* Transitions */,
				EA2AB70C1A8A00E300D42C6C /* Game */,
				EA409D3A1A8C75F600988B8B /* Dock */,
				EA196FFB1A83549300FEBA7F /* Profile */,
				EA755A371ADDA5CB004B4A1D /* Settings */,
				EA755A2F1ADDA4D8004B4A1D /* ChatViewController.swift */,
				EA755A301ADDA4D8004B4A1D /* NewConnectionViewController.swift */,
				EACF216D1AD747A900938CD0 /* SignupViewController.swift */,
				EACF216B1AD73BBA00938CD0 /* PermissionViewControllers.swift */,
				EACF21691AD7255100938CD0 /* WaitlistViewController.swift */,
				EA6E56531AD2152500B12F2B /* BoatSailedViewController.swift */,
				EACF21631AD707C800938CD0 /* WelcomeViewController.swift */,
				EAF4D74F1A79AA5E00D35330 /* RootViewController.swift */,
				EA72FB1C1AD1805B009F853F /* LoadingViewController.swift */,
			);
			path = UserInterface;
			sourceTree = "<group>";
		};
/* End PBXGroup section */

/* Begin PBXNativeTarget section */
		EA9F35391A74CC6900E0C65D /* Ketch */ = {
			isa = PBXNativeTarget;
			buildConfigurationList = EA9F355C1A74CC6900E0C65D /* Build configuration list for PBXNativeTarget "Ketch" */;
			buildPhases = (
				8DB42EE7C2D8B4A7B282AD75 /* Check Pods Manifest.lock */,
				EA9F35361A74CC6900E0C65D /* Sources */,
				EA9F35371A74CC6900E0C65D /* Frameworks */,
				EA9F35381A74CC6900E0C65D /* Resources */,
				75FEE40CAC4CCC98BBE5F3A2 /* Copy Pods Resources */,
				22B85F6A287D7401CC82E5E2 /* Embed Pods Frameworks */,
				EA7F26D91A891B6500629078 /* Upload DSYM to Fabric (Crashlytics) */,
			);
			buildRules = (
			);
			dependencies = (
			);
			name = Ketch;
			productName = Ketch;
			productReference = EA9F353A1A74CC6900E0C65D /* Ketch.app */;
			productType = "com.apple.product-type.application";
		};
		EA9F35511A74CC6900E0C65D /* KetchTests */ = {
			isa = PBXNativeTarget;
			buildConfigurationList = EA9F355F1A74CC6900E0C65D /* Build configuration list for PBXNativeTarget "KetchTests" */;
			buildPhases = (
				282F49687FEBD2D912E6C158 /* Check Pods Manifest.lock */,
				EA9F354E1A74CC6900E0C65D /* Sources */,
				EA9F354F1A74CC6900E0C65D /* Frameworks */,
				EA9F35501A74CC6900E0C65D /* Resources */,
				BD34D0835DABB628BB8E3B6A /* Embed Pods Frameworks */,
				CC42FF79320CC7EE6804A689 /* Copy Pods Resources */,
			);
			buildRules = (
			);
			dependencies = (
				EA9F35541A74CC6900E0C65D /* PBXTargetDependency */,
			);
			name = KetchTests;
			productName = KetchTests;
			productReference = EA9F35521A74CC6900E0C65D /* KetchTests.xctest */;
			productType = "com.apple.product-type.bundle.unit-test";
		};
/* End PBXNativeTarget section */

/* Begin PBXProject section */
		EA9F35321A74CC6900E0C65D /* Project object */ = {
			isa = PBXProject;
			attributes = {
				LastUpgradeCheck = 0610;
				ORGANIZATIONNAME = Ketch;
				TargetAttributes = {
					EA9F35391A74CC6900E0C65D = {
						CreatedOnToolsVersion = 6.1.1;
						DevelopmentTeam = N25WYDCNJJ;
					};
					EA9F35511A74CC6900E0C65D = {
						CreatedOnToolsVersion = 6.1.1;
						TestTargetID = EA9F35391A74CC6900E0C65D;
					};
				};
			};
			buildConfigurationList = EA9F35351A74CC6900E0C65D /* Build configuration list for PBXProject "Ketch" */;
			compatibilityVersion = "Xcode 3.2";
			developmentRegion = English;
			hasScannedForEncodings = 0;
			knownRegions = (
				en,
				Base,
				de,
				es,
				fr,
				he,
				it,
				nl,
				pl,
				pt,
				ro,
				ru,
				tr,
				"zh-Hans",
				"zh-Hant",
				id,
				ja,
				ko,
				th,
				vi,
			);
			mainGroup = EA9F35311A74CC6900E0C65D;
			productRefGroup = EA9F353B1A74CC6900E0C65D /* Products */;
			projectDirPath = "";
			projectRoot = "";
			targets = (
				EA9F35391A74CC6900E0C65D /* Ketch */,
				EA9F35511A74CC6900E0C65D /* KetchTests */,
			);
		};
/* End PBXProject section */

/* Begin PBXResourcesBuildPhase section */
		EA9F35381A74CC6900E0C65D /* Resources */ = {
			isa = PBXResourcesBuildPhase;
			buildActionMask = 2147483647;
			files = (
				EA3777761A966EC10055DE99 /* TransatTextStandard.otf in Resources */,
				EA62A87E1AD98B3C00B5D3D9 /* Images.xcassets in Resources */,
				EA02CCF21A96ED03004C3009 /* KetchIcon.otf in Resources */,
				EABF2AB31AD04659005880E7 /* InfoPlist.strings in Resources */,
				EA3777741A966EC10055DE99 /* TransatTextLight.otf in Resources */,
				EAF3A4BF1ACA2191001C2943 /* ProfileInfoCell.xib in Resources */,
				EA9F35481A74CC6900E0C65D /* Main.storyboard in Resources */,
				EA9A6ACC1AAFDE19009EDD6D /* Localizable.strings in Resources */,
				EA9F354D1A74CC6900E0C65D /* LaunchScreen.xib in Resources */,
				EA8EE6CF1AAA0FD100E646EE /* ConnectionCell.xib in Resources */,
				EA3777751A966EC10055DE99 /* TransatTextMedium.otf in Resources */,
				EA9F354A1A74CC6900E0C65D /* Ketch.xcassets in Resources */,
				EA3777731A966EC10055DE99 /* TransatTextBold.otf in Resources */,
				EA3777721A966EC10055DE99 /* TransatTextBlack.otf in Resources */,
				EA7004621ACF912A00D0E467 /* Signup.storyboard in Resources */,
			);
			runOnlyForDeploymentPostprocessing = 0;
		};
		EA9F35501A74CC6900E0C65D /* Resources */ = {
			isa = PBXResourcesBuildPhase;
			buildActionMask = 2147483647;
			files = (
			);
			runOnlyForDeploymentPostprocessing = 0;
		};
/* End PBXResourcesBuildPhase section */

/* Begin PBXShellScriptBuildPhase section */
		22B85F6A287D7401CC82E5E2 /* Embed Pods Frameworks */ = {
			isa = PBXShellScriptBuildPhase;
			buildActionMask = 2147483647;
			files = (
			);
			inputPaths = (
			);
			name = "Embed Pods Frameworks";
			outputPaths = (
			);
			runOnlyForDeploymentPostprocessing = 0;
			shellPath = /bin/sh;
			shellScript = "\"${SRCROOT}/Pods/Target Support Files/Pods/Pods-frameworks.sh\"\n";
			showEnvVarsInLog = 0;
		};
		282F49687FEBD2D912E6C158 /* Check Pods Manifest.lock */ = {
			isa = PBXShellScriptBuildPhase;
			buildActionMask = 2147483647;
			files = (
			);
			inputPaths = (
			);
			name = "Check Pods Manifest.lock";
			outputPaths = (
			);
			runOnlyForDeploymentPostprocessing = 0;
			shellPath = /bin/sh;
			shellScript = "diff \"${PODS_ROOT}/../Podfile.lock\" \"${PODS_ROOT}/Manifest.lock\" > /dev/null\nif [[ $? != 0 ]] ; then\n    cat << EOM\nerror: The sandbox is not in sync with the Podfile.lock. Run 'pod install' or update your CocoaPods installation.\nEOM\n    exit 1\nfi\n";
			showEnvVarsInLog = 0;
		};
		75FEE40CAC4CCC98BBE5F3A2 /* Copy Pods Resources */ = {
			isa = PBXShellScriptBuildPhase;
			buildActionMask = 2147483647;
			files = (
			);
			inputPaths = (
			);
			name = "Copy Pods Resources";
			outputPaths = (
			);
			runOnlyForDeploymentPostprocessing = 0;
			shellPath = /bin/sh;
			shellScript = "\"${SRCROOT}/Pods/Target Support Files/Pods/Pods-resources.sh\"\n";
			showEnvVarsInLog = 0;
		};
		8DB42EE7C2D8B4A7B282AD75 /* Check Pods Manifest.lock */ = {
			isa = PBXShellScriptBuildPhase;
			buildActionMask = 2147483647;
			files = (
			);
			inputPaths = (
			);
			name = "Check Pods Manifest.lock";
			outputPaths = (
			);
			runOnlyForDeploymentPostprocessing = 0;
			shellPath = /bin/sh;
			shellScript = "diff \"${PODS_ROOT}/../Podfile.lock\" \"${PODS_ROOT}/Manifest.lock\" > /dev/null\nif [[ $? != 0 ]] ; then\n    cat << EOM\nerror: The sandbox is not in sync with the Podfile.lock. Run 'pod install' or update your CocoaPods installation.\nEOM\n    exit 1\nfi\n";
			showEnvVarsInLog = 0;
		};
		BD34D0835DABB628BB8E3B6A /* Embed Pods Frameworks */ = {
			isa = PBXShellScriptBuildPhase;
			buildActionMask = 2147483647;
			files = (
			);
			inputPaths = (
			);
			name = "Embed Pods Frameworks";
			outputPaths = (
			);
			runOnlyForDeploymentPostprocessing = 0;
			shellPath = /bin/sh;
			shellScript = "\"${SRCROOT}/Pods/Target Support Files/Pods/Pods-frameworks.sh\"\n";
			showEnvVarsInLog = 0;
		};
		CC42FF79320CC7EE6804A689 /* Copy Pods Resources */ = {
			isa = PBXShellScriptBuildPhase;
			buildActionMask = 2147483647;
			files = (
			);
			inputPaths = (
			);
			name = "Copy Pods Resources";
			outputPaths = (
			);
			runOnlyForDeploymentPostprocessing = 0;
			shellPath = /bin/sh;
			shellScript = "\"${SRCROOT}/Pods/Target Support Files/Pods/Pods-resources.sh\"\n";
			showEnvVarsInLog = 0;
		};
		EA7F26D91A891B6500629078 /* Upload DSYM to Fabric (Crashlytics) */ = {
			isa = PBXShellScriptBuildPhase;
			buildActionMask = 2147483647;
			files = (
			);
			inputPaths = (
			);
			name = "Upload DSYM to Fabric (Crashlytics)";
			outputPaths = (
			);
			runOnlyForDeploymentPostprocessing = 0;
			shellPath = /bin/sh;
			shellScript = "echo \"Uploading DSYM to Crashlytics\"\n./Pods/CrashlyticsFramework/Crashlytics.framework/run 4cdb005d0ddfebc8865c0a768de9b43c993e9113 83001519164842a323e4d70c5970b041c248835fec59db59b409f5b364e47f72\n";
		};
/* End PBXShellScriptBuildPhase section */

/* Begin PBXSourcesBuildPhase section */
		EA9F35361A74CC6900E0C65D /* Sources */ = {
			isa = PBXSourcesBuildPhase;
			buildActionMask = 2147483647;
			files = (
				EACF216E1AD747A900938CD0 /* SignupViewController.swift in Sources */,
				EA72FB2A1AD1B7D5009F853F /* Transition.swift in Sources */,
				EACF21641AD707C800938CD0 /* WelcomeViewController.swift in Sources */,
				EA1970151A83549300FEBA7F /* ProfileViewController.swift in Sources */,
				EA755A3D1ADDA7DE004B4A1D /* KetchBoatView.swift in Sources */,
				EAF195CF1A827FAD00A2F103 /* Ketch-Bridging.m in Sources */,
				EA409D421A8C75F600988B8B /* DockViewController.swift in Sources */,
				EA7AA3651AA25D21003383BE /* ResourceExtension.swift in Sources */,
				EAF3A4C11ACA22C2001C2943 /* ProfileInfoCell.swift in Sources */,
				EA6650E81AA00A82001BA40C /* UserAvatarView.swift in Sources */,
				EA755A3A1ADDA5CB004B4A1D /* SandView.swift in Sources */,
				EAAD921D1ACF342C0014BA25 /* Environment.swift in Sources */,
				EA0FC9351A87DE5800D62625 /* MeteorExtension.swift in Sources */,
				EA72FB291AD1B7D5009F853F /* Segue.swift in Sources */,
				EAEB63DB1AD31A4E0002D55C /* Animation.swift in Sources */,
				EAA36DE21AD1CE2800B30F24 /* BaseViewController.swift in Sources */,
				EA5FCE461AD6077A000D9B93 /* ProgressIndicator.swift in Sources */,
				EA24C26D1AD8F52000C40AAD /* Metadata.swift in Sources */,
				EA6650E11AA00999001BA40C /* BaseViews.swift in Sources */,
				EA409D3F1A8C75F600988B8B /* ConnectionCell.swift in Sources */,
				EAA36DE01AD1CD4800B30F24 /* TransitionManager.swift in Sources */,
				EA5634E11A7741FF00F62B52 /* Ketch.xcdatamodeld in Sources */,
				EA755A321ADDA4D8004B4A1D /* ChatViewController.swift in Sources */,
				EA24C2731AD8F60900C40AAD /* _Candidate.swift in Sources */,
				EA4A66571AA2D9BB0019D601 /* ChoicePlaceholder.swift in Sources */,
				EA755A3B1ADDA5CB004B4A1D /* SettingsViewController.swift in Sources */,
				EA0FC9441A87DE5800D62625 /* ViewProviders.swift in Sources */,
				EAAD921B1ACDEACD0014BA25 /* NewMatchTransition.swift in Sources */,
				EA6650ED1AA00A9C001BA40C /* AccountService.swift in Sources */,
				EA7AA36C1AA26597003383BE /* StyleKit.swift in Sources */,
				EA0FED411ADDD0C700FC6FCB /* PanInteractor.swift in Sources */,
				EAF4D7621A79AA5E00D35330 /* RootViewController.swift in Sources */,
				EAD007FC1AD37236003A260D /* Geometry.swift in Sources */,
				EA6E56541AD2152500B12F2B /* BoatSailedViewController.swift in Sources */,
				EA0FC9361A87DE5800D62625 /* SugarRecordExtension.swift in Sources */,
				EA72FB2C1AD1B7E1009F853F /* ScrollTransition.swift in Sources */,
				EA925C741AD99ED8008E9F41 /* R.swift in Sources */,
				EA0FC9391A87DE5800D62625 /* Logging.swift in Sources */,
				EA0FC93C1A87DE5800D62625 /* UIKitExtension.swift in Sources */,
				EA9F35401A74CC6900E0C65D /* AppDelegate.swift in Sources */,
				EAE915321ACAFC890027C936 /* UserDefaults.swift in Sources */,
				EA6650FB1AA00B95001BA40C /* Candidate.swift in Sources */,
				EA0FC9421A87DE5800D62625 /* BaseViewModel.swift in Sources */,
				EACF216A1AD7255100938CD0 /* WaitlistViewController.swift in Sources */,
				EA6E56521AD1FDCE00B12F2B /* WaveTransition.swift in Sources */,
				EA31049B1A99C3850069D6AD /* KetchIcon.swift in Sources */,
				EA24C2741AD8F60900C40AAD /* _Connection.swift in Sources */,
				EA5FCE481AD62C1F000D9B93 /* GameTutorialController.swift in Sources */,
				EADDC6B11AD493710023DA0A /* FlowService.swift in Sources */,
				EA0FC9381A87DE5800D62625 /* FoundationExtension.swift in Sources */,
				EA7AA36B1AA26597003383BE /* SBConstants.swift in Sources */,
				EA6650FD1AA00B95001BA40C /* Message.swift in Sources */,
				EAD7B2AB1A9F0BE700FA6740 /* DesignableViews.swift in Sources */,
				EA6650FC1AA00B95001BA40C /* Connection.swift in Sources */,
				EA6650E61AA00A82001BA40C /* WaveView.swift in Sources */,
				EAAA42871AB24D5F00056EFF /* CandidateBubble.swift in Sources */,
				EA55F1381AD522C60042CBB2 /* NotificationCenter.swift in Sources */,
				EA24C2751AD8F60900C40AAD /* _Message.swift in Sources */,
				EAB79B701AD912EB00D9875A /* PKHUDExtension.swift in Sources */,
				EACF216C1AD73BBA00938CD0 /* PermissionViewControllers.swift in Sources */,
				EACF21681AD7245C00938CD0 /* CloudsViewController.swift in Sources */,
				EA755A331ADDA4D8004B4A1D /* NewConnectionViewController.swift in Sources */,
				EA72FB1F1AD180F1009F853F /* NewGameTransition.swift in Sources */,
				EAAD921F1ACF4EFA0014BA25 /* ProvisioningProfile.swift in Sources */,
				EA2AB70E1A8A00F200D42C6C /* GameViewController.swift in Sources */,
				EA0FC9431A87DE5800D62625 /* FetchViewModel.swift in Sources */,
				EA396FF01AB52BF8009EB60B /* PageViewController.swift in Sources */,
				EA2A38E61AD8A141005708D2 /* MeteorService.swift in Sources */,
				EA0FC9341A87DE5800D62625 /* MeteorCDStack.swift in Sources */,
				EA72FB1D1AD1805B009F853F /* LoadingViewController.swift in Sources */,
				EACF21661AD70CB300938CD0 /* SwiftExtensions.swift in Sources */,
				EA755A361ADDA591004B4A1D /* PulsingView.swift in Sources */,
				EA0FC93A1A87DE5800D62625 /* ReactiveCocoaExtension.swift in Sources */,
				EA409D391A8C681A00988B8B /* FacebookExtension.swift in Sources */,
				EA520B881ADCBFE70047B789 /* HomeViewController.swift in Sources */,
				EA0FC9411A87DE5800D62625 /* ArrayViewModel.swift in Sources */,
				EA24C2761AD8F60900C40AAD /* _User.swift in Sources */,
				EA6650FE1AA00B95001BA40C /* User.swift in Sources */,
			);
			runOnlyForDeploymentPostprocessing = 0;
		};
		EA9F354E1A74CC6900E0C65D /* Sources */ = {
			isa = PBXSourcesBuildPhase;
			buildActionMask = 2147483647;
			files = (
				EA9F35591A74CC6900E0C65D /* KetchTests.swift in Sources */,
				EAC8D3F61AA7269F00BCB7B9 /* FetchViewModel.swift in Sources */,
				EAC8D3F81AA7289400BCB7B9 /* ArrayViewModel.swift in Sources */,
				EAC8D3F71AA7278900BCB7B9 /* ViewProviders.swift in Sources */,
			);
			runOnlyForDeploymentPostprocessing = 0;
		};
/* End PBXSourcesBuildPhase section */

/* Begin PBXTargetDependency section */
		EA9F35541A74CC6900E0C65D /* PBXTargetDependency */ = {
			isa = PBXTargetDependency;
			target = EA9F35391A74CC6900E0C65D /* Ketch */;
			targetProxy = EA9F35531A74CC6900E0C65D /* PBXContainerItemProxy */;
		};
/* End PBXTargetDependency section */

/* Begin PBXVariantGroup section */
		EA7004641ACF912A00D0E467 /* Signup.storyboard */ = {
			isa = PBXVariantGroup;
			children = (
				EA7004631ACF912A00D0E467 /* Base */,
			);
			name = Signup.storyboard;
			sourceTree = "<group>";
		};
		EA9A6ACE1AAFDE19009EDD6D /* Localizable.strings */ = {
			isa = PBXVariantGroup;
			children = (
				EA9A6ACF1AAFDFA2009EDD6D /* en */,
			);
			name = Localizable.strings;
			sourceTree = "<group>";
		};
		EA9F35461A74CC6900E0C65D /* Main.storyboard */ = {
			isa = PBXVariantGroup;
			children = (
				EA9F35471A74CC6900E0C65D /* Base */,
			);
			name = Main.storyboard;
			sourceTree = "<group>";
		};
		EA9F354B1A74CC6900E0C65D /* LaunchScreen.xib */ = {
			isa = PBXVariantGroup;
			children = (
				EA9F354C1A74CC6900E0C65D /* Base */,
			);
			name = LaunchScreen.xib;
			sourceTree = "<group>";
		};
		EABF2AB51AD04659005880E7 /* InfoPlist.strings */ = {
			isa = PBXVariantGroup;
			children = (
				EABF2AB41AD04659005880E7 /* en */,
			);
			name = InfoPlist.strings;
			sourceTree = "<group>";
		};
/* End PBXVariantGroup section */

/* Begin XCBuildConfiguration section */
		EA9F355A1A74CC6900E0C65D /* Debug */ = {
			isa = XCBuildConfiguration;
			baseConfigurationReference = EABD43D81AA1D28700B07813 /* Dev.xcconfig */;
			buildSettings = {
				ALWAYS_SEARCH_USER_PATHS = NO;
				CLANG_CXX_LANGUAGE_STANDARD = "gnu++0x";
				CLANG_CXX_LIBRARY = "libc++";
				CLANG_ENABLE_MODULES = YES;
				CLANG_ENABLE_OBJC_ARC = YES;
				CLANG_WARN_BOOL_CONVERSION = YES;
				CLANG_WARN_CONSTANT_CONVERSION = YES;
				CLANG_WARN_DIRECT_OBJC_ISA_USAGE = YES_ERROR;
				CLANG_WARN_EMPTY_BODY = YES;
				CLANG_WARN_ENUM_CONVERSION = YES;
				CLANG_WARN_INT_CONVERSION = YES;
				CLANG_WARN_OBJC_ROOT_CLASS = YES_ERROR;
				CLANG_WARN_UNREACHABLE_CODE = YES;
				CLANG_WARN__DUPLICATE_METHOD_MATCH = YES;
				CODE_SIGN_IDENTITY = "iPhone Developer";
				COPY_PHASE_STRIP = NO;
				ENABLE_STRICT_OBJC_MSGSEND = YES;
				GCC_C_LANGUAGE_STANDARD = gnu99;
				GCC_DYNAMIC_NO_PIC = NO;
				GCC_OPTIMIZATION_LEVEL = 0;
				GCC_PREPROCESSOR_DEFINITIONS = (
					"DEBUG=1",
					"$(inherited)",
				);
				GCC_SYMBOLS_PRIVATE_EXTERN = NO;
				GCC_WARN_64_TO_32_BIT_CONVERSION = YES;
				GCC_WARN_ABOUT_RETURN_TYPE = YES_ERROR;
				GCC_WARN_UNDECLARED_SELECTOR = YES;
				GCC_WARN_UNINITIALIZED_AUTOS = YES_AGGRESSIVE;
				GCC_WARN_UNUSED_FUNCTION = YES;
				GCC_WARN_UNUSED_VARIABLE = YES;
				IPHONEOS_DEPLOYMENT_TARGET = 8.1;
				MOMC_NO_INVERSE_RELATIONSHIP_WARNINGS = YES;
				MTL_ENABLE_DEBUG_INFO = YES;
				ONLY_ACTIVE_ARCH = YES;
				SDKROOT = iphoneos;
				SWIFT_OPTIMIZATION_LEVEL = "-Onone";
			};
			name = Debug;
		};
		EA9F355B1A74CC6900E0C65D /* Release */ = {
			isa = XCBuildConfiguration;
			baseConfigurationReference = EABD43D81AA1D28700B07813 /* Dev.xcconfig */;
			buildSettings = {
				ALWAYS_SEARCH_USER_PATHS = NO;
				CLANG_CXX_LANGUAGE_STANDARD = "gnu++0x";
				CLANG_CXX_LIBRARY = "libc++";
				CLANG_ENABLE_MODULES = YES;
				CLANG_ENABLE_OBJC_ARC = YES;
				CLANG_WARN_BOOL_CONVERSION = YES;
				CLANG_WARN_CONSTANT_CONVERSION = YES;
				CLANG_WARN_DIRECT_OBJC_ISA_USAGE = YES_ERROR;
				CLANG_WARN_EMPTY_BODY = YES;
				CLANG_WARN_ENUM_CONVERSION = YES;
				CLANG_WARN_INT_CONVERSION = YES;
				CLANG_WARN_OBJC_ROOT_CLASS = YES_ERROR;
				CLANG_WARN_UNREACHABLE_CODE = YES;
				CLANG_WARN__DUPLICATE_METHOD_MATCH = YES;
				CODE_SIGN_IDENTITY = "iPhone Developer";
				COPY_PHASE_STRIP = YES;
				ENABLE_NS_ASSERTIONS = NO;
				ENABLE_STRICT_OBJC_MSGSEND = YES;
				GCC_C_LANGUAGE_STANDARD = gnu99;
				GCC_WARN_64_TO_32_BIT_CONVERSION = YES;
				GCC_WARN_ABOUT_RETURN_TYPE = YES_ERROR;
				GCC_WARN_UNDECLARED_SELECTOR = YES;
				GCC_WARN_UNINITIALIZED_AUTOS = YES_AGGRESSIVE;
				GCC_WARN_UNUSED_FUNCTION = YES;
				GCC_WARN_UNUSED_VARIABLE = YES;
				IPHONEOS_DEPLOYMENT_TARGET = 8.1;
				MOMC_NO_INVERSE_RELATIONSHIP_WARNINGS = YES;
				MTL_ENABLE_DEBUG_INFO = NO;
				SDKROOT = iphoneos;
				VALIDATE_PRODUCT = YES;
			};
			name = Release;
		};
		EA9F355D1A74CC6900E0C65D /* Debug */ = {
			isa = XCBuildConfiguration;
			baseConfigurationReference = 2CD850D0B9EC2938BA5CEB59 /* Pods.debug.xcconfig */;
			buildSettings = {
				BUNDLE_BUILD = 0;
				CLANG_ENABLE_MODULES = YES;
				CODE_SIGN_IDENTITY = "$(CUSTOM_CODE_SIGN_IDENTITY)";
				FRAMEWORK_SEARCH_PATHS = (
					"$(inherited)",
					"$(PROJECT_DIR)",
				);
				INFOPLIST_FILE = "$(SRCROOT)/Ketch/Ketch-Info.plist";
				LD_RUNPATH_SEARCH_PATHS = "$(inherited) @executable_path/Frameworks";
				PRODUCT_NAME = "$(TARGET_NAME)";
				PROVISIONING_PROFILE = "$(CUSTOM_PROVISIONING_PROFILE)";
				SWIFT_OBJC_BRIDGING_HEADER = "Ketch/Ketch-Bridging.h";
				SWIFT_OPTIMIZATION_LEVEL = "-Onone";
			};
			name = Debug;
		};
		EA9F355E1A74CC6900E0C65D /* Release */ = {
			isa = XCBuildConfiguration;
			baseConfigurationReference = 0686ABB348D06D87DA844419 /* Pods.release.xcconfig */;
			buildSettings = {
				BUNDLE_BUILD = 0;
				CLANG_ENABLE_MODULES = YES;
				CODE_SIGN_IDENTITY = "$(CUSTOM_CODE_SIGN_IDENTITY)";
				FRAMEWORK_SEARCH_PATHS = (
					"$(inherited)",
					"$(PROJECT_DIR)",
				);
				INFOPLIST_FILE = "$(SRCROOT)/Ketch/Ketch-Info.plist";
				LD_RUNPATH_SEARCH_PATHS = "$(inherited) @executable_path/Frameworks";
				PRODUCT_NAME = "$(TARGET_NAME)";
				PROVISIONING_PROFILE = "$(CUSTOM_PROVISIONING_PROFILE)";
				SWIFT_OBJC_BRIDGING_HEADER = "Ketch/Ketch-Bridging.h";
			};
			name = Release;
		};
		EA9F35601A74CC6900E0C65D /* Debug */ = {
			isa = XCBuildConfiguration;
			baseConfigurationReference = 2CD850D0B9EC2938BA5CEB59 /* Pods.debug.xcconfig */;
			buildSettings = {
				FRAMEWORK_SEARCH_PATHS = (
					"$(SDKROOT)/Developer/Library/Frameworks",
					"$(inherited)",
				);
				GCC_PREPROCESSOR_DEFINITIONS = (
					"DEBUG=1",
					"$(inherited)",
				);
				INFOPLIST_FILE = KetchTests/Info.plist;
				LD_RUNPATH_SEARCH_PATHS = "$(inherited) @executable_path/Frameworks @loader_path/Frameworks";
				PRODUCT_NAME = "$(TARGET_NAME)";
			};
			name = Debug;
		};
		EA9F35611A74CC6900E0C65D /* Release */ = {
			isa = XCBuildConfiguration;
			baseConfigurationReference = 0686ABB348D06D87DA844419 /* Pods.release.xcconfig */;
			buildSettings = {
				FRAMEWORK_SEARCH_PATHS = (
					"$(SDKROOT)/Developer/Library/Frameworks",
					"$(inherited)",
				);
				INFOPLIST_FILE = KetchTests/Info.plist;
				LD_RUNPATH_SEARCH_PATHS = "$(inherited) @executable_path/Frameworks @loader_path/Frameworks";
				PRODUCT_NAME = "$(TARGET_NAME)";
			};
			name = Release;
		};
/* End XCBuildConfiguration section */

/* Begin XCConfigurationList section */
		EA9F35351A74CC6900E0C65D /* Build configuration list for PBXProject "Ketch" */ = {
			isa = XCConfigurationList;
			buildConfigurations = (
				EA9F355A1A74CC6900E0C65D /* Debug */,
				EA9F355B1A74CC6900E0C65D /* Release */,
			);
			defaultConfigurationIsVisible = 0;
			defaultConfigurationName = Release;
		};
		EA9F355C1A74CC6900E0C65D /* Build configuration list for PBXNativeTarget "Ketch" */ = {
			isa = XCConfigurationList;
			buildConfigurations = (
				EA9F355D1A74CC6900E0C65D /* Debug */,
				EA9F355E1A74CC6900E0C65D /* Release */,
			);
			defaultConfigurationIsVisible = 0;
			defaultConfigurationName = Release;
		};
		EA9F355F1A74CC6900E0C65D /* Build configuration list for PBXNativeTarget "KetchTests" */ = {
			isa = XCConfigurationList;
			buildConfigurations = (
				EA9F35601A74CC6900E0C65D /* Debug */,
				EA9F35611A74CC6900E0C65D /* Release */,
			);
			defaultConfigurationIsVisible = 0;
			defaultConfigurationName = Release;
		};
/* End XCConfigurationList section */

/* Begin XCVersionGroup section */
		EA5634DF1A7741FF00F62B52 /* Ketch.xcdatamodeld */ = {
			isa = XCVersionGroup;
			children = (
				EA5634E01A7741FF00F62B52 /* Ketch.xcdatamodel */,
			);
			currentVersion = EA5634E01A7741FF00F62B52 /* Ketch.xcdatamodel */;
			path = Ketch.xcdatamodeld;
			sourceTree = "<group>";
			versionGroupType = wrapper.xcdatamodel;
		};
/* End XCVersionGroup section */
	};
	rootObject = EA9F35321A74CC6900E0C65D /* Project object */;
}
