// !$*UTF8*$!
{
	archiveVersion = 1;
	classes = {
	};
	objectVersion = 46;
	objects = {

/* Begin PBXAggregateTarget section */
		EAFD13C41A7744F700754556 /* Mogenerator */ = {
			isa = PBXAggregateTarget;
			buildConfigurationList = EAFD13C71A7744F700754556 /* Build configuration list for PBXAggregateTarget "Mogenerator" */;
			buildPhases = (
				EAFD13C81A77450000754556 /* ShellScript */,
			);
			dependencies = (
			);
			name = Mogenerator;
			productName = Mogenerator;
		};
/* End PBXAggregateTarget section */

/* Begin PBXBuildFile section */
		44E19D671B859E037A1401D8 /* Pods.framework in Frameworks */ = {isa = PBXBuildFile; fileRef = D38E9CB79C25FDAE97BD9D3D /* Pods.framework */; settings = {ATTRIBUTES = (Weak, ); }; };
		EA02CCF21A96ED03004C3009 /* KetchIcon.otf in Resources */ = {isa = PBXBuildFile; fileRef = EA02CCF11A96ED03004C3009 /* KetchIcon.otf */; };
		EA0FC9341A87DE5800D62625 /* MeteorCDStack.swift in Sources */ = {isa = PBXBuildFile; fileRef = EA0FC91F1A87DE5800D62625 /* MeteorCDStack.swift */; };
		EA0FC9351A87DE5800D62625 /* MeteorExtension.swift in Sources */ = {isa = PBXBuildFile; fileRef = EA0FC9201A87DE5800D62625 /* MeteorExtension.swift */; };
		EA0FC9361A87DE5800D62625 /* SugarRecordExtension.swift in Sources */ = {isa = PBXBuildFile; fileRef = EA0FC9211A87DE5800D62625 /* SugarRecordExtension.swift */; };
		EA0FC9371A87DE5800D62625 /* BaseViewController.swift in Sources */ = {isa = PBXBuildFile; fileRef = EA0FC9221A87DE5800D62625 /* BaseViewController.swift */; };
		EA0FC9381A87DE5800D62625 /* FoundationExtension.swift in Sources */ = {isa = PBXBuildFile; fileRef = EA0FC9231A87DE5800D62625 /* FoundationExtension.swift */; };
		EA0FC9391A87DE5800D62625 /* Logging.swift in Sources */ = {isa = PBXBuildFile; fileRef = EA0FC9241A87DE5800D62625 /* Logging.swift */; };
		EA0FC93A1A87DE5800D62625 /* ReactiveCocoaExtension.swift in Sources */ = {isa = PBXBuildFile; fileRef = EA0FC9251A87DE5800D62625 /* ReactiveCocoaExtension.swift */; };
		EA0FC93B1A87DE5800D62625 /* Segue.swift in Sources */ = {isa = PBXBuildFile; fileRef = EA0FC9261A87DE5800D62625 /* Segue.swift */; };
		EA0FC93C1A87DE5800D62625 /* UIKitExtension.swift in Sources */ = {isa = PBXBuildFile; fileRef = EA0FC9271A87DE5800D62625 /* UIKitExtension.swift */; };
		EA0FC9411A87DE5800D62625 /* ArrayViewModel.swift in Sources */ = {isa = PBXBuildFile; fileRef = EA0FC92F1A87DE5800D62625 /* ArrayViewModel.swift */; };
		EA0FC9421A87DE5800D62625 /* BaseViewModel.swift in Sources */ = {isa = PBXBuildFile; fileRef = EA0FC9301A87DE5800D62625 /* BaseViewModel.swift */; };
		EA0FC9431A87DE5800D62625 /* FetchViewModel.swift in Sources */ = {isa = PBXBuildFile; fileRef = EA0FC9311A87DE5800D62625 /* FetchViewModel.swift */; };
		EA0FC9441A87DE5800D62625 /* ViewProviders.swift in Sources */ = {isa = PBXBuildFile; fileRef = EA0FC9321A87DE5800D62625 /* ViewProviders.swift */; };
		EA163CFB1A85FAF000C2589B /* EditPhotoCell.swift in Sources */ = {isa = PBXBuildFile; fileRef = EA163CFA1A85FAF000C2589B /* EditPhotoCell.swift */; };
		EA163CFD1A85FAFE00C2589B /* EditPhotoCell.xib in Resources */ = {isa = PBXBuildFile; fileRef = EA163CFC1A85FAFE00C2589B /* EditPhotoCell.xib */; };
		EA1970071A83549300FEBA7F /* ChatViewController.swift in Sources */ = {isa = PBXBuildFile; fileRef = EA196FEE1A83549300FEBA7F /* ChatViewController.swift */; };
		EA1970121A83549300FEBA7F /* EditProfileView.xib in Resources */ = {isa = PBXBuildFile; fileRef = EA196FFC1A83549300FEBA7F /* EditProfileView.xib */; };
		EA1970131A83549300FEBA7F /* EditProfileViewController.swift in Sources */ = {isa = PBXBuildFile; fileRef = EA196FFD1A83549300FEBA7F /* EditProfileViewController.swift */; };
		EA1970141A83549300FEBA7F /* ProfileView.xib in Resources */ = {isa = PBXBuildFile; fileRef = EA196FFE1A83549300FEBA7F /* ProfileView.xib */; };
		EA1970151A83549300FEBA7F /* ProfileViewController.swift in Sources */ = {isa = PBXBuildFile; fileRef = EA196FFF1A83549300FEBA7F /* ProfileViewController.swift */; };
		EA1970161A83549300FEBA7F /* SettingsView.xib in Resources */ = {isa = PBXBuildFile; fileRef = EA1970011A83549300FEBA7F /* SettingsView.xib */; };
		EA1970171A83549300FEBA7F /* SettingsViewController.swift in Sources */ = {isa = PBXBuildFile; fileRef = EA1970021A83549300FEBA7F /* SettingsViewController.swift */; };
		EA1970181A83549300FEBA7F /* SignupView.xib in Resources */ = {isa = PBXBuildFile; fileRef = EA1970041A83549300FEBA7F /* SignupView.xib */; };
		EA1970191A83549300FEBA7F /* SignupViewController.swift in Sources */ = {isa = PBXBuildFile; fileRef = EA1970051A83549300FEBA7F /* SignupViewController.swift */; };
		EA1DA37F1A8D188B00433093 /* NewConnectionViewController.swift in Sources */ = {isa = PBXBuildFile; fileRef = EA1DA37E1A8D188B00433093 /* NewConnectionViewController.swift */; };
		EA1DA3811A8D189400433093 /* NewConnectionView.xib in Resources */ = {isa = PBXBuildFile; fileRef = EA1DA3801A8D189400433093 /* NewConnectionView.xib */; };
		EA2AB70E1A8A00F200D42C6C /* GameViewController.swift in Sources */ = {isa = PBXBuildFile; fileRef = EA2AB70D1A8A00F200D42C6C /* GameViewController.swift */; };
		EA2AB7101A8A00FC00D42C6C /* GameView.xib in Resources */ = {isa = PBXBuildFile; fileRef = EA2AB70F1A8A00FC00D42C6C /* GameView.xib */; };
		EA31049B1A99C3850069D6AD /* KetchIcon.swift in Sources */ = {isa = PBXBuildFile; fileRef = EA31049A1A99C3850069D6AD /* KetchIcon.swift */; };
		EA341D841A8C875500A6077B /* ChatView.xib in Resources */ = {isa = PBXBuildFile; fileRef = EA341D831A8C875500A6077B /* ChatView.xib */; };
		EA341D9E1A8C88CC00A6077B /* JSQMessagesAssets.bundle in Resources */ = {isa = PBXBuildFile; fileRef = EA341D861A8C88CC00A6077B /* JSQMessagesAssets.bundle */; };
		EA341D9F1A8C88CC00A6077B /* JSQMessagesCollectionViewCellIncoming.xib in Resources */ = {isa = PBXBuildFile; fileRef = EA341D871A8C88CC00A6077B /* JSQMessagesCollectionViewCellIncoming.xib */; };
		EA341DA01A8C88CC00A6077B /* JSQMessagesCollectionViewCellOutgoing.xib in Resources */ = {isa = PBXBuildFile; fileRef = EA341D881A8C88CC00A6077B /* JSQMessagesCollectionViewCellOutgoing.xib */; };
		EA341DA11A8C88CC00A6077B /* JSQMessagesLoadEarlierHeaderView.xib in Resources */ = {isa = PBXBuildFile; fileRef = EA341D891A8C88CC00A6077B /* JSQMessagesLoadEarlierHeaderView.xib */; };
		EA341DA21A8C88CC00A6077B /* JSQMessagesToolbarContentView.xib in Resources */ = {isa = PBXBuildFile; fileRef = EA341D8A1A8C88CC00A6077B /* JSQMessagesToolbarContentView.xib */; };
		EA341DA31A8C88CC00A6077B /* JSQMessagesTypingIndicatorFooterView.xib in Resources */ = {isa = PBXBuildFile; fileRef = EA341D8B1A8C88CC00A6077B /* JSQMessagesTypingIndicatorFooterView.xib */; };
		EA341DA41A8C88CC00A6077B /* JSQMessagesViewController.xib in Resources */ = {isa = PBXBuildFile; fileRef = EA341D8C1A8C88CC00A6077B /* JSQMessagesViewController.xib */; };
		EA341DA51A8C88CC00A6077B /* JSQMessages.strings in Resources */ = {isa = PBXBuildFile; fileRef = EA341D8E1A8C88CC00A6077B /* JSQMessages.strings */; };
		EA3777721A966EC10055DE99 /* TransatTextBlack.otf in Resources */ = {isa = PBXBuildFile; fileRef = EA37776D1A966EC10055DE99 /* TransatTextBlack.otf */; };
		EA3777731A966EC10055DE99 /* TransatTextBold.otf in Resources */ = {isa = PBXBuildFile; fileRef = EA37776E1A966EC10055DE99 /* TransatTextBold.otf */; };
		EA3777741A966EC10055DE99 /* TransatTextLight.otf in Resources */ = {isa = PBXBuildFile; fileRef = EA37776F1A966EC10055DE99 /* TransatTextLight.otf */; };
		EA3777751A966EC10055DE99 /* TransatTextMedium.otf in Resources */ = {isa = PBXBuildFile; fileRef = EA3777701A966EC10055DE99 /* TransatTextMedium.otf */; };
		EA3777761A966EC10055DE99 /* TransatTextStandard.otf in Resources */ = {isa = PBXBuildFile; fileRef = EA3777711A966EC10055DE99 /* TransatTextStandard.otf */; };
		EA409D391A8C681A00988B8B /* FacebookExtension.swift in Sources */ = {isa = PBXBuildFile; fileRef = EA409D381A8C681A00988B8B /* FacebookExtension.swift */; };
		EA409D3F1A8C75F600988B8B /* ConnectionCell.swift in Sources */ = {isa = PBXBuildFile; fileRef = EA409D3B1A8C75F600988B8B /* ConnectionCell.swift */; };
		EA409D401A8C75F600988B8B /* MarryConnectionCell.xib in Resources */ = {isa = PBXBuildFile; fileRef = EA409D3C1A8C75F600988B8B /* MarryConnectionCell.xib */; };
		EA409D411A8C75F600988B8B /* DockView.xib in Resources */ = {isa = PBXBuildFile; fileRef = EA409D3D1A8C75F600988B8B /* DockView.xib */; };
		EA409D421A8C75F600988B8B /* DockViewController.swift in Sources */ = {isa = PBXBuildFile; fileRef = EA409D3E1A8C75F600988B8B /* DockViewController.swift */; };
		EA409D441A8C7CAA00988B8B /* KeepConnectionCell.xib in Resources */ = {isa = PBXBuildFile; fileRef = EA409D431A8C7CAA00988B8B /* KeepConnectionCell.xib */; };
		EA5634E11A7741FF00F62B52 /* Ketch.xcdatamodeld in Sources */ = {isa = PBXBuildFile; fileRef = EA5634DF1A7741FF00F62B52 /* Ketch.xcdatamodeld */; };
		EA6650E11AA00999001BA40C /* TransparentView.swift in Sources */ = {isa = PBXBuildFile; fileRef = EA6650E01AA00999001BA40C /* TransparentView.swift */; };
		EA6650E61AA00A82001BA40C /* KetchBackgroundView.swift in Sources */ = {isa = PBXBuildFile; fileRef = EA6650E31AA00A82001BA40C /* KetchBackgroundView.swift */; };
		EA6650E71AA00A82001BA40C /* KetchBackgroundView.xib in Resources */ = {isa = PBXBuildFile; fileRef = EA6650E41AA00A82001BA40C /* KetchBackgroundView.xib */; };
		EA6650E81AA00A82001BA40C /* UserAvatarView.swift in Sources */ = {isa = PBXBuildFile; fileRef = EA6650E51AA00A82001BA40C /* UserAvatarView.swift */; };
		EA6650EC1AA00A9C001BA40C /* CandidateService.swift in Sources */ = {isa = PBXBuildFile; fileRef = EA6650EA1AA00A9C001BA40C /* CandidateService.swift */; };
		EA6650ED1AA00A9C001BA40C /* CoreService.swift in Sources */ = {isa = PBXBuildFile; fileRef = EA6650EB1AA00A9C001BA40C /* CoreService.swift */; };
		EA6650F71AA00B95001BA40C /* _Candidate.swift in Sources */ = {isa = PBXBuildFile; fileRef = EA6650EF1AA00B95001BA40C /* _Candidate.swift */; };
		EA6650F81AA00B95001BA40C /* _Connection.swift in Sources */ = {isa = PBXBuildFile; fileRef = EA6650F01AA00B95001BA40C /* _Connection.swift */; };
		EA6650F91AA00B95001BA40C /* _Message.swift in Sources */ = {isa = PBXBuildFile; fileRef = EA6650F11AA00B95001BA40C /* _Message.swift */; };
		EA6650FA1AA00B95001BA40C /* _User.swift in Sources */ = {isa = PBXBuildFile; fileRef = EA6650F21AA00B95001BA40C /* _User.swift */; };
		EA6650FB1AA00B95001BA40C /* Candidate.swift in Sources */ = {isa = PBXBuildFile; fileRef = EA6650F31AA00B95001BA40C /* Candidate.swift */; };
		EA6650FC1AA00B95001BA40C /* Connection.swift in Sources */ = {isa = PBXBuildFile; fileRef = EA6650F41AA00B95001BA40C /* Connection.swift */; };
		EA6650FD1AA00B95001BA40C /* Message.swift in Sources */ = {isa = PBXBuildFile; fileRef = EA6650F51AA00B95001BA40C /* Message.swift */; };
		EA6650FE1AA00B95001BA40C /* User.swift in Sources */ = {isa = PBXBuildFile; fileRef = EA6650F61AA00B95001BA40C /* User.swift */; };
		EA66510E1AA0C7C8001BA40C /* WelcomeView.xib in Resources */ = {isa = PBXBuildFile; fileRef = EA66510D1AA0C7C8001BA40C /* WelcomeView.xib */; };
		EA6651101AA0C7D1001BA40C /* WelcomeViewController.swift in Sources */ = {isa = PBXBuildFile; fileRef = EA66510F1AA0C7D1001BA40C /* WelcomeViewController.swift */; };
		EA7AA3601AA246FD003383BE /* StyleKit.swift in Sources */ = {isa = PBXBuildFile; fileRef = EA7AA35F1AA246FD003383BE /* StyleKit.swift */; };
		EA9F35401A74CC6900E0C65D /* AppDelegate.swift in Sources */ = {isa = PBXBuildFile; fileRef = EA9F353F1A74CC6900E0C65D /* AppDelegate.swift */; };
		EA9F35481A74CC6900E0C65D /* Main.storyboard in Resources */ = {isa = PBXBuildFile; fileRef = EA9F35461A74CC6900E0C65D /* Main.storyboard */; };
		EA9F354A1A74CC6900E0C65D /* Images.xcassets in Resources */ = {isa = PBXBuildFile; fileRef = EA9F35491A74CC6900E0C65D /* Images.xcassets */; };
		EA9F354D1A74CC6900E0C65D /* LaunchScreen.xib in Resources */ = {isa = PBXBuildFile; fileRef = EA9F354B1A74CC6900E0C65D /* LaunchScreen.xib */; };
		EA9F35591A74CC6900E0C65D /* KetchTests.swift in Sources */ = {isa = PBXBuildFile; fileRef = EA9F35581A74CC6900E0C65D /* KetchTests.swift */; };
		EAB54E3D1AA0E2EB00A44883 /* SettingsBackgroundView.swift in Sources */ = {isa = PBXBuildFile; fileRef = EAB54E3C1AA0E2EB00A44883 /* SettingsBackgroundView.swift */; };
		EABD86651A88B50400F8B822 /* Localizable.strings in Resources */ = {isa = PBXBuildFile; fileRef = EABD86641A88B50400F8B822 /* Localizable.strings */; };
		EAD7B2AB1A9F0BE700FA6740 /* DesignableViews.swift in Sources */ = {isa = PBXBuildFile; fileRef = EAD7B2AA1A9F0BE700FA6740 /* DesignableViews.swift */; };
		EAF195CF1A827FAD00A2F103 /* Ketch-Bridging.m in Sources */ = {isa = PBXBuildFile; fileRef = EAF195CE1A827FAC00A2F103 /* Ketch-Bridging.m */; };
		EAF4D7621A79AA5E00D35330 /* RootViewController.swift in Sources */ = {isa = PBXBuildFile; fileRef = EAF4D74F1A79AA5E00D35330 /* RootViewController.swift */; };
		F95D95DF1A84A1170068F090 /* MediaPlayer.framework in Frameworks */ = {isa = PBXBuildFile; fileRef = F95D95DE1A84A1170068F090 /* MediaPlayer.framework */; };
		F996C71E1A81F1D100314FF8 /* CoreMedia.framework in Frameworks */ = {isa = PBXBuildFile; fileRef = F996C71D1A81F1D100314FF8 /* CoreMedia.framework */; };
		F996C7201A81F1D800314FF8 /* CoreVideo.framework in Frameworks */ = {isa = PBXBuildFile; fileRef = F996C71F1A81F1D800314FF8 /* CoreVideo.framework */; };
		F996C7221A81F1E000314FF8 /* AVFoundation.framework in Frameworks */ = {isa = PBXBuildFile; fileRef = F996C7211A81F1E000314FF8 /* AVFoundation.framework */; };
		F996C7241A81F1E700314FF8 /* QuartzCore.framework in Frameworks */ = {isa = PBXBuildFile; fileRef = F996C7231A81F1E700314FF8 /* QuartzCore.framework */; };
		F996C7261A81F1F200314FF8 /* OpenGLES.framework in Frameworks */ = {isa = PBXBuildFile; fileRef = F996C7251A81F1F200314FF8 /* OpenGLES.framework */; };
/* End PBXBuildFile section */

/* Begin PBXContainerItemProxy section */
		EA9F35531A74CC6900E0C65D /* PBXContainerItemProxy */ = {
			isa = PBXContainerItemProxy;
			containerPortal = EA9F35321A74CC6900E0C65D /* Project object */;
			proxyType = 1;
			remoteGlobalIDString = EA9F35391A74CC6900E0C65D;
			remoteInfo = Ketch;
		};
/* End PBXContainerItemProxy section */

/* Begin PBXFileReference section */
		0686ABB348D06D87DA844419 /* Pods.release.xcconfig */ = {isa = PBXFileReference; includeInIndex = 1; lastKnownFileType = text.xcconfig; name = Pods.release.xcconfig; path = "Pods/Target Support Files/Pods/Pods.release.xcconfig"; sourceTree = "<group>"; };
		2CD850D0B9EC2938BA5CEB59 /* Pods.debug.xcconfig */ = {isa = PBXFileReference; includeInIndex = 1; lastKnownFileType = text.xcconfig; name = Pods.debug.xcconfig; path = "Pods/Target Support Files/Pods/Pods.debug.xcconfig"; sourceTree = "<group>"; };
		D38E9CB79C25FDAE97BD9D3D /* Pods.framework */ = {isa = PBXFileReference; explicitFileType = wrapper.framework; includeInIndex = 0; path = Pods.framework; sourceTree = BUILT_PRODUCTS_DIR; };
		EA02CCF11A96ED03004C3009 /* KetchIcon.otf */ = {isa = PBXFileReference; lastKnownFileType = file; path = KetchIcon.otf; sourceTree = "<group>"; };
		EA0FC91F1A87DE5800D62625 /* MeteorCDStack.swift */ = {isa = PBXFileReference; fileEncoding = 4; lastKnownFileType = sourcecode.swift; path = MeteorCDStack.swift; sourceTree = "<group>"; };
		EA0FC9201A87DE5800D62625 /* MeteorExtension.swift */ = {isa = PBXFileReference; fileEncoding = 4; lastKnownFileType = sourcecode.swift; path = MeteorExtension.swift; sourceTree = "<group>"; };
		EA0FC9211A87DE5800D62625 /* SugarRecordExtension.swift */ = {isa = PBXFileReference; fileEncoding = 4; lastKnownFileType = sourcecode.swift; path = SugarRecordExtension.swift; sourceTree = "<group>"; };
		EA0FC9221A87DE5800D62625 /* BaseViewController.swift */ = {isa = PBXFileReference; fileEncoding = 4; lastKnownFileType = sourcecode.swift; path = BaseViewController.swift; sourceTree = "<group>"; };
		EA0FC9231A87DE5800D62625 /* FoundationExtension.swift */ = {isa = PBXFileReference; fileEncoding = 4; lastKnownFileType = sourcecode.swift; path = FoundationExtension.swift; sourceTree = "<group>"; };
		EA0FC9241A87DE5800D62625 /* Logging.swift */ = {isa = PBXFileReference; fileEncoding = 4; lastKnownFileType = sourcecode.swift; path = Logging.swift; sourceTree = "<group>"; };
		EA0FC9251A87DE5800D62625 /* ReactiveCocoaExtension.swift */ = {isa = PBXFileReference; fileEncoding = 4; lastKnownFileType = sourcecode.swift; path = ReactiveCocoaExtension.swift; sourceTree = "<group>"; };
		EA0FC9261A87DE5800D62625 /* Segue.swift */ = {isa = PBXFileReference; fileEncoding = 4; lastKnownFileType = sourcecode.swift; path = Segue.swift; sourceTree = "<group>"; };
		EA0FC9271A87DE5800D62625 /* UIKitExtension.swift */ = {isa = PBXFileReference; fileEncoding = 4; lastKnownFileType = sourcecode.swift; path = UIKitExtension.swift; sourceTree = "<group>"; };
		EA0FC92F1A87DE5800D62625 /* ArrayViewModel.swift */ = {isa = PBXFileReference; fileEncoding = 4; lastKnownFileType = sourcecode.swift; path = ArrayViewModel.swift; sourceTree = "<group>"; };
		EA0FC9301A87DE5800D62625 /* BaseViewModel.swift */ = {isa = PBXFileReference; fileEncoding = 4; lastKnownFileType = sourcecode.swift; path = BaseViewModel.swift; sourceTree = "<group>"; };
		EA0FC9311A87DE5800D62625 /* FetchViewModel.swift */ = {isa = PBXFileReference; fileEncoding = 4; lastKnownFileType = sourcecode.swift; path = FetchViewModel.swift; sourceTree = "<group>"; };
		EA0FC9321A87DE5800D62625 /* ViewProviders.swift */ = {isa = PBXFileReference; fileEncoding = 4; lastKnownFileType = sourcecode.swift; path = ViewProviders.swift; sourceTree = "<group>"; };
		EA163CFA1A85FAF000C2589B /* EditPhotoCell.swift */ = {isa = PBXFileReference; fileEncoding = 4; lastKnownFileType = sourcecode.swift; path = EditPhotoCell.swift; sourceTree = "<group>"; };
		EA163CFC1A85FAFE00C2589B /* EditPhotoCell.xib */ = {isa = PBXFileReference; fileEncoding = 4; lastKnownFileType = file.xib; path = EditPhotoCell.xib; sourceTree = "<group>"; };
		EA196FEE1A83549300FEBA7F /* ChatViewController.swift */ = {isa = PBXFileReference; fileEncoding = 4; lastKnownFileType = sourcecode.swift; path = ChatViewController.swift; sourceTree = "<group>"; };
		EA196FFC1A83549300FEBA7F /* EditProfileView.xib */ = {isa = PBXFileReference; fileEncoding = 4; lastKnownFileType = file.xib; path = EditProfileView.xib; sourceTree = "<group>"; };
		EA196FFD1A83549300FEBA7F /* EditProfileViewController.swift */ = {isa = PBXFileReference; fileEncoding = 4; lastKnownFileType = sourcecode.swift; path = EditProfileViewController.swift; sourceTree = "<group>"; };
		EA196FFE1A83549300FEBA7F /* ProfileView.xib */ = {isa = PBXFileReference; fileEncoding = 4; lastKnownFileType = file.xib; path = ProfileView.xib; sourceTree = "<group>"; };
		EA196FFF1A83549300FEBA7F /* ProfileViewController.swift */ = {isa = PBXFileReference; fileEncoding = 4; lastKnownFileType = sourcecode.swift; path = ProfileViewController.swift; sourceTree = "<group>"; };
		EA1970011A83549300FEBA7F /* SettingsView.xib */ = {isa = PBXFileReference; fileEncoding = 4; lastKnownFileType = file.xib; path = SettingsView.xib; sourceTree = "<group>"; };
		EA1970021A83549300FEBA7F /* SettingsViewController.swift */ = {isa = PBXFileReference; fileEncoding = 4; lastKnownFileType = sourcecode.swift; path = SettingsViewController.swift; sourceTree = "<group>"; };
		EA1970041A83549300FEBA7F /* SignupView.xib */ = {isa = PBXFileReference; fileEncoding = 4; lastKnownFileType = file.xib; path = SignupView.xib; sourceTree = "<group>"; };
		EA1970051A83549300FEBA7F /* SignupViewController.swift */ = {isa = PBXFileReference; fileEncoding = 4; lastKnownFileType = sourcecode.swift; path = SignupViewController.swift; sourceTree = "<group>"; };
		EA1DA37E1A8D188B00433093 /* NewConnectionViewController.swift */ = {isa = PBXFileReference; fileEncoding = 4; lastKnownFileType = sourcecode.swift; path = NewConnectionViewController.swift; sourceTree = "<group>"; };
		EA1DA3801A8D189400433093 /* NewConnectionView.xib */ = {isa = PBXFileReference; fileEncoding = 4; lastKnownFileType = file.xib; path = NewConnectionView.xib; sourceTree = "<group>"; };
		EA2AB70D1A8A00F200D42C6C /* GameViewController.swift */ = {isa = PBXFileReference; fileEncoding = 4; lastKnownFileType = sourcecode.swift; path = GameViewController.swift; sourceTree = "<group>"; };
		EA2AB70F1A8A00FC00D42C6C /* GameView.xib */ = {isa = PBXFileReference; fileEncoding = 4; lastKnownFileType = file.xib; path = GameView.xib; sourceTree = "<group>"; };
		EA31049A1A99C3850069D6AD /* KetchIcon.swift */ = {isa = PBXFileReference; fileEncoding = 4; lastKnownFileType = sourcecode.swift; path = KetchIcon.swift; sourceTree = "<group>"; };
		EA341D831A8C875500A6077B /* ChatView.xib */ = {isa = PBXFileReference; fileEncoding = 4; lastKnownFileType = file.xib; path = ChatView.xib; sourceTree = "<group>"; };
		EA341D861A8C88CC00A6077B /* JSQMessagesAssets.bundle */ = {isa = PBXFileReference; lastKnownFileType = "wrapper.plug-in"; path = JSQMessagesAssets.bundle; sourceTree = "<group>"; };
		EA341D871A8C88CC00A6077B /* JSQMessagesCollectionViewCellIncoming.xib */ = {isa = PBXFileReference; fileEncoding = 4; lastKnownFileType = file.xib; path = JSQMessagesCollectionViewCellIncoming.xib; sourceTree = "<group>"; };
		EA341D881A8C88CC00A6077B /* JSQMessagesCollectionViewCellOutgoing.xib */ = {isa = PBXFileReference; fileEncoding = 4; lastKnownFileType = file.xib; path = JSQMessagesCollectionViewCellOutgoing.xib; sourceTree = "<group>"; };
		EA341D891A8C88CC00A6077B /* JSQMessagesLoadEarlierHeaderView.xib */ = {isa = PBXFileReference; fileEncoding = 4; lastKnownFileType = file.xib; path = JSQMessagesLoadEarlierHeaderView.xib; sourceTree = "<group>"; };
		EA341D8A1A8C88CC00A6077B /* JSQMessagesToolbarContentView.xib */ = {isa = PBXFileReference; fileEncoding = 4; lastKnownFileType = file.xib; path = JSQMessagesToolbarContentView.xib; sourceTree = "<group>"; };
		EA341D8B1A8C88CC00A6077B /* JSQMessagesTypingIndicatorFooterView.xib */ = {isa = PBXFileReference; fileEncoding = 4; lastKnownFileType = file.xib; path = JSQMessagesTypingIndicatorFooterView.xib; sourceTree = "<group>"; };
		EA341D8C1A8C88CC00A6077B /* JSQMessagesViewController.xib */ = {isa = PBXFileReference; fileEncoding = 4; lastKnownFileType = file.xib; path = JSQMessagesViewController.xib; sourceTree = "<group>"; };
		EA341D8F1A8C88CC00A6077B /* Base */ = {isa = PBXFileReference; lastKnownFileType = text.plist.strings; name = Base; path = Base.lproj/JSQMessages.strings; sourceTree = "<group>"; };
		EA341D901A8C88CC00A6077B /* de */ = {isa = PBXFileReference; lastKnownFileType = text.plist.strings; name = de; path = de.lproj/JSQMessages.strings; sourceTree = "<group>"; };
		EA341D911A8C88CC00A6077B /* en */ = {isa = PBXFileReference; lastKnownFileType = text.plist.strings; name = en; path = en.lproj/JSQMessages.strings; sourceTree = "<group>"; };
		EA341D921A8C88CC00A6077B /* es */ = {isa = PBXFileReference; lastKnownFileType = text.plist.strings; name = es; path = es.lproj/JSQMessages.strings; sourceTree = "<group>"; };
		EA341D931A8C88CC00A6077B /* fr */ = {isa = PBXFileReference; lastKnownFileType = text.plist.strings; name = fr; path = fr.lproj/JSQMessages.strings; sourceTree = "<group>"; };
		EA341D941A8C88CC00A6077B /* he */ = {isa = PBXFileReference; lastKnownFileType = text.plist.strings; name = he; path = he.lproj/JSQMessages.strings; sourceTree = "<group>"; };
		EA341D951A8C88CC00A6077B /* it */ = {isa = PBXFileReference; lastKnownFileType = text.plist.strings; name = it; path = it.lproj/JSQMessages.strings; sourceTree = "<group>"; };
		EA341D961A8C88CC00A6077B /* nl */ = {isa = PBXFileReference; lastKnownFileType = text.plist.strings; name = nl; path = nl.lproj/JSQMessages.strings; sourceTree = "<group>"; };
		EA341D971A8C88CC00A6077B /* pl */ = {isa = PBXFileReference; lastKnownFileType = text.plist.strings; name = pl; path = pl.lproj/JSQMessages.strings; sourceTree = "<group>"; };
		EA341D981A8C88CC00A6077B /* pt */ = {isa = PBXFileReference; lastKnownFileType = text.plist.strings; name = pt; path = pt.lproj/JSQMessages.strings; sourceTree = "<group>"; };
		EA341D991A8C88CC00A6077B /* ro */ = {isa = PBXFileReference; lastKnownFileType = text.plist.strings; name = ro; path = ro.lproj/JSQMessages.strings; sourceTree = "<group>"; };
		EA341D9A1A8C88CC00A6077B /* ru */ = {isa = PBXFileReference; lastKnownFileType = text.plist.strings; name = ru; path = ru.lproj/JSQMessages.strings; sourceTree = "<group>"; };
		EA341D9B1A8C88CC00A6077B /* tr */ = {isa = PBXFileReference; lastKnownFileType = text.plist.strings; name = tr; path = tr.lproj/JSQMessages.strings; sourceTree = "<group>"; };
		EA341D9C1A8C88CC00A6077B /* zh-Hans */ = {isa = PBXFileReference; lastKnownFileType = text.plist.strings; name = "zh-Hans"; path = "zh-Hans.lproj/JSQMessages.strings"; sourceTree = "<group>"; };
		EA341D9D1A8C88CC00A6077B /* zh-Hant */ = {isa = PBXFileReference; lastKnownFileType = text.plist.strings; name = "zh-Hant"; path = "zh-Hant.lproj/JSQMessages.strings"; sourceTree = "<group>"; };
		EA37776D1A966EC10055DE99 /* TransatTextBlack.otf */ = {isa = PBXFileReference; lastKnownFileType = file; path = TransatTextBlack.otf; sourceTree = "<group>"; };
		EA37776E1A966EC10055DE99 /* TransatTextBold.otf */ = {isa = PBXFileReference; lastKnownFileType = file; path = TransatTextBold.otf; sourceTree = "<group>"; };
		EA37776F1A966EC10055DE99 /* TransatTextLight.otf */ = {isa = PBXFileReference; lastKnownFileType = file; path = TransatTextLight.otf; sourceTree = "<group>"; };
		EA3777701A966EC10055DE99 /* TransatTextMedium.otf */ = {isa = PBXFileReference; lastKnownFileType = file; path = TransatTextMedium.otf; sourceTree = "<group>"; };
		EA3777711A966EC10055DE99 /* TransatTextStandard.otf */ = {isa = PBXFileReference; lastKnownFileType = file; path = TransatTextStandard.otf; sourceTree = "<group>"; };
		EA409D381A8C681A00988B8B /* FacebookExtension.swift */ = {isa = PBXFileReference; fileEncoding = 4; lastKnownFileType = sourcecode.swift; path = FacebookExtension.swift; sourceTree = "<group>"; };
		EA409D3B1A8C75F600988B8B /* ConnectionCell.swift */ = {isa = PBXFileReference; fileEncoding = 4; lastKnownFileType = sourcecode.swift; path = ConnectionCell.swift; sourceTree = "<group>"; };
		EA409D3C1A8C75F600988B8B /* MarryConnectionCell.xib */ = {isa = PBXFileReference; fileEncoding = 4; lastKnownFileType = file.xib; path = MarryConnectionCell.xib; sourceTree = "<group>"; };
		EA409D3D1A8C75F600988B8B /* DockView.xib */ = {isa = PBXFileReference; fileEncoding = 4; lastKnownFileType = file.xib; path = DockView.xib; sourceTree = "<group>"; };
		EA409D3E1A8C75F600988B8B /* DockViewController.swift */ = {isa = PBXFileReference; fileEncoding = 4; lastKnownFileType = sourcecode.swift; path = DockViewController.swift; sourceTree = "<group>"; };
		EA409D431A8C7CAA00988B8B /* KeepConnectionCell.xib */ = {isa = PBXFileReference; fileEncoding = 4; lastKnownFileType = file.xib; path = KeepConnectionCell.xib; sourceTree = "<group>"; };
		EA5634E01A7741FF00F62B52 /* Ketch.xcdatamodel */ = {isa = PBXFileReference; lastKnownFileType = wrapper.xcdatamodel; path = Ketch.xcdatamodel; sourceTree = "<group>"; };
		EA6650E01AA00999001BA40C /* TransparentView.swift */ = {isa = PBXFileReference; fileEncoding = 4; lastKnownFileType = sourcecode.swift; path = TransparentView.swift; sourceTree = "<group>"; };
		EA6650E31AA00A82001BA40C /* KetchBackgroundView.swift */ = {isa = PBXFileReference; fileEncoding = 4; lastKnownFileType = sourcecode.swift; path = KetchBackgroundView.swift; sourceTree = "<group>"; };
		EA6650E41AA00A82001BA40C /* KetchBackgroundView.xib */ = {isa = PBXFileReference; fileEncoding = 4; lastKnownFileType = file.xib; path = KetchBackgroundView.xib; sourceTree = "<group>"; };
		EA6650E51AA00A82001BA40C /* UserAvatarView.swift */ = {isa = PBXFileReference; fileEncoding = 4; lastKnownFileType = sourcecode.swift; path = UserAvatarView.swift; sourceTree = "<group>"; };
		EA6650EA1AA00A9C001BA40C /* CandidateService.swift */ = {isa = PBXFileReference; fileEncoding = 4; lastKnownFileType = sourcecode.swift; path = CandidateService.swift; sourceTree = "<group>"; };
		EA6650EB1AA00A9C001BA40C /* CoreService.swift */ = {isa = PBXFileReference; fileEncoding = 4; lastKnownFileType = sourcecode.swift; path = CoreService.swift; sourceTree = "<group>"; };
		EA6650EF1AA00B95001BA40C /* _Candidate.swift */ = {isa = PBXFileReference; fileEncoding = 4; lastKnownFileType = sourcecode.swift; path = _Candidate.swift; sourceTree = "<group>"; };
		EA6650F01AA00B95001BA40C /* _Connection.swift */ = {isa = PBXFileReference; fileEncoding = 4; lastKnownFileType = sourcecode.swift; path = _Connection.swift; sourceTree = "<group>"; };
		EA6650F11AA00B95001BA40C /* _Message.swift */ = {isa = PBXFileReference; fileEncoding = 4; lastKnownFileType = sourcecode.swift; path = _Message.swift; sourceTree = "<group>"; };
		EA6650F21AA00B95001BA40C /* _User.swift */ = {isa = PBXFileReference; fileEncoding = 4; lastKnownFileType = sourcecode.swift; path = _User.swift; sourceTree = "<group>"; };
		EA6650F31AA00B95001BA40C /* Candidate.swift */ = {isa = PBXFileReference; fileEncoding = 4; lastKnownFileType = sourcecode.swift; path = Candidate.swift; sourceTree = "<group>"; };
		EA6650F41AA00B95001BA40C /* Connection.swift */ = {isa = PBXFileReference; fileEncoding = 4; lastKnownFileType = sourcecode.swift; path = Connection.swift; sourceTree = "<group>"; };
		EA6650F51AA00B95001BA40C /* Message.swift */ = {isa = PBXFileReference; fileEncoding = 4; lastKnownFileType = sourcecode.swift; path = Message.swift; sourceTree = "<group>"; };
		EA6650F61AA00B95001BA40C /* User.swift */ = {isa = PBXFileReference; fileEncoding = 4; lastKnownFileType = sourcecode.swift; path = User.swift; sourceTree = "<group>"; };
		EA66510D1AA0C7C8001BA40C /* WelcomeView.xib */ = {isa = PBXFileReference; fileEncoding = 4; lastKnownFileType = file.xib; path = WelcomeView.xib; sourceTree = "<group>"; };
		EA66510F1AA0C7D1001BA40C /* WelcomeViewController.swift */ = {isa = PBXFileReference; fileEncoding = 4; lastKnownFileType = sourcecode.swift; path = WelcomeViewController.swift; sourceTree = "<group>"; };
		EA7AA35F1AA246FD003383BE /* StyleKit.swift */ = {isa = PBXFileReference; fileEncoding = 4; lastKnownFileType = sourcecode.swift; path = StyleKit.swift; sourceTree = "<group>"; };
		EA9F353A1A74CC6900E0C65D /* Ketch.app */ = {isa = PBXFileReference; explicitFileType = wrapper.application; includeInIndex = 0; path = Ketch.app; sourceTree = BUILT_PRODUCTS_DIR; };
		EA9F353E1A74CC6900E0C65D /* Ketch-Info.plist */ = {isa = PBXFileReference; lastKnownFileType = text.plist.xml; path = "Ketch-Info.plist"; sourceTree = "<group>"; };
		EA9F353F1A74CC6900E0C65D /* AppDelegate.swift */ = {isa = PBXFileReference; lastKnownFileType = sourcecode.swift; path = AppDelegate.swift; sourceTree = "<group>"; };
		EA9F35471A74CC6900E0C65D /* Base */ = {isa = PBXFileReference; lastKnownFileType = file.storyboard; name = Base; path = Base.lproj/Main.storyboard; sourceTree = "<group>"; };
		EA9F35491A74CC6900E0C65D /* Images.xcassets */ = {isa = PBXFileReference; lastKnownFileType = folder.assetcatalog; path = Images.xcassets; sourceTree = "<group>"; };
		EA9F354C1A74CC6900E0C65D /* Base */ = {isa = PBXFileReference; lastKnownFileType = file.xib; name = Base; path = Base.lproj/LaunchScreen.xib; sourceTree = "<group>"; };
		EA9F35521A74CC6900E0C65D /* KetchTests.xctest */ = {isa = PBXFileReference; explicitFileType = wrapper.cfbundle; includeInIndex = 0; path = KetchTests.xctest; sourceTree = BUILT_PRODUCTS_DIR; };
		EA9F35571A74CC6900E0C65D /* Info.plist */ = {isa = PBXFileReference; lastKnownFileType = text.plist.xml; path = Info.plist; sourceTree = "<group>"; };
		EA9F35581A74CC6900E0C65D /* KetchTests.swift */ = {isa = PBXFileReference; lastKnownFileType = sourcecode.swift; path = KetchTests.swift; sourceTree = "<group>"; };
		EA9F35621A74CD8800E0C65D /* Ketch-Bridging.h */ = {isa = PBXFileReference; lastKnownFileType = sourcecode.c.h; name = "Ketch-Bridging.h"; path = "Ketch/Ketch-Bridging.h"; sourceTree = SOURCE_ROOT; };
		EAB54E3C1AA0E2EB00A44883 /* SettingsBackgroundView.swift */ = {isa = PBXFileReference; fileEncoding = 4; lastKnownFileType = sourcecode.swift; path = SettingsBackgroundView.swift; sourceTree = "<group>"; };
		EABD43D81AA1D28700B07813 /* Dev.xcconfig */ = {isa = PBXFileReference; lastKnownFileType = text.xcconfig; path = Dev.xcconfig; sourceTree = "<group>"; };
		EABD43D91AA1D29C00B07813 /* Beta.xcconfig */ = {isa = PBXFileReference; fileEncoding = 4; lastKnownFileType = text.xcconfig; path = Beta.xcconfig; sourceTree = "<group>"; };
		EABD43DA1AA1D29C00B07813 /* Prod.xcconfig */ = {isa = PBXFileReference; fileEncoding = 4; lastKnownFileType = text.xcconfig; path = Prod.xcconfig; sourceTree = "<group>"; };
		EABD86641A88B50400F8B822 /* Localizable.strings */ = {isa = PBXFileReference; fileEncoding = 4; lastKnownFileType = text.plist.strings; path = Localizable.strings; sourceTree = "<group>"; };
		EAD7B2AA1A9F0BE700FA6740 /* DesignableViews.swift */ = {isa = PBXFileReference; fileEncoding = 4; lastKnownFileType = sourcecode.swift; path = DesignableViews.swift; sourceTree = "<group>"; };
		EAF195CE1A827FAC00A2F103 /* Ketch-Bridging.m */ = {isa = PBXFileReference; fileEncoding = 4; lastKnownFileType = sourcecode.c.objc; path = "Ketch-Bridging.m"; sourceTree = "<group>"; };
		EAF4D74F1A79AA5E00D35330 /* RootViewController.swift */ = {isa = PBXFileReference; fileEncoding = 4; lastKnownFileType = sourcecode.swift; path = RootViewController.swift; sourceTree = "<group>"; };
		F95D95DE1A84A1170068F090 /* MediaPlayer.framework */ = {isa = PBXFileReference; lastKnownFileType = wrapper.framework; name = MediaPlayer.framework; path = System/Library/Frameworks/MediaPlayer.framework; sourceTree = SDKROOT; };
		F996C71D1A81F1D100314FF8 /* CoreMedia.framework */ = {isa = PBXFileReference; lastKnownFileType = wrapper.framework; name = CoreMedia.framework; path = System/Library/Frameworks/CoreMedia.framework; sourceTree = SDKROOT; };
		F996C71F1A81F1D800314FF8 /* CoreVideo.framework */ = {isa = PBXFileReference; lastKnownFileType = wrapper.framework; name = CoreVideo.framework; path = System/Library/Frameworks/CoreVideo.framework; sourceTree = SDKROOT; };
		F996C7211A81F1E000314FF8 /* AVFoundation.framework */ = {isa = PBXFileReference; lastKnownFileType = wrapper.framework; name = AVFoundation.framework; path = System/Library/Frameworks/AVFoundation.framework; sourceTree = SDKROOT; };
		F996C7231A81F1E700314FF8 /* QuartzCore.framework */ = {isa = PBXFileReference; lastKnownFileType = wrapper.framework; name = QuartzCore.framework; path = System/Library/Frameworks/QuartzCore.framework; sourceTree = SDKROOT; };
		F996C7251A81F1F200314FF8 /* OpenGLES.framework */ = {isa = PBXFileReference; lastKnownFileType = wrapper.framework; name = OpenGLES.framework; path = System/Library/Frameworks/OpenGLES.framework; sourceTree = SDKROOT; };
/* End PBXFileReference section */

/* Begin PBXFrameworksBuildPhase section */
		EA9F35371A74CC6900E0C65D /* Frameworks */ = {
			isa = PBXFrameworksBuildPhase;
			buildActionMask = 2147483647;
			files = (
				F95D95DF1A84A1170068F090 /* MediaPlayer.framework in Frameworks */,
				F996C7261A81F1F200314FF8 /* OpenGLES.framework in Frameworks */,
				F996C7241A81F1E700314FF8 /* QuartzCore.framework in Frameworks */,
				F996C7221A81F1E000314FF8 /* AVFoundation.framework in Frameworks */,
				F996C7201A81F1D800314FF8 /* CoreVideo.framework in Frameworks */,
				F996C71E1A81F1D100314FF8 /* CoreMedia.framework in Frameworks */,
				44E19D671B859E037A1401D8 /* Pods.framework in Frameworks */,
			);
			runOnlyForDeploymentPostprocessing = 0;
		};
		EA9F354F1A74CC6900E0C65D /* Frameworks */ = {
			isa = PBXFrameworksBuildPhase;
			buildActionMask = 2147483647;
			files = (
			);
			runOnlyForDeploymentPostprocessing = 0;
		};
/* End PBXFrameworksBuildPhase section */

/* Begin PBXGroup section */
		2C9F4D1EF3D7E4C4FBB0AEDB /* Frameworks */ = {
			isa = PBXGroup;
			children = (
				F95D95DE1A84A1170068F090 /* MediaPlayer.framework */,
				F996C7251A81F1F200314FF8 /* OpenGLES.framework */,
				F996C7231A81F1E700314FF8 /* QuartzCore.framework */,
				F996C7211A81F1E000314FF8 /* AVFoundation.framework */,
				F996C71F1A81F1D800314FF8 /* CoreVideo.framework */,
				F996C71D1A81F1D100314FF8 /* CoreMedia.framework */,
				D38E9CB79C25FDAE97BD9D3D /* Pods.framework */,
			);
			name = Frameworks;
			sourceTree = "<group>";
		};
		DDD7116BC0015396F5321D26 /* Pods */ = {
			isa = PBXGroup;
			children = (
				2CD850D0B9EC2938BA5CEB59 /* Pods.debug.xcconfig */,
				0686ABB348D06D87DA844419 /* Pods.release.xcconfig */,
			);
			name = Pods;
			sourceTree = "<group>";
		};
		EA0FC91C1A87DE5800D62625 /* Common */ = {
			isa = PBXGroup;
			children = (
				EA0FC91E1A87DE5800D62625 /* Backend */,
				EA0FC92E1A87DE5800D62625 /* ViewModels */,
				EAD7B2A91A9F0BC100FA6740 /* Views */,
				EA0FC9221A87DE5800D62625 /* BaseViewController.swift */,
				EA0FC9261A87DE5800D62625 /* Segue.swift */,
				EA0FC9231A87DE5800D62625 /* FoundationExtension.swift */,
				EA0FC9271A87DE5800D62625 /* UIKitExtension.swift */,
				EA0FC9251A87DE5800D62625 /* ReactiveCocoaExtension.swift */,
				EA0FC9241A87DE5800D62625 /* Logging.swift */,
				EA409D381A8C681A00988B8B /* FacebookExtension.swift */,
			);
			path = Common;
			sourceTree = "<group>";
		};
		EA0FC91E1A87DE5800D62625 /* Backend */ = {
			isa = PBXGroup;
			children = (
				EA0FC91F1A87DE5800D62625 /* MeteorCDStack.swift */,
				EA0FC9201A87DE5800D62625 /* MeteorExtension.swift */,
				EA0FC9211A87DE5800D62625 /* SugarRecordExtension.swift */,
			);
			path = Backend;
			sourceTree = "<group>";
		};
		EA0FC92E1A87DE5800D62625 /* ViewModels */ = {
			isa = PBXGroup;
			children = (
				EA0FC92F1A87DE5800D62625 /* ArrayViewModel.swift */,
				EA0FC9301A87DE5800D62625 /* BaseViewModel.swift */,
				EA0FC9311A87DE5800D62625 /* FetchViewModel.swift */,
				EA0FC9321A87DE5800D62625 /* ViewProviders.swift */,
			);
			path = ViewModels;
			sourceTree = "<group>";
		};
		EA196FEC1A83549300FEBA7F /* Chat */ = {
			isa = PBXGroup;
			children = (
				EA341D831A8C875500A6077B /* ChatView.xib */,
				EA196FEE1A83549300FEBA7F /* ChatViewController.swift */,
			);
			path = Chat;
			sourceTree = "<group>";
		};
		EA196FFB1A83549300FEBA7F /* Profile */ = {
			isa = PBXGroup;
			children = (
				EA163CFC1A85FAFE00C2589B /* EditPhotoCell.xib */,
				EA163CFA1A85FAF000C2589B /* EditPhotoCell.swift */,
				EA196FFC1A83549300FEBA7F /* EditProfileView.xib */,
				EA196FFD1A83549300FEBA7F /* EditProfileViewController.swift */,
				EA196FFE1A83549300FEBA7F /* ProfileView.xib */,
				EA196FFF1A83549300FEBA7F /* ProfileViewController.swift */,
			);
			path = Profile;
			sourceTree = "<group>";
		};
		EA1970001A83549300FEBA7F /* Settings */ = {
			isa = PBXGroup;
			children = (
				EA1970011A83549300FEBA7F /* SettingsView.xib */,
				EA1970021A83549300FEBA7F /* SettingsViewController.swift */,
				EAB54E3C1AA0E2EB00A44883 /* SettingsBackgroundView.swift */,
			);
			path = Settings;
			sourceTree = "<group>";
		};
		EA1970031A83549300FEBA7F /* Signup */ = {
			isa = PBXGroup;
			children = (
				EA1970041A83549300FEBA7F /* SignupView.xib */,
				EA1970051A83549300FEBA7F /* SignupViewController.swift */,
			);
			path = Signup;
			sourceTree = "<group>";
		};
		EA1DA37D1A8D187D00433093 /* New Connection */ = {
			isa = PBXGroup;
			children = (
				EA1DA37E1A8D188B00433093 /* NewConnectionViewController.swift */,
				EA1DA3801A8D189400433093 /* NewConnectionView.xib */,
			);
			name = "New Connection";
			path = NewConnection;
			sourceTree = "<group>";
		};
		EA2AB70C1A8A00E300D42C6C /* Game */ = {
			isa = PBXGroup;
			children = (
				EA2AB70D1A8A00F200D42C6C /* GameViewController.swift */,
				EA2AB70F1A8A00FC00D42C6C /* GameView.xib */,
			);
			path = Game;
			sourceTree = "<group>";
		};
		EA341D851A8C88CC00A6077B /* ThirdPartyBundleResources */ = {
			isa = PBXGroup;
			children = (
				EA341D861A8C88CC00A6077B /* JSQMessagesAssets.bundle */,
				EA341D871A8C88CC00A6077B /* JSQMessagesCollectionViewCellIncoming.xib */,
				EA341D881A8C88CC00A6077B /* JSQMessagesCollectionViewCellOutgoing.xib */,
				EA341D891A8C88CC00A6077B /* JSQMessagesLoadEarlierHeaderView.xib */,
				EA341D8A1A8C88CC00A6077B /* JSQMessagesToolbarContentView.xib */,
				EA341D8B1A8C88CC00A6077B /* JSQMessagesTypingIndicatorFooterView.xib */,
				EA341D8C1A8C88CC00A6077B /* JSQMessagesViewController.xib */,
				EA341D8D1A8C88CC00A6077B /* JSQStrings */,
			);
			path = ThirdPartyBundleResources;
			sourceTree = "<group>";
		};
		EA341D8D1A8C88CC00A6077B /* JSQStrings */ = {
			isa = PBXGroup;
			children = (
				EA341D8E1A8C88CC00A6077B /* JSQMessages.strings */,
			);
			path = JSQStrings;
			sourceTree = "<group>";
		};
		EA37776C1A966E380055DE99 /* Fonts */ = {
			isa = PBXGroup;
			children = (
				EA31049A1A99C3850069D6AD /* KetchIcon.swift */,
				EA02CCF11A96ED03004C3009 /* KetchIcon.otf */,
				EA37776D1A966EC10055DE99 /* TransatTextBlack.otf */,
				EA37776E1A966EC10055DE99 /* TransatTextBold.otf */,
				EA37776F1A966EC10055DE99 /* TransatTextLight.otf */,
				EA3777701A966EC10055DE99 /* TransatTextMedium.otf */,
				EA3777711A966EC10055DE99 /* TransatTextStandard.otf */,
			);
			path = Fonts;
			sourceTree = "<group>";
		};
		EA409D3A1A8C75F600988B8B /* Dock */ = {
			isa = PBXGroup;
			children = (
				EA409D3B1A8C75F600988B8B /* ConnectionCell.swift */,
				EA409D431A8C7CAA00988B8B /* KeepConnectionCell.xib */,
				EA409D3C1A8C75F600988B8B /* MarryConnectionCell.xib */,
				EA409D3D1A8C75F600988B8B /* DockView.xib */,
				EA409D3E1A8C75F600988B8B /* DockViewController.swift */,
			);
			path = Dock;
			sourceTree = "<group>";
		};
		EA5634DE1A7741FF00F62B52 /* Models */ = {
			isa = PBXGroup;
			children = (
				EA6650EE1AA00B95001BA40C /* _Models */,
				EA6650F31AA00B95001BA40C /* Candidate.swift */,
				EA6650F41AA00B95001BA40C /* Connection.swift */,
				EA6650F51AA00B95001BA40C /* Message.swift */,
				EA6650F61AA00B95001BA40C /* User.swift */,
				EA5634DF1A7741FF00F62B52 /* Ketch.xcdatamodeld */,
			);
			path = Models;
			sourceTree = "<group>";
		};
		EA6650E21AA00A82001BA40C /* Shared */ = {
			isa = PBXGroup;
			children = (
				EA6650E31AA00A82001BA40C /* KetchBackgroundView.swift */,
				EA6650E41AA00A82001BA40C /* KetchBackgroundView.xib */,
				EA6650E51AA00A82001BA40C /* UserAvatarView.swift */,
			);
			path = Shared;
			sourceTree = "<group>";
		};
		EA6650E91AA00A9C001BA40C /* Services */ = {
			isa = PBXGroup;
			children = (
				EA6650EA1AA00A9C001BA40C /* CandidateService.swift */,
				EA6650EB1AA00A9C001BA40C /* CoreService.swift */,
			);
			path = Services;
			sourceTree = "<group>";
		};
		EA6650EE1AA00B95001BA40C /* _Models */ = {
			isa = PBXGroup;
			children = (
				EA6650EF1AA00B95001BA40C /* _Candidate.swift */,
				EA6650F01AA00B95001BA40C /* _Connection.swift */,
				EA6650F11AA00B95001BA40C /* _Message.swift */,
				EA6650F21AA00B95001BA40C /* _User.swift */,
			);
			path = _Models;
			sourceTree = "<group>";
		};
		EA66510C1AA0C7AF001BA40C /* Welcome */ = {
			isa = PBXGroup;
			children = (
				EA66510F1AA0C7D1001BA40C /* WelcomeViewController.swift */,
				EA66510D1AA0C7C8001BA40C /* WelcomeView.xib */,
			);
			path = Welcome;
			sourceTree = "<group>";
		};
		EA9F35311A74CC6900E0C65D = {
			isa = PBXGroup;
			children = (
				EA9F353C1A74CC6900E0C65D /* Ketch */,
				EA0FC91C1A87DE5800D62625 /* Common */,
				EA341D851A8C88CC00A6077B /* ThirdPartyBundleResources */,
				EA9F35551A74CC6900E0C65D /* KetchTests */,
				EA9F353B1A74CC6900E0C65D /* Products */,
				DDD7116BC0015396F5321D26 /* Pods */,
				2C9F4D1EF3D7E4C4FBB0AEDB /* Frameworks */,
			);
			sourceTree = "<group>";
		};
		EA9F353B1A74CC6900E0C65D /* Products */ = {
			isa = PBXGroup;
			children = (
				EA9F353A1A74CC6900E0C65D /* Ketch.app */,
				EA9F35521A74CC6900E0C65D /* KetchTests.xctest */,
			);
			name = Products;
			sourceTree = "<group>";
		};
		EA9F353C1A74CC6900E0C65D /* Ketch */ = {
			isa = PBXGroup;
			children = (
				EA6650E91AA00A9C001BA40C /* Services */,
				EA5634DE1A7741FF00F62B52 /* Models */,
				EAF4D7441A79AA5E00D35330 /* User Interface */,
				EA9F353F1A74CC6900E0C65D /* AppDelegate.swift */,
				EA9F35461A74CC6900E0C65D /* Main.storyboard */,
				EA9F35491A74CC6900E0C65D /* Images.xcassets */,
				EA9F354B1A74CC6900E0C65D /* LaunchScreen.xib */,
				EA9F353D1A74CC6900E0C65D /* Supporting Files */,
			);
			path = Ketch;
			sourceTree = "<group>";
		};
		EA9F353D1A74CC6900E0C65D /* Supporting Files */ = {
			isa = PBXGroup;
			children = (
				EABD43D71AA1D27400B07813 /* Configs */,
				EA37776C1A966E380055DE99 /* Fonts */,
				EA7AA35F1AA246FD003383BE /* StyleKit.swift */,
				EA9F35621A74CD8800E0C65D /* Ketch-Bridging.h */,
				EAF195CE1A827FAC00A2F103 /* Ketch-Bridging.m */,
				EA9F353E1A74CC6900E0C65D /* Ketch-Info.plist */,
				EABD86641A88B50400F8B822 /* Localizable.strings */,
			);
			name = "Supporting Files";
			sourceTree = "<group>";
		};
		EA9F35551A74CC6900E0C65D /* KetchTests */ = {
			isa = PBXGroup;
			children = (
				EA9F35581A74CC6900E0C65D /* KetchTests.swift */,
				EA9F35561A74CC6900E0C65D /* Supporting Files */,
			);
			path = KetchTests;
			sourceTree = "<group>";
		};
		EA9F35561A74CC6900E0C65D /* Supporting Files */ = {
			isa = PBXGroup;
			children = (
				EA9F35571A74CC6900E0C65D /* Info.plist */,
			);
			name = "Supporting Files";
			sourceTree = "<group>";
		};
		EABD43D71AA1D27400B07813 /* Configs */ = {
			isa = PBXGroup;
			children = (
				EABD43D81AA1D28700B07813 /* Dev.xcconfig */,
				EABD43D91AA1D29C00B07813 /* Beta.xcconfig */,
				EABD43DA1AA1D29C00B07813 /* Prod.xcconfig */,
			);
			path = Configs;
			sourceTree = "<group>";
		};
		EAD7B2A91A9F0BC100FA6740 /* Views */ = {
			isa = PBXGroup;
			children = (
				EAD7B2AA1A9F0BE700FA6740 /* DesignableViews.swift */,
				EA6650E01AA00999001BA40C /* TransparentView.swift */,
			);
			path = Views;
			sourceTree = "<group>";
		};
		EAF4D7441A79AA5E00D35330 /* User Interface */ = {
			isa = PBXGroup;
			children = (
				EA6650E21AA00A82001BA40C /* Shared */,
				EA2AB70C1A8A00E300D42C6C /* Game */,
				EA409D3A1A8C75F600988B8B /* Dock */,
				EA196FEC1A83549300FEBA7F /* Chat */,
				EA196FFB1A83549300FEBA7F /* Profile */,
				EA1970001A83549300FEBA7F /* Settings */,
				EA66510C1AA0C7AF001BA40C /* Welcome */,
				EA1970031A83549300FEBA7F /* Signup */,
				EA1DA37D1A8D187D00433093 /* New Connection */,
				EAF4D74F1A79AA5E00D35330 /* RootViewController.swift */,
			);
			name = "User Interface";
			path = UserInterface;
			sourceTree = "<group>";
		};
/* End PBXGroup section */

/* Begin PBXNativeTarget section */
		EA9F35391A74CC6900E0C65D /* Ketch */ = {
			isa = PBXNativeTarget;
			buildConfigurationList = EA9F355C1A74CC6900E0C65D /* Build configuration list for PBXNativeTarget "Ketch" */;
			buildPhases = (
				8DB42EE7C2D8B4A7B282AD75 /* Check Pods Manifest.lock */,
				EA9F35361A74CC6900E0C65D /* Sources */,
				EA9F35371A74CC6900E0C65D /* Frameworks */,
				EA9F35381A74CC6900E0C65D /* Resources */,
				75FEE40CAC4CCC98BBE5F3A2 /* Copy Pods Resources */,
				22B85F6A287D7401CC82E5E2 /* Embed Pods Frameworks */,
				EA7F26D91A891B6500629078 /* Upload DSYM to Fabric (Crashlytics) */,
			);
			buildRules = (
			);
			dependencies = (
			);
			name = Ketch;
			productName = Ketch;
			productReference = EA9F353A1A74CC6900E0C65D /* Ketch.app */;
			productType = "com.apple.product-type.application";
		};
		EA9F35511A74CC6900E0C65D /* KetchTests */ = {
			isa = PBXNativeTarget;
			buildConfigurationList = EA9F355F1A74CC6900E0C65D /* Build configuration list for PBXNativeTarget "KetchTests" */;
			buildPhases = (
				EA9F354E1A74CC6900E0C65D /* Sources */,
				EA9F354F1A74CC6900E0C65D /* Frameworks */,
				EA9F35501A74CC6900E0C65D /* Resources */,
			);
			buildRules = (
			);
			dependencies = (
				EA9F35541A74CC6900E0C65D /* PBXTargetDependency */,
			);
			name = KetchTests;
			productName = KetchTests;
			productReference = EA9F35521A74CC6900E0C65D /* KetchTests.xctest */;
			productType = "com.apple.product-type.bundle.unit-test";
		};
/* End PBXNativeTarget section */

/* Begin PBXProject section */
		EA9F35321A74CC6900E0C65D /* Project object */ = {
			isa = PBXProject;
			attributes = {
				LastUpgradeCheck = 0610;
				ORGANIZATIONNAME = Ketch;
				TargetAttributes = {
					EA9F35391A74CC6900E0C65D = {
						CreatedOnToolsVersion = 6.1.1;
						DevelopmentTeam = N25WYDCNJJ;
					};
					EA9F35511A74CC6900E0C65D = {
						CreatedOnToolsVersion = 6.1.1;
						TestTargetID = EA9F35391A74CC6900E0C65D;
					};
					EAFD13C41A7744F700754556 = {
						CreatedOnToolsVersion = 6.1.1;
					};
				};
			};
			buildConfigurationList = EA9F35351A74CC6900E0C65D /* Build configuration list for PBXProject "Ketch" */;
			compatibilityVersion = "Xcode 3.2";
			developmentRegion = English;
			hasScannedForEncodings = 0;
			knownRegions = (
				en,
				Base,
				de,
				es,
				fr,
				he,
				it,
				nl,
				pl,
				pt,
				ro,
				ru,
				tr,
				"zh-Hans",
				"zh-Hant",
			);
			mainGroup = EA9F35311A74CC6900E0C65D;
			productRefGroup = EA9F353B1A74CC6900E0C65D /* Products */;
			projectDirPath = "";
			projectRoot = "";
			targets = (
				EA9F35391A74CC6900E0C65D /* Ketch */,
				EA9F35511A74CC6900E0C65D /* KetchTests */,
				EAFD13C41A7744F700754556 /* Mogenerator */,
			);
		};
/* End PBXProject section */

/* Begin PBXResourcesBuildPhase section */
		EA9F35381A74CC6900E0C65D /* Resources */ = {
			isa = PBXResourcesBuildPhase;
			buildActionMask = 2147483647;
			files = (
				EABD86651A88B50400F8B822 /* Localizable.strings in Resources */,
				EA3777761A966EC10055DE99 /* TransatTextStandard.otf in Resources */,
				EA341DA51A8C88CC00A6077B /* JSQMessages.strings in Resources */,
				EA341DA41A8C88CC00A6077B /* JSQMessagesViewController.xib in Resources */,
				EA1970181A83549300FEBA7F /* SignupView.xib in Resources */,
				EA6650E71AA00A82001BA40C /* KetchBackgroundView.xib in Resources */,
				EA02CCF21A96ED03004C3009 /* KetchIcon.otf in Resources */,
				EA1DA3811A8D189400433093 /* NewConnectionView.xib in Resources */,
				EA409D411A8C75F600988B8B /* DockView.xib in Resources */,
				EA341DA11A8C88CC00A6077B /* JSQMessagesLoadEarlierHeaderView.xib in Resources */,
				EA409D401A8C75F600988B8B /* MarryConnectionCell.xib in Resources */,
				EA1970141A83549300FEBA7F /* ProfileView.xib in Resources */,
				EA3777741A966EC10055DE99 /* TransatTextLight.otf in Resources */,
				EA1970121A83549300FEBA7F /* EditProfileView.xib in Resources */,
				EA2AB7101A8A00FC00D42C6C /* GameView.xib in Resources */,
				EA9F35481A74CC6900E0C65D /* Main.storyboard in Resources */,
				EA341D841A8C875500A6077B /* ChatView.xib in Resources */,
				EA341DA01A8C88CC00A6077B /* JSQMessagesCollectionViewCellOutgoing.xib in Resources */,
				EA9F354D1A74CC6900E0C65D /* LaunchScreen.xib in Resources */,
				EA3777751A966EC10055DE99 /* TransatTextMedium.otf in Resources */,
				EA66510E1AA0C7C8001BA40C /* WelcomeView.xib in Resources */,
				EA9F354A1A74CC6900E0C65D /* Images.xcassets in Resources */,
				EA409D441A8C7CAA00988B8B /* KeepConnectionCell.xib in Resources */,
				EA3777731A966EC10055DE99 /* TransatTextBold.otf in Resources */,
				EA163CFD1A85FAFE00C2589B /* EditPhotoCell.xib in Resources */,
				EA3777721A966EC10055DE99 /* TransatTextBlack.otf in Resources */,
				EA1970161A83549300FEBA7F /* SettingsView.xib in Resources */,
				EA341D9E1A8C88CC00A6077B /* JSQMessagesAssets.bundle in Resources */,
				EA341DA31A8C88CC00A6077B /* JSQMessagesTypingIndicatorFooterView.xib in Resources */,
				EA341D9F1A8C88CC00A6077B /* JSQMessagesCollectionViewCellIncoming.xib in Resources */,
				EA341DA21A8C88CC00A6077B /* JSQMessagesToolbarContentView.xib in Resources */,
			);
			runOnlyForDeploymentPostprocessing = 0;
		};
		EA9F35501A74CC6900E0C65D /* Resources */ = {
			isa = PBXResourcesBuildPhase;
			buildActionMask = 2147483647;
			files = (
			);
			runOnlyForDeploymentPostprocessing = 0;
		};
/* End PBXResourcesBuildPhase section */

/* Begin PBXShellScriptBuildPhase section */
		22B85F6A287D7401CC82E5E2 /* Embed Pods Frameworks */ = {
			isa = PBXShellScriptBuildPhase;
			buildActionMask = 2147483647;
			files = (
			);
			inputPaths = (
			);
			name = "Embed Pods Frameworks";
			outputPaths = (
			);
			runOnlyForDeploymentPostprocessing = 0;
			shellPath = /bin/sh;
			shellScript = "\"${SRCROOT}/Pods/Target Support Files/Pods/Pods-frameworks.sh\"\n";
			showEnvVarsInLog = 0;
		};
		75FEE40CAC4CCC98BBE5F3A2 /* Copy Pods Resources */ = {
			isa = PBXShellScriptBuildPhase;
			buildActionMask = 2147483647;
			files = (
			);
			inputPaths = (
			);
			name = "Copy Pods Resources";
			outputPaths = (
			);
			runOnlyForDeploymentPostprocessing = 0;
			shellPath = /bin/sh;
			shellScript = "\"${SRCROOT}/Pods/Target Support Files/Pods/Pods-resources.sh\"\n";
			showEnvVarsInLog = 0;
		};
		8DB42EE7C2D8B4A7B282AD75 /* Check Pods Manifest.lock */ = {
			isa = PBXShellScriptBuildPhase;
			buildActionMask = 2147483647;
			files = (
			);
			inputPaths = (
			);
			name = "Check Pods Manifest.lock";
			outputPaths = (
			);
			runOnlyForDeploymentPostprocessing = 0;
			shellPath = /bin/sh;
			shellScript = "diff \"${PODS_ROOT}/../Podfile.lock\" \"${PODS_ROOT}/Manifest.lock\" > /dev/null\nif [[ $? != 0 ]] ; then\n    cat << EOM\nerror: The sandbox is not in sync with the Podfile.lock. Run 'pod install' or update your CocoaPods installation.\nEOM\n    exit 1\nfi\n";
			showEnvVarsInLog = 0;
		};
		EA7F26D91A891B6500629078 /* Upload DSYM to Fabric (Crashlytics) */ = {
			isa = PBXShellScriptBuildPhase;
			buildActionMask = 2147483647;
			files = (
			);
			inputPaths = (
			);
			name = "Upload DSYM to Fabric (Crashlytics)";
			outputPaths = (
			);
			runOnlyForDeploymentPostprocessing = 0;
			shellPath = /bin/sh;
			shellScript = "releaseConfig=\"Release\"\nif [ \"$releaseConfig\" = \"${CONFIGURATION}\" ]; then\n    echo \"Running Fabric Crashlytics\"\n    ./Pods/Fabric/Fabric.framework/run 4cdb005d0ddfebc8865c0a768de9b43c993e9113 83001519164842a323e4d70c5970b041c248835fec59db59b409f5b364e47f72\nfi";
		};
		EAFD13C81A77450000754556 /* ShellScript */ = {
			isa = PBXShellScriptBuildPhase;
			buildActionMask = 2147483647;
			files = (
			);
			inputPaths = (
			);
			outputPaths = (
			);
			runOnlyForDeploymentPostprocessing = 0;
			shellPath = /bin/sh;
			shellScript = "PATH=${PATH}:/usr/local/bin:/opt/local/bin\ncd Ketch\nmogenerator -m Models/Ketch.xcdatamodeld/Ketch.xcdatamodel/ --human-dir Models --machine-dir Models/_Models --swift\n";
		};
/* End PBXShellScriptBuildPhase section */

/* Begin PBXSourcesBuildPhase section */
		EA9F35361A74CC6900E0C65D /* Sources */ = {
			isa = PBXSourcesBuildPhase;
			buildActionMask = 2147483647;
			files = (
				EA1970151A83549300FEBA7F /* ProfileViewController.swift in Sources */,
				EAF195CF1A827FAD00A2F103 /* Ketch-Bridging.m in Sources */,
				EA1970171A83549300FEBA7F /* SettingsViewController.swift in Sources */,
				EA409D421A8C75F600988B8B /* DockViewController.swift in Sources */,
				EA7AA3601AA246FD003383BE /* StyleKit.swift in Sources */,
				EA6650E81AA00A82001BA40C /* UserAvatarView.swift in Sources */,
				EA0FC9371A87DE5800D62625 /* BaseViewController.swift in Sources */,
				EA6650FA1AA00B95001BA40C /* _User.swift in Sources */,
				EA0FC9351A87DE5800D62625 /* MeteorExtension.swift in Sources */,
				EA6650F71AA00B95001BA40C /* _Candidate.swift in Sources */,
				EA6650E11AA00999001BA40C /* TransparentView.swift in Sources */,
				EA409D3F1A8C75F600988B8B /* ConnectionCell.swift in Sources */,
				EA1DA37F1A8D188B00433093 /* NewConnectionViewController.swift in Sources */,
				EA5634E11A7741FF00F62B52 /* Ketch.xcdatamodeld in Sources */,
				EA6651101AA0C7D1001BA40C /* WelcomeViewController.swift in Sources */,
				EA0FC9441A87DE5800D62625 /* ViewProviders.swift in Sources */,
				EAB54E3D1AA0E2EB00A44883 /* SettingsBackgroundView.swift in Sources */,
				EA1970131A83549300FEBA7F /* EditProfileViewController.swift in Sources */,
				EA6650ED1AA00A9C001BA40C /* CoreService.swift in Sources */,
				EA6650F81AA00B95001BA40C /* _Connection.swift in Sources */,
				EA0FC93B1A87DE5800D62625 /* Segue.swift in Sources */,
				EAF4D7621A79AA5E00D35330 /* RootViewController.swift in Sources */,
				EA0FC9361A87DE5800D62625 /* SugarRecordExtension.swift in Sources */,
				EA0FC9391A87DE5800D62625 /* Logging.swift in Sources */,
				EA0FC93C1A87DE5800D62625 /* UIKitExtension.swift in Sources */,
				EA9F35401A74CC6900E0C65D /* AppDelegate.swift in Sources */,
				EA6650FB1AA00B95001BA40C /* Candidate.swift in Sources */,
				EA0FC9421A87DE5800D62625 /* BaseViewModel.swift in Sources */,
				EA31049B1A99C3850069D6AD /* KetchIcon.swift in Sources */,
				EA0FC9381A87DE5800D62625 /* FoundationExtension.swift in Sources */,
				EA6650FD1AA00B95001BA40C /* Message.swift in Sources */,
				EA6650F91AA00B95001BA40C /* _Message.swift in Sources */,
				EAD7B2AB1A9F0BE700FA6740 /* DesignableViews.swift in Sources */,
				EA6650FC1AA00B95001BA40C /* Connection.swift in Sources */,
				EA1970071A83549300FEBA7F /* ChatViewController.swift in Sources */,
				EA6650E61AA00A82001BA40C /* KetchBackgroundView.swift in Sources */,
				EA6650EC1AA00A9C001BA40C /* CandidateService.swift in Sources */,
				EA2AB70E1A8A00F200D42C6C /* GameViewController.swift in Sources */,
				EA0FC9431A87DE5800D62625 /* FetchViewModel.swift in Sources */,
				EA0FC9341A87DE5800D62625 /* MeteorCDStack.swift in Sources */,
				EA1970191A83549300FEBA7F /* SignupViewController.swift in Sources */,
				EA0FC93A1A87DE5800D62625 /* ReactiveCocoaExtension.swift in Sources */,
				EA409D391A8C681A00988B8B /* FacebookExtension.swift in Sources */,
				EA0FC9411A87DE5800D62625 /* ArrayViewModel.swift in Sources */,
				EA163CFB1A85FAF000C2589B /* EditPhotoCell.swift in Sources */,
				EA6650FE1AA00B95001BA40C /* User.swift in Sources */,
			);
			runOnlyForDeploymentPostprocessing = 0;
		};
		EA9F354E1A74CC6900E0C65D /* Sources */ = {
			isa = PBXSourcesBuildPhase;
			buildActionMask = 2147483647;
			files = (
				EA9F35591A74CC6900E0C65D /* KetchTests.swift in Sources */,
			);
			runOnlyForDeploymentPostprocessing = 0;
		};
/* End PBXSourcesBuildPhase section */

/* Begin PBXTargetDependency section */
		EA9F35541A74CC6900E0C65D /* PBXTargetDependency */ = {
			isa = PBXTargetDependency;
			target = EA9F35391A74CC6900E0C65D /* Ketch */;
			targetProxy = EA9F35531A74CC6900E0C65D /* PBXContainerItemProxy */;
		};
/* End PBXTargetDependency section */

/* Begin PBXVariantGroup section */
		EA341D8E1A8C88CC00A6077B /* JSQMessages.strings */ = {
			isa = PBXVariantGroup;
			children = (
				EA341D8F1A8C88CC00A6077B /* Base */,
				EA341D901A8C88CC00A6077B /* de */,
				EA341D911A8C88CC00A6077B /* en */,
				EA341D921A8C88CC00A6077B /* es */,
				EA341D931A8C88CC00A6077B /* fr */,
				EA341D941A8C88CC00A6077B /* he */,
				EA341D951A8C88CC00A6077B /* it */,
				EA341D961A8C88CC00A6077B /* nl */,
				EA341D971A8C88CC00A6077B /* pl */,
				EA341D981A8C88CC00A6077B /* pt */,
				EA341D991A8C88CC00A6077B /* ro */,
				EA341D9A1A8C88CC00A6077B /* ru */,
				EA341D9B1A8C88CC00A6077B /* tr */,
				EA341D9C1A8C88CC00A6077B /* zh-Hans */,
				EA341D9D1A8C88CC00A6077B /* zh-Hant */,
			);
			name = JSQMessages.strings;
			sourceTree = "<group>";
		};
		EA9F35461A74CC6900E0C65D /* Main.storyboard */ = {
			isa = PBXVariantGroup;
			children = (
				EA9F35471A74CC6900E0C65D /* Base */,
			);
			name = Main.storyboard;
			sourceTree = "<group>";
		};
		EA9F354B1A74CC6900E0C65D /* LaunchScreen.xib */ = {
			isa = PBXVariantGroup;
			children = (
				EA9F354C1A74CC6900E0C65D /* Base */,
			);
			name = LaunchScreen.xib;
			sourceTree = "<group>";
		};
/* End PBXVariantGroup section */

/* Begin XCBuildConfiguration section */
		EA9F355A1A74CC6900E0C65D /* Debug */ = {
			isa = XCBuildConfiguration;
			baseConfigurationReference = EABD43D81AA1D28700B07813 /* Dev.xcconfig */;
			buildSettings = {
				ALWAYS_SEARCH_USER_PATHS = NO;
				CLANG_CXX_LANGUAGE_STANDARD = "gnu++0x";
				CLANG_CXX_LIBRARY = "libc++";
				CLANG_ENABLE_MODULES = YES;
				CLANG_ENABLE_OBJC_ARC = YES;
				CLANG_WARN_BOOL_CONVERSION = YES;
				CLANG_WARN_CONSTANT_CONVERSION = YES;
				CLANG_WARN_DIRECT_OBJC_ISA_USAGE = YES_ERROR;
				CLANG_WARN_EMPTY_BODY = YES;
				CLANG_WARN_ENUM_CONVERSION = YES;
				CLANG_WARN_INT_CONVERSION = YES;
				CLANG_WARN_OBJC_ROOT_CLASS = YES_ERROR;
				CLANG_WARN_UNREACHABLE_CODE = YES;
				CLANG_WARN__DUPLICATE_METHOD_MATCH = YES;
				CODE_SIGN_IDENTITY = "iPhone Developer";
				COPY_PHASE_STRIP = NO;
				ENABLE_STRICT_OBJC_MSGSEND = YES;
				GCC_C_LANGUAGE_STANDARD = gnu99;
				GCC_DYNAMIC_NO_PIC = NO;
				GCC_OPTIMIZATION_LEVEL = 0;
				GCC_PREPROCESSOR_DEFINITIONS = (
					"DEBUG=1",
					"$(inherited)",
				);
				GCC_SYMBOLS_PRIVATE_EXTERN = NO;
				GCC_WARN_64_TO_32_BIT_CONVERSION = YES;
				GCC_WARN_ABOUT_RETURN_TYPE = YES_ERROR;
				GCC_WARN_UNDECLARED_SELECTOR = YES;
				GCC_WARN_UNINITIALIZED_AUTOS = YES_AGGRESSIVE;
				GCC_WARN_UNUSED_FUNCTION = YES;
				GCC_WARN_UNUSED_VARIABLE = YES;
				IPHONEOS_DEPLOYMENT_TARGET = 8.1;
				MOMC_NO_INVERSE_RELATIONSHIP_WARNINGS = YES;
				MTL_ENABLE_DEBUG_INFO = YES;
				ONLY_ACTIVE_ARCH = YES;
				SDKROOT = iphoneos;
				SWIFT_OPTIMIZATION_LEVEL = "-Onone";
			};
			name = Debug;
		};
		EA9F355B1A74CC6900E0C65D /* Release */ = {
			isa = XCBuildConfiguration;
			baseConfigurationReference = EABD43D81AA1D28700B07813 /* Dev.xcconfig */;
			buildSettings = {
				ALWAYS_SEARCH_USER_PATHS = NO;
				CLANG_CXX_LANGUAGE_STANDARD = "gnu++0x";
				CLANG_CXX_LIBRARY = "libc++";
				CLANG_ENABLE_MODULES = YES;
				CLANG_ENABLE_OBJC_ARC = YES;
				CLANG_WARN_BOOL_CONVERSION = YES;
				CLANG_WARN_CONSTANT_CONVERSION = YES;
				CLANG_WARN_DIRECT_OBJC_ISA_USAGE = YES_ERROR;
				CLANG_WARN_EMPTY_BODY = YES;
				CLANG_WARN_ENUM_CONVERSION = YES;
				CLANG_WARN_INT_CONVERSION = YES;
				CLANG_WARN_OBJC_ROOT_CLASS = YES_ERROR;
				CLANG_WARN_UNREACHABLE_CODE = YES;
				CLANG_WARN__DUPLICATE_METHOD_MATCH = YES;
				CODE_SIGN_IDENTITY = "iPhone Developer";
				COPY_PHASE_STRIP = YES;
				ENABLE_NS_ASSERTIONS = NO;
				ENABLE_STRICT_OBJC_MSGSEND = YES;
				GCC_C_LANGUAGE_STANDARD = gnu99;
				GCC_WARN_64_TO_32_BIT_CONVERSION = YES;
				GCC_WARN_ABOUT_RETURN_TYPE = YES_ERROR;
				GCC_WARN_UNDECLARED_SELECTOR = YES;
				GCC_WARN_UNINITIALIZED_AUTOS = YES_AGGRESSIVE;
				GCC_WARN_UNUSED_FUNCTION = YES;
				GCC_WARN_UNUSED_VARIABLE = YES;
				IPHONEOS_DEPLOYMENT_TARGET = 8.1;
				MOMC_NO_INVERSE_RELATIONSHIP_WARNINGS = YES;
				MTL_ENABLE_DEBUG_INFO = NO;
				SDKROOT = iphoneos;
				VALIDATE_PRODUCT = YES;
			};
			name = Release;
		};
		EA9F355D1A74CC6900E0C65D /* Debug */ = {
			isa = XCBuildConfiguration;
			baseConfigurationReference = 2CD850D0B9EC2938BA5CEB59 /* Pods.debug.xcconfig */;
			buildSettings = {
				ASSETCATALOG_COMPILER_APPICON_NAME = AppIcon;
				BUNDLE_BUILD = 0;
				BUNDLE_VERSION_STRING = 0.0.1;
				CLANG_ENABLE_MODULES = YES;
				CODE_SIGN_IDENTITY = "$(CUSTOM_CODE_SIGN_IDENTITY)";
				FRAMEWORK_SEARCH_PATHS = (
					"$(inherited)",
					"$(PROJECT_DIR)",
				);
				INFOPLIST_FILE = "$(SRCROOT)/Ketch/Ketch-Info.plist";
				LD_RUNPATH_SEARCH_PATHS = "$(inherited) @executable_path/Frameworks";
				PRODUCT_NAME = "$(TARGET_NAME)";
				PROVISIONING_PROFILE = "$(CUSTOM_PROVISIONING_PROFILE)";
				SWIFT_OBJC_BRIDGING_HEADER = "Ketch/Ketch-Bridging.h";
				SWIFT_OPTIMIZATION_LEVEL = "-Onone";
			};
			name = Debug;
		};
		EA9F355E1A74CC6900E0C65D /* Release */ = {
			isa = XCBuildConfiguration;
			baseConfigurationReference = 0686ABB348D06D87DA844419 /* Pods.release.xcconfig */;
			buildSettings = {
				ASSETCATALOG_COMPILER_APPICON_NAME = AppIcon;
				BUNDLE_BUILD = 0;
				BUNDLE_VERSION_STRING = 0.0.1;
				CLANG_ENABLE_MODULES = YES;
				CODE_SIGN_IDENTITY = "$(CUSTOM_CODE_SIGN_IDENTITY)";
				FRAMEWORK_SEARCH_PATHS = (
					"$(inherited)",
					"$(PROJECT_DIR)",
				);
				INFOPLIST_FILE = "$(SRCROOT)/Ketch/Ketch-Info.plist";
				LD_RUNPATH_SEARCH_PATHS = "$(inherited) @executable_path/Frameworks";
				PRODUCT_NAME = "$(TARGET_NAME)";
				PROVISIONING_PROFILE = "$(CUSTOM_PROVISIONING_PROFILE)";
				SWIFT_OBJC_BRIDGING_HEADER = "Ketch/Ketch-Bridging.h";
			};
			name = Release;
		};
		EA9F35601A74CC6900E0C65D /* Debug */ = {
			isa = XCBuildConfiguration;
			buildSettings = {
				BUNDLE_LOADER = "$(TEST_HOST)";
				FRAMEWORK_SEARCH_PATHS = (
					"$(SDKROOT)/Developer/Library/Frameworks",
					"$(inherited)",
				);
				GCC_PREPROCESSOR_DEFINITIONS = (
					"DEBUG=1",
					"$(inherited)",
				);
				INFOPLIST_FILE = KetchTests/Info.plist;
				LD_RUNPATH_SEARCH_PATHS = "$(inherited) @executable_path/Frameworks @loader_path/Frameworks";
				PRODUCT_NAME = "$(TARGET_NAME)";
				TEST_HOST = "$(BUILT_PRODUCTS_DIR)/Ketch.app/Ketch";
			};
			name = Debug;
		};
		EA9F35611A74CC6900E0C65D /* Release */ = {
			isa = XCBuildConfiguration;
			buildSettings = {
				BUNDLE_LOADER = "$(TEST_HOST)";
				FRAMEWORK_SEARCH_PATHS = (
					"$(SDKROOT)/Developer/Library/Frameworks",
					"$(inherited)",
				);
				INFOPLIST_FILE = KetchTests/Info.plist;
				LD_RUNPATH_SEARCH_PATHS = "$(inherited) @executable_path/Frameworks @loader_path/Frameworks";
				PRODUCT_NAME = "$(TARGET_NAME)";
				TEST_HOST = "$(BUILT_PRODUCTS_DIR)/Ketch.app/Ketch";
			};
			name = Release;
		};
		EAFD13C51A7744F700754556 /* Debug */ = {
			isa = XCBuildConfiguration;
			buildSettings = {
				PRODUCT_NAME = "$(TARGET_NAME)";
			};
			name = Debug;
		};
		EAFD13C61A7744F700754556 /* Release */ = {
			isa = XCBuildConfiguration;
			buildSettings = {
				PRODUCT_NAME = "$(TARGET_NAME)";
			};
			name = Release;
		};
/* End XCBuildConfiguration section */

/* Begin XCConfigurationList section */
		EA9F35351A74CC6900E0C65D /* Build configuration list for PBXProject "Ketch" */ = {
			isa = XCConfigurationList;
			buildConfigurations = (
				EA9F355A1A74CC6900E0C65D /* Debug */,
				EA9F355B1A74CC6900E0C65D /* Release */,
			);
			defaultConfigurationIsVisible = 0;
			defaultConfigurationName = Release;
		};
		EA9F355C1A74CC6900E0C65D /* Build configuration list for PBXNativeTarget "Ketch" */ = {
			isa = XCConfigurationList;
			buildConfigurations = (
				EA9F355D1A74CC6900E0C65D /* Debug */,
				EA9F355E1A74CC6900E0C65D /* Release */,
			);
			defaultConfigurationIsVisible = 0;
			defaultConfigurationName = Release;
		};
		EA9F355F1A74CC6900E0C65D /* Build configuration list for PBXNativeTarget "KetchTests" */ = {
			isa = XCConfigurationList;
			buildConfigurations = (
				EA9F35601A74CC6900E0C65D /* Debug */,
				EA9F35611A74CC6900E0C65D /* Release */,
			);
			defaultConfigurationIsVisible = 0;
			defaultConfigurationName = Release;
		};
		EAFD13C71A7744F700754556 /* Build configuration list for PBXAggregateTarget "Mogenerator" */ = {
			isa = XCConfigurationList;
			buildConfigurations = (
				EAFD13C51A7744F700754556 /* Debug */,
				EAFD13C61A7744F700754556 /* Release */,
			);
			defaultConfigurationIsVisible = 0;
			defaultConfigurationName = Release;
		};
/* End XCConfigurationList section */

/* Begin XCVersionGroup section */
		EA5634DF1A7741FF00F62B52 /* Ketch.xcdatamodeld */ = {
			isa = XCVersionGroup;
			children = (
				EA5634E01A7741FF00F62B52 /* Ketch.xcdatamodel */,
			);
			currentVersion = EA5634E01A7741FF00F62B52 /* Ketch.xcdatamodel */;
			path = Ketch.xcdatamodeld;
			sourceTree = "<group>";
			versionGroupType = wrapper.xcdatamodel;
		};
/* End XCVersionGroup section */
	};
	rootObject = EA9F35321A74CC6900E0C65D /* Project object */;
}
