PODS:
  - Alamofire (3.1.3)
  - Amplitude-iOS (3.2.1):
    - FMDB/standard (~> 2.5)
  - AMPopTip (0.9.13)
  - AnalyticsSwift (0.2.0)
  - AppHub (0.2.2):
    - React
  - Atlas (1.0.15):
    - LayerKit (>= 0.17.1)
  - Bolts (1.5.0):
    - Bolts/AppLinks (= 1.5.0)
    - Bolts/Tasks (= 1.5.0)
  - Bolts/AppLinks (1.5.0):
    - Bolts/Tasks
  - Bolts/Tasks (1.5.0)
  - Branch (0.11.11)
  - Cartography (0.6.0)
  - CocoaLumberjack/Core (2.2.0)
  - CocoaLumberjack/Default (2.2.0):
    - CocoaLumberjack/Core
  - CocoaLumberjack/Extensions (2.2.0):
    - CocoaLumberjack/Default
  - CocoaLumberjack/Swift (2.2.0):
    - CocoaLumberjack/Extensions
  - Crashlytics (3.4.1):
    - Fabric (~> 1.6.0)
  - DateTools (1.7.0)
  - Digits (1.14.1):
    - TwitterCore (= 1.14.1)
  - DTFoundation/Core (1.7.8)
  - DTFoundation/DTASN1 (1.7.8):
    - DTFoundation/Core
  - EDColor (1.0.0)
  - EZAudio (1.1.2):
    - EZAudio/Full (= 1.1.2)
  - EZAudio/Core (1.1.2)
  - EZAudio/Full (1.1.2):
    - EZAudio/Core
    - TPCircularBuffer (~> 0.0)
  - Fabric (1.6.1)
  - FBSDKCoreKit (4.8.0):
    - Bolts (~> 1.1)
    - FBSDKCoreKit/arc (= 4.8.0)
    - FBSDKCoreKit/no-arc (= 4.8.0)
  - FBSDKCoreKit/arc (4.8.0):
    - Bolts (~> 1.1)
  - FBSDKCoreKit/no-arc (4.8.0):
    - Bolts (~> 1.1)
    - FBSDKCoreKit/arc
  - FBSDKLoginKit (4.8.0):
    - FBSDKCoreKit
  - FMDB/common (2.5)
  - FMDB/standard (2.5):
    - FMDB/common
  - FormatterKit/TimeIntervalFormatter (1.8.0)
  - Intercom (2.3.15)
  - LayerKit (0.17.3)
  - Mixpanel (2.9.0):
    - Mixpanel/Mixpanel (= 2.9.0)
  - Mixpanel/Mixpanel (2.9.0)
  - NKRecorder (0.1.0):
    - Alamofire (~> 3.1)
    - EZAudio (~> 1.1.2)
    - SCRecorder (~> 2.5)
    - SDWebImage (~> 3.7)
  - NSLogger (1.5.1):
    - NSLogger/Standard (= 1.5.1)
  - NSLogger/Standard (1.5.1)
  - OneSignal (1.10.5)
  - Ouralabs (2.7.0)
  - React (0.15.0):
    - React/Core (= 0.15.0)
  - React/Core (0.15.0)
  - React/RCTImage (0.15.0):
    - React/Core
    - React/RCTNetwork
  - React/RCTNetwork (0.15.0):
    - React/Core
  - React/RCTText (0.15.0):
    - React/Core
  - React/RCTWebSocket (0.15.0):
    - React/Core
  - ReactiveCocoa (4.0.4-alpha-1):
    - ReactiveCocoa/UI (= 4.0.4-alpha-1)
    - Result (~> 0.6-beta.1)
  - ReactiveCocoa/Core (4.0.4-alpha-1):
    - ReactiveCocoa/no-arc
    - Result (~> 0.6-beta.1)
  - ReactiveCocoa/no-arc (4.0.4-alpha-1):
    - Result (~> 0.6-beta.1)
  - ReactiveCocoa/UI (4.0.4-alpha-1):
    - ReactiveCocoa/Core
    - Result (~> 0.6-beta.1)
  - Result (0.6.0-beta.6)
  - Reveal-iOS-SDK (1.6.2)
  - SCRecorder (2.5.3)
  - SDWebImage (3.7.3):
    - SDWebImage/Core (= 3.7.3)
  - SDWebImage/Core (3.7.3)
  - SimpleKeychain (0.6.1)
  - SVProgressHUD (2.0-beta)
  - SwiftyUserDefaults (2.0.0)
  - SwipeView (1.3.2)
  - TPCircularBuffer (0.0.1)
  - TwitterCore (1.14.1):
    - Fabric
  - UXCam (2.4.2)

DEPENDENCIES:
  - Amplitude-iOS (~> 3.2)
  - AMPopTip (~> 0.9)
  - AnalyticsSwift (~> 0.2)
  - AppHub (from `https://github.com/s10tv/apphub-ios.git`)
  - Atlas (~> 1.0.15)
  - Branch (~> 0.11)
  - Cartography (~> 0.6)
  - CocoaLumberjack/Swift (~> 2.2)
  - Crashlytics (~> 3.4)
  - DateTools (~> 1.7)
  - Digits (~> 1.13)
  - DTFoundation/DTASN1 (~> 1.7)
  - EDColor (~> 1.0)
  - Fabric (~> 1.6)
  - FBSDKLoginKit (~> 4.8)
  - FormatterKit/TimeIntervalFormatter (~> 1.8)
  - Intercom (~> 2.3)
  - LayerKit (~> 0.17)
  - Mixpanel (~> 2.9)
  - NKRecorder (from `git@github.com:s10tv/video-maker.git`)
  - NSLogger (~> 1.5)
  - OneSignal (~> 1.10)
  - Ouralabs (~> 2.6)
  - React/Core (from `../node_modules/react-native`)
  - React/RCTImage (from `../node_modules/react-native`)
  - React/RCTNetwork (from `../node_modules/react-native`)
  - React/RCTText (from `../node_modules/react-native`)
  - React/RCTWebSocket (from `../node_modules/react-native`)
  - ReactiveCocoa (~> 4.0.2-alpha-1)
  - Reveal-iOS-SDK (~> 1.6)
  - SCRecorder (= 2.5.3)
  - SDWebImage (~> 3.7)
  - SimpleKeychain (~> 0.4)
  - SVProgressHUD (~> 2.0-beta)
  - SwiftyUserDefaults (~> 2.0)
  - SwipeView (~> 1.3)
  - TwitterCore (~> 1.13)
  - UXCam (~> 2.4)

EXTERNAL SOURCES:
  AppHub:
    :git: https://github.com/s10tv/apphub-ios.git
  NKRecorder:
    :git: git@github.com:s10tv/video-maker.git
  React:
    :path: "../node_modules/react-native"

CHECKOUT OPTIONS:
  AppHub:
    :commit: f66e83c3d5bf2e3c7a85e1dcb24c2d9fe65f4c87
    :git: https://github.com/s10tv/apphub-ios.git
  NKRecorder:
    :commit: 3da09a3ea3c66c84f1e4003f54cdddb48c2f45c4
    :git: git@github.com:s10tv/video-maker.git

SPEC CHECKSUMS:
  Alamofire: 9f93b56389e48def9220dd57d1f44b1927229a5a
  Amplitude-iOS: d4217c0912e3ef7bddb8f5abeb4acffa57d8dfc5
  AMPopTip: 17c0fc2bffc9d81314228073f63ea0320f204b11
  AnalyticsSwift: 76329ac0b66be9747e9f718076c53d264ed24089
  AppHub: fa3a2d255ebb18d93957e032bc408859a8a40b58
  Atlas: bd66c5b17719857a6b9e22299f76527245e06e88
  Bolts: 722ab9a4f8b50fc4ed1b9998a5a7a2b3f16d80b4
  Branch: 71b1180c49d75e0d849e2611ecf3016de7572eac
  Cartography: 70af183a248547694a8cfaa6b989cb7e04589985
  CocoaLumberjack: 17fe8581f84914d5d7e6360f7c70022b173c3ae0
  Crashlytics: 41574a245bc6ae10c55d57f385ebd2004e5bee05
  DateTools: 53288ee8b905fdc75897a1e6b5cc0144b14cba60
  Digits: c5aa6ac14020c5b16acd3f7c275530b6b50d3a08
  DTFoundation: 46e2b2fafe78d67febfd8d1f85fe9845a093f00e
  EDColor: c83f9a61f9f9b3c23d541f1feb561558e29cb088
  EZAudio: 01373de2b1257b77be1bf13753fb1c4ea8a9777e
  Fabric: bf0ceb04e7c924090efc5f8c55e4fbcca189e0a0
  FBSDKCoreKit: 66a935d17b6e00b6b64e604f2eb9b72c9ab7deb8
  FBSDKLoginKit: d893fcbb98d854496925e9ff73c67b896982d3c4
  FMDB: 96e8f1bcc1329e269330f99770ad4285d9003e52
  FormatterKit: bddde83e054edf9d9ee14f9de3b3a5103db256f4
  Intercom: 49dfec2dadadba595705e43b30f1148ed799fbc3
  LayerKit: 92d150935d9b25c7ede0d6b47de5ddd237b1ee85
  Mixpanel: 42ae6168effc48481d957f7883dd8514a398738d
  NKRecorder: f4bce8409adc39321668b5af939173839f5980a2
  NSLogger: 5ed223a2436df96244e033be750656dacdeec034
  OneSignal: eebefa7b7a94440fe5749defcb16b80f97a457ff
  Ouralabs: f76d5c1a96f5d63fcc3bb8520c41721cf9469080
  React: cd73f89941e4288b8daa8e506b95aa33f398e815
  ReactiveCocoa: 618a2fc13d4ed80e380aa6fa56547cef43c7341d
  Result: dc390d0b58f9ec43fcd536f1ebdd130803cc6cbc
  Reveal-iOS-SDK: e2250b3c155bcfac53ae223ddc1f76d08f206c33
  SCRecorder: a8b1deff74c4e03f4f3cfbfceb8fbc4877d166e4
  SDWebImage: 1d2b1a1efda1ade1b00b6f8498865f8ddedc8a84
  SimpleKeychain: 150d76f3b9200de58f033228f6e976c6241a221c
  SVProgressHUD: c83337f10ed32d701c423d519059a249973c8662
  SwiftyUserDefaults: 1266e9734c68bcfbac8294ee84173dc8ba6db312
  SwipeView: bd67cfaf7760c036438446b3ccb28a3b84fce009
  TPCircularBuffer: 949e9632b9fb99b7274d7b2296ee22bff5841e35
  TwitterCore: 5c02651e664d715fda64a8870a4a2f6754705a2d
  UXCam: bb8b26b017b1149a4d92cf0b0bc1e568e5e752af

COCOAPODS: 0.39.0
